// !$*UTF8*$!
{
	archiveVersion = 1;
	classes = {
	};
	objectVersion = 55;
	objects = {

/* Begin PBXBuildFile section */
		6200C5FB272296970074DB64 /* DiaryVC+DiffDataSource.swift in Sources */ = {isa = PBXBuildFile; fileRef = 6200C5FA272296970074DB64 /* DiaryVC+DiffDataSource.swift */; };
		621FCEAD271E5B990049F42C /* PhotoCellViewlModel.swift in Sources */ = {isa = PBXBuildFile; fileRef = 621FCEAC271E5B990049F42C /* PhotoCellViewlModel.swift */; };
		623340D4271C3B19002B2429 /* AppDelegate.swift in Sources */ = {isa = PBXBuildFile; fileRef = 623340D3271C3B19002B2429 /* AppDelegate.swift */; };
		623340D6271C3B19002B2429 /* SceneDelegate.swift in Sources */ = {isa = PBXBuildFile; fileRef = 623340D5271C3B19002B2429 /* SceneDelegate.swift */; };
		623340D8271C3B19002B2429 /* HomePageViewController.swift in Sources */ = {isa = PBXBuildFile; fileRef = 623340D7271C3B19002B2429 /* HomePageViewController.swift */; };
		623340DD271C3B1B002B2429 /* Assets.xcassets in Resources */ = {isa = PBXBuildFile; fileRef = 623340DC271C3B1B002B2429 /* Assets.xcassets */; };
		623340E0271C3B1B002B2429 /* LaunchScreen.storyboard in Resources */ = {isa = PBXBuildFile; fileRef = 623340DE271C3B1B002B2429 /* LaunchScreen.storyboard */; };
		623340E9271C3F82002B2429 /* GoogleService-Info.plist in Resources */ = {isa = PBXBuildFile; fileRef = 623340E8271C3F82002B2429 /* GoogleService-Info.plist */; };
		6249617D2720F16E0079B244 /* HomePageViewModel.swift in Sources */ = {isa = PBXBuildFile; fileRef = 6249617C2720F16E0079B244 /* HomePageViewModel.swift */; };
		624C8E082720473F00646C71 /* CreatPetViewModel.swift in Sources */ = {isa = PBXBuildFile; fileRef = 624C8E072720473F00646C71 /* CreatPetViewModel.swift */; };
		624CFD742729389B00D77CCA /* NotificationManger.swift in Sources */ = {isa = PBXBuildFile; fileRef = 624CFD732729389B00D77CCA /* NotificationManger.swift */; };
		624D5C472730CD4A00602125 /* Libary.storyboard in Resources */ = {isa = PBXBuildFile; fileRef = 624D5C462730CD4A00602125 /* Libary.storyboard */; };
		624D5C492730CD7D00602125 /* LibraryViewController.swift in Sources */ = {isa = PBXBuildFile; fileRef = 624D5C482730CD7D00602125 /* LibraryViewController.swift */; };
		624D5C4B2731321700602125 /* MapMarkerWindowView.xib in Resources */ = {isa = PBXBuildFile; fileRef = 624D5C4A2731321700602125 /* MapMarkerWindowView.xib */; };
		624D5C4D273132D900602125 /* MapMarkerWindow.swift in Sources */ = {isa = PBXBuildFile; fileRef = 624D5C4C273132D900602125 /* MapMarkerWindow.swift */; };
		62540417271F187D004F49DC /* DetialViewModel.swift in Sources */ = {isa = PBXBuildFile; fileRef = 62540416271F187D004F49DC /* DetialViewModel.swift */; };
		6254041B271F219B004F49DC /* DiaryWallViewModel.swift in Sources */ = {isa = PBXBuildFile; fileRef = 6254041A271F219B004F49DC /* DiaryWallViewModel.swift */; };
		6254041D271F23DD004F49DC /* Box.swift in Sources */ = {isa = PBXBuildFile; fileRef = 6254041C271F23DD004F49DC /* Box.swift */; };
		62548773272F80C90007B080 /* Date+Extension.swift in Sources */ = {isa = PBXBuildFile; fileRef = 62548772272F80C90007B080 /* Date+Extension.swift */; };
		62603AD227278BDC00467E2D /* SupplyDetailViewController.swift in Sources */ = {isa = PBXBuildFile; fileRef = 62603AD127278BDC00467E2D /* SupplyDetailViewController.swift */; };
		62603AD427278D6100467E2D /* SupplyIconCellTableViewCell.swift in Sources */ = {isa = PBXBuildFile; fileRef = 62603AD327278D6100467E2D /* SupplyIconCellTableViewCell.swift */; };
		62603AD627278D8300467E2D /* SupplyNameTableViewCell.swift in Sources */ = {isa = PBXBuildFile; fileRef = 62603AD527278D8300467E2D /* SupplyNameTableViewCell.swift */; };
		62603AD827278D9F00467E2D /* SupplyInventoryTableViewCell.swift in Sources */ = {isa = PBXBuildFile; fileRef = 62603AD727278D9F00467E2D /* SupplyInventoryTableViewCell.swift */; };
		62603ADA27278DCB00467E2D /* SupplyPetsTableViewCell.swift in Sources */ = {isa = PBXBuildFile; fileRef = 62603AD927278DCB00467E2D /* SupplyPetsTableViewCell.swift */; };
		62603ADC27278DDE00467E2D /* SupplyCycleDosageTableViewCell.swift in Sources */ = {isa = PBXBuildFile; fileRef = 62603ADB27278DDE00467E2D /* SupplyCycleDosageTableViewCell.swift */; };
		62603ADE27278E1E00467E2D /* SupplyReminderCellTableViewCell.swift in Sources */ = {isa = PBXBuildFile; fileRef = 62603ADD27278E1E00467E2D /* SupplyReminderCellTableViewCell.swift */; };
		62603AE127279A4600467E2D /* CubeCollectionViewCell.swift in Sources */ = {isa = PBXBuildFile; fileRef = 62603ADF27279A4600467E2D /* CubeCollectionViewCell.swift */; };
		62603AE227279A4600467E2D /* CubeCollectionViewCell.xib in Resources */ = {isa = PBXBuildFile; fileRef = 62603AE027279A4600467E2D /* CubeCollectionViewCell.xib */; };
		62603AE52727B64F00467E2D /* AddNewItemTableViewCell.swift in Sources */ = {isa = PBXBuildFile; fileRef = 62603AE32727B64F00467E2D /* AddNewItemTableViewCell.swift */; };
		62603AE62727B64F00467E2D /* AddNewItemTableViewCell.xib in Resources */ = {isa = PBXBuildFile; fileRef = 62603AE42727B64F00467E2D /* AddNewItemTableViewCell.xib */; };
		627648A8271D6B840026C3C3 /* FirebaseManager.swift in Sources */ = {isa = PBXBuildFile; fileRef = 627648A7271D6B840026C3C3 /* FirebaseManager.swift */; };
		627ADBCB272A7876000D0457 /* FillSupplyAlertView.swift in Sources */ = {isa = PBXBuildFile; fileRef = 627ADBC2272A3370000D0457 /* FillSupplyAlertView.swift */; };
		6285C797271DD08D006E13EC /* DiaryViewController.swift in Sources */ = {isa = PBXBuildFile; fileRef = 6285C796271DD08D006E13EC /* DiaryViewController.swift */; };
		6285C79A271DD519006E13EC /* DairyPhotoCell.swift in Sources */ = {isa = PBXBuildFile; fileRef = 6285C798271DD519006E13EC /* DairyPhotoCell.swift */; };
		6285C79B271DD519006E13EC /* DairyPhotoCell.xib in Resources */ = {isa = PBXBuildFile; fileRef = 6285C799271DD519006E13EC /* DairyPhotoCell.xib */; };
		6285C79E271DE49A006E13EC /* SelectedPetsCollectionViewCell.swift in Sources */ = {isa = PBXBuildFile; fileRef = 6285C79C271DE49A006E13EC /* SelectedPetsCollectionViewCell.swift */; };
		6285C79F271DE49A006E13EC /* SelectedPetsCollectionViewCell.xib in Resources */ = {isa = PBXBuildFile; fileRef = 6285C79D271DE49A006E13EC /* SelectedPetsCollectionViewCell.xib */; };
		628B4856272F01C700F20CC7 /* SideMenuViewController.swift in Sources */ = {isa = PBXBuildFile; fileRef = 628B4855272F01C700F20CC7 /* SideMenuViewController.swift */; };
		62930BDB272C2DCA00BC1908 /* UserData.xcdatamodeld in Sources */ = {isa = PBXBuildFile; fileRef = 62930BD9272C2DCA00BC1908 /* UserData.xcdatamodeld */; };
		62930C17272D0C6800BC1908 /* PicMO+CoreDataClass.swift in Sources */ = {isa = PBXBuildFile; fileRef = 62930C11272D0C6800BC1908 /* PicMO+CoreDataClass.swift */; };
		62930C18272D0C6800BC1908 /* PicMO+CoreDataProperties.swift in Sources */ = {isa = PBXBuildFile; fileRef = 62930C12272D0C6800BC1908 /* PicMO+CoreDataProperties.swift */; };
		62930C1B272D0E2B00BC1908 /* PetMO+CoreDataClass.swift in Sources */ = {isa = PBXBuildFile; fileRef = 62930C19272D0E2B00BC1908 /* PetMO+CoreDataClass.swift */; };
		62930C1C272D0E2B00BC1908 /* PetMO+CoreDataProperties.swift in Sources */ = {isa = PBXBuildFile; fileRef = 62930C1A272D0E2B00BC1908 /* PetMO+CoreDataProperties.swift */; };
		62930C2B272D24F700BC1908 /* UserMO+CoreDataClass.swift in Sources */ = {isa = PBXBuildFile; fileRef = 62930C29272D24F700BC1908 /* UserMO+CoreDataClass.swift */; };
		62930C2C272D24F700BC1908 /* UserMO+CoreDataProperties.swift in Sources */ = {isa = PBXBuildFile; fileRef = 62930C2A272D24F700BC1908 /* UserMO+CoreDataProperties.swift */; };
		62979258271E64D800B68E86 /* Diary.swift in Sources */ = {isa = PBXBuildFile; fileRef = 62979257271E64D800B68E86 /* Diary.swift */; };
		6297925A271E8A8800B68E86 /* Diary.storyboard in Resources */ = {isa = PBXBuildFile; fileRef = 62979259271E8A8800B68E86 /* Diary.storyboard */; };
		6297925C271E947C00B68E86 /* CreatDiaryViewController.swift in Sources */ = {isa = PBXBuildFile; fileRef = 6297925B271E947C00B68E86 /* CreatDiaryViewController.swift */; };
		6297925E271EAD8900B68E86 /* CreatDiaryVC+UpLoadImage.swift in Sources */ = {isa = PBXBuildFile; fileRef = 6297925D271EAD8900B68E86 /* CreatDiaryVC+UpLoadImage.swift */; };
		629FF5B4271D3F8300C7C94A /* WellcomeCollectionViewCell.swift in Sources */ = {isa = PBXBuildFile; fileRef = 629FF5B3271D3F8300C7C94A /* WellcomeCollectionViewCell.swift */; };
		629FF5B6271D40A400C7C94A /* CatalogCollectionViewCell.swift in Sources */ = {isa = PBXBuildFile; fileRef = 629FF5B5271D40A400C7C94A /* CatalogCollectionViewCell.swift */; };
		629FF5B8271D413C00C7C94A /* PetNotificationCollectionViewCell.swift in Sources */ = {isa = PBXBuildFile; fileRef = 629FF5B7271D413C00C7C94A /* PetNotificationCollectionViewCell.swift */; };
		629FF5BA271D416B00C7C94A /* PetCollectionViewCell.swift in Sources */ = {isa = PBXBuildFile; fileRef = 629FF5B9271D416B00C7C94A /* PetCollectionViewCell.swift */; };
		629FF5BD271D5A0800C7C94A /* KingfisherWrapper.swift in Sources */ = {isa = PBXBuildFile; fileRef = 629FF5BC271D5A0800C7C94A /* KingfisherWrapper.swift */; };
		629FF5C1271D5DFF00C7C94A /* User.swift in Sources */ = {isa = PBXBuildFile; fileRef = 629FF5C0271D5DFF00C7C94A /* User.swift */; };
		629FF5C3271D5F4200C7C94A /* Pet.swift in Sources */ = {isa = PBXBuildFile; fileRef = 629FF5C2271D5F4200C7C94A /* Pet.swift */; };
		629FF5C5271D5FCF00C7C94A /* Goal.swift in Sources */ = {isa = PBXBuildFile; fileRef = 629FF5C4271D5FCF00C7C94A /* Goal.swift */; };
		629FF5C7271D614D00C7C94A /* Notification.swift in Sources */ = {isa = PBXBuildFile; fileRef = 629FF5C6271D614D00C7C94A /* Notification.swift */; };
		629FF5C9271D623F00C7C94A /* Supply.swift in Sources */ = {isa = PBXBuildFile; fileRef = 629FF5C8271D623F00C7C94A /* Supply.swift */; };
		62AB33F827205D5000C8E582 /* NoteViewController.swift in Sources */ = {isa = PBXBuildFile; fileRef = 62AB33F727205D5000C8E582 /* NoteViewController.swift */; };
		62AB33FA27205D6E00C8E582 /* Pet.storyboard in Resources */ = {isa = PBXBuildFile; fileRef = 62AB33F927205D6E00C8E582 /* Pet.storyboard */; };
		62BA00FF272E7B7C00A19478 /* PetsListTableViewController.swift in Sources */ = {isa = PBXBuildFile; fileRef = 62BA00FE272E7B7C00A19478 /* PetsListTableViewController.swift */; };
		62BA0101272E7DF400A19478 /* PetHealthCardListTableViewCell.swift in Sources */ = {isa = PBXBuildFile; fileRef = 62BA0100272E7DF400A19478 /* PetHealthCardListTableViewCell.swift */; };
		62BA0103272E7EBE00A19478 /* PetHealthCellViewModel.swift in Sources */ = {isa = PBXBuildFile; fileRef = 62BA0102272E7EBE00A19478 /* PetHealthCellViewModel.swift */; };
		62BF3FBA272A7D6600F6DFB5 /* FillSupplyAlertView.xib in Resources */ = {isa = PBXBuildFile; fileRef = 62BF3FB9272A7D6600F6DFB5 /* FillSupplyAlertView.xib */; };
		62C38D8B272EB154008DEE8B /* AddPet.json in Resources */ = {isa = PBXBuildFile; fileRef = 62C38D8A272EB154008DEE8B /* AddPet.json */; };
		62C38D8D272EDC0D008DEE8B /* Goal.storyboard in Resources */ = {isa = PBXBuildFile; fileRef = 62C38D8C272EDC0D008DEE8B /* Goal.storyboard */; };
		62C38D8F272EE631008DEE8B /* GoalViewController.swift in Sources */ = {isa = PBXBuildFile; fileRef = 62C38D8E272EE631008DEE8B /* GoalViewController.swift */; };
		62C38D91272EE89D008DEE8B /* GoalCollectionViewCellA.swift in Sources */ = {isa = PBXBuildFile; fileRef = 62C38D90272EE89D008DEE8B /* GoalCollectionViewCellA.swift */; };
		62C38D93272EEA96008DEE8B /* GoalCollectionViewCellB.swift in Sources */ = {isa = PBXBuildFile; fileRef = 62C38D92272EEA96008DEE8B /* GoalCollectionViewCellB.swift */; };
		62C38D95272EEAA6008DEE8B /* GoalCollectionViewCellC.swift in Sources */ = {isa = PBXBuildFile; fileRef = 62C38D94272EEAA6008DEE8B /* GoalCollectionViewCellC.swift */; };
		62C38D97272EEAB4008DEE8B /* GoalCollectionViewCellD.swift in Sources */ = {isa = PBXBuildFile; fileRef = 62C38D96272EEAB4008DEE8B /* GoalCollectionViewCellD.swift */; };
		62C6E5E8272F93750097AEE1 /* SocialViewController.swift in Sources */ = {isa = PBXBuildFile; fileRef = 62C6E5E7272F93750097AEE1 /* SocialViewController.swift */; };
		62C6E5EA272F94110097AEE1 /* SocialVC-Extention.swift in Sources */ = {isa = PBXBuildFile; fileRef = 62C6E5E9272F94110097AEE1 /* SocialVC-Extention.swift */; };
		62C80D172720115B00EE2FB1 /* CreatPetsVC+UploadImge.swift in Sources */ = {isa = PBXBuildFile; fileRef = 62C80D152720115B00EE2FB1 /* CreatPetsVC+UploadImge.swift */; };
		62C80D182720115B00EE2FB1 /* CreatPetViewController.swift in Sources */ = {isa = PBXBuildFile; fileRef = 62C80D162720115B00EE2FB1 /* CreatPetViewController.swift */; };
		62C80D1B2720117800EE2FB1 /* PetInfoTableTableViewCell.xib in Resources */ = {isa = PBXBuildFile; fileRef = 62C80D192720117800EE2FB1 /* PetInfoTableTableViewCell.xib */; };
		62C80D1C2720117800EE2FB1 /* PetInfoTableTableViewCell.swift in Sources */ = {isa = PBXBuildFile; fileRef = 62C80D1A2720117800EE2FB1 /* PetInfoTableTableViewCell.swift */; };
		62CF7A98271EEF68003A25C4 /* DiaryDetailViewController.swift in Sources */ = {isa = PBXBuildFile; fileRef = 62CF7A97271EEF68003A25C4 /* DiaryDetailViewController.swift */; };
		62D454B827267CF2009DF0FF /* Supplies.storyboard in Resources */ = {isa = PBXBuildFile; fileRef = 62D454B727267CF2009DF0FF /* Supplies.storyboard */; };
		62D454BA27267D49009DF0FF /* ListTableViewController.swift in Sources */ = {isa = PBXBuildFile; fileRef = 62D454B927267D49009DF0FF /* ListTableViewController.swift */; };
		62D454BD27267D82009DF0FF /* SupplyListTableViewCell.swift in Sources */ = {isa = PBXBuildFile; fileRef = 62D454BB27267D82009DF0FF /* SupplyListTableViewCell.swift */; };
		62D454BE27267D82009DF0FF /* SupplyListTableViewCell.xib in Resources */ = {isa = PBXBuildFile; fileRef = 62D454BC27267D82009DF0FF /* SupplyListTableViewCell.xib */; };
		62D454C027268522009DF0FF /* SupplyCellViewMdoel.swift in Sources */ = {isa = PBXBuildFile; fileRef = 62D454BF27268522009DF0FF /* SupplyCellViewMdoel.swift */; };
		62D454C227268CB6009DF0FF /* SuppliesViewMdoel.swift in Sources */ = {isa = PBXBuildFile; fileRef = 62D454C127268CB6009DF0FF /* SuppliesViewMdoel.swift */; };
		62EF088E2723BCAF006C7D62 /* File.swift in Sources */ = {isa = PBXBuildFile; fileRef = 62EF088D2723BCAF006C7D62 /* File.swift */; };
		62FC6192272586FD00292710 /* Home.storyboard in Resources */ = {isa = PBXBuildFile; fileRef = 62FC6191272586FD00292710 /* Home.storyboard */; };
		62FC6194272588F200292710 /* TabBarViewController.swift in Sources */ = {isa = PBXBuildFile; fileRef = 62FC6193272588F200292710 /* TabBarViewController.swift */; };
		62FC619627258B2300292710 /* UIStoryboard+Extension.swift in Sources */ = {isa = PBXBuildFile; fileRef = 62FC619527258B2300292710 /* UIStoryboard+Extension.swift */; };
		62FC619827258C3B00292710 /* UIImage+Extension.swift in Sources */ = {isa = PBXBuildFile; fileRef = 62FC619727258C3B00292710 /* UIImage+Extension.swift */; };
		62FC619A27258DF900292710 /* Soical.storyboard in Resources */ = {isa = PBXBuildFile; fileRef = 62FC619927258DF900292710 /* Soical.storyboard */; };
		62FC619E27258E2100292710 /* Message.storyboard in Resources */ = {isa = PBXBuildFile; fileRef = 62FC619D27258E2100292710 /* Message.storyboard */; };
		62FC61A027258E3400292710 /* Menu.storyboard in Resources */ = {isa = PBXBuildFile; fileRef = 62FC619F27258E3400292710 /* Menu.storyboard */; };
		6F556AA47000C71AFD333BA4 /* Pods_BFF.framework in Frameworks */ = {isa = PBXBuildFile; fileRef = 4DF47BE281594C125C9DF5FB /* Pods_BFF.framework */; };
/* End PBXBuildFile section */

/* Begin PBXFileReference section */
		4DF47BE281594C125C9DF5FB /* Pods_BFF.framework */ = {isa = PBXFileReference; explicitFileType = wrapper.framework; includeInIndex = 0; path = Pods_BFF.framework; sourceTree = BUILT_PRODUCTS_DIR; };
		560E57137BD3932E8DA0D583 /* Pods-BFF.release.xcconfig */ = {isa = PBXFileReference; includeInIndex = 1; lastKnownFileType = text.xcconfig; name = "Pods-BFF.release.xcconfig"; path = "Target Support Files/Pods-BFF/Pods-BFF.release.xcconfig"; sourceTree = "<group>"; };
		6200C5FA272296970074DB64 /* DiaryVC+DiffDataSource.swift */ = {isa = PBXFileReference; lastKnownFileType = sourcecode.swift; path = "DiaryVC+DiffDataSource.swift"; sourceTree = "<group>"; };
		621FCEAC271E5B990049F42C /* PhotoCellViewlModel.swift */ = {isa = PBXFileReference; lastKnownFileType = sourcecode.swift; path = PhotoCellViewlModel.swift; sourceTree = "<group>"; };
		623340D0271C3B19002B2429 /* BFF.app */ = {isa = PBXFileReference; explicitFileType = wrapper.application; includeInIndex = 0; path = BFF.app; sourceTree = BUILT_PRODUCTS_DIR; };
		623340D3271C3B19002B2429 /* AppDelegate.swift */ = {isa = PBXFileReference; lastKnownFileType = sourcecode.swift; path = AppDelegate.swift; sourceTree = "<group>"; };
		623340D5271C3B19002B2429 /* SceneDelegate.swift */ = {isa = PBXFileReference; lastKnownFileType = sourcecode.swift; path = SceneDelegate.swift; sourceTree = "<group>"; };
		623340D7271C3B19002B2429 /* HomePageViewController.swift */ = {isa = PBXFileReference; lastKnownFileType = sourcecode.swift; path = HomePageViewController.swift; sourceTree = "<group>"; };
		623340DC271C3B1B002B2429 /* Assets.xcassets */ = {isa = PBXFileReference; lastKnownFileType = folder.assetcatalog; path = Assets.xcassets; sourceTree = "<group>"; };
		623340DF271C3B1B002B2429 /* Base */ = {isa = PBXFileReference; lastKnownFileType = file.storyboard; name = Base; path = Base.lproj/LaunchScreen.storyboard; sourceTree = "<group>"; };
		623340E1271C3B1B002B2429 /* Info.plist */ = {isa = PBXFileReference; lastKnownFileType = text.plist.xml; path = Info.plist; sourceTree = "<group>"; };
		623340E8271C3F82002B2429 /* GoogleService-Info.plist */ = {isa = PBXFileReference; fileEncoding = 4; lastKnownFileType = text.plist.xml; path = "GoogleService-Info.plist"; sourceTree = "<group>"; };
		6249617C2720F16E0079B244 /* HomePageViewModel.swift */ = {isa = PBXFileReference; lastKnownFileType = sourcecode.swift; path = HomePageViewModel.swift; sourceTree = "<group>"; };
		624C8E072720473F00646C71 /* CreatPetViewModel.swift */ = {isa = PBXFileReference; lastKnownFileType = sourcecode.swift; path = CreatPetViewModel.swift; sourceTree = "<group>"; };
		624CFD732729389B00D77CCA /* NotificationManger.swift */ = {isa = PBXFileReference; lastKnownFileType = sourcecode.swift; path = NotificationManger.swift; sourceTree = "<group>"; };
		624D5C462730CD4A00602125 /* Libary.storyboard */ = {isa = PBXFileReference; lastKnownFileType = file.storyboard; path = Libary.storyboard; sourceTree = "<group>"; };
		624D5C482730CD7D00602125 /* LibraryViewController.swift */ = {isa = PBXFileReference; lastKnownFileType = sourcecode.swift; path = LibraryViewController.swift; sourceTree = "<group>"; };
		624D5C4A2731321700602125 /* MapMarkerWindowView.xib */ = {isa = PBXFileReference; lastKnownFileType = file.xib; path = MapMarkerWindowView.xib; sourceTree = "<group>"; };
		624D5C4C273132D900602125 /* MapMarkerWindow.swift */ = {isa = PBXFileReference; lastKnownFileType = sourcecode.swift; path = MapMarkerWindow.swift; sourceTree = "<group>"; };
		62540416271F187D004F49DC /* DetialViewModel.swift */ = {isa = PBXFileReference; lastKnownFileType = sourcecode.swift; path = DetialViewModel.swift; sourceTree = "<group>"; };
		6254041A271F219B004F49DC /* DiaryWallViewModel.swift */ = {isa = PBXFileReference; lastKnownFileType = sourcecode.swift; path = DiaryWallViewModel.swift; sourceTree = "<group>"; };
		6254041C271F23DD004F49DC /* Box.swift */ = {isa = PBXFileReference; lastKnownFileType = sourcecode.swift; path = Box.swift; sourceTree = "<group>"; };
		62548772272F80C90007B080 /* Date+Extension.swift */ = {isa = PBXFileReference; lastKnownFileType = sourcecode.swift; path = "Date+Extension.swift"; sourceTree = "<group>"; };
		62603AD127278BDC00467E2D /* SupplyDetailViewController.swift */ = {isa = PBXFileReference; lastKnownFileType = sourcecode.swift; path = SupplyDetailViewController.swift; sourceTree = "<group>"; };
		62603AD327278D6100467E2D /* SupplyIconCellTableViewCell.swift */ = {isa = PBXFileReference; lastKnownFileType = sourcecode.swift; path = SupplyIconCellTableViewCell.swift; sourceTree = "<group>"; };
		62603AD527278D8300467E2D /* SupplyNameTableViewCell.swift */ = {isa = PBXFileReference; lastKnownFileType = sourcecode.swift; path = SupplyNameTableViewCell.swift; sourceTree = "<group>"; };
		62603AD727278D9F00467E2D /* SupplyInventoryTableViewCell.swift */ = {isa = PBXFileReference; lastKnownFileType = sourcecode.swift; path = SupplyInventoryTableViewCell.swift; sourceTree = "<group>"; };
		62603AD927278DCB00467E2D /* SupplyPetsTableViewCell.swift */ = {isa = PBXFileReference; lastKnownFileType = sourcecode.swift; path = SupplyPetsTableViewCell.swift; sourceTree = "<group>"; };
		62603ADB27278DDE00467E2D /* SupplyCycleDosageTableViewCell.swift */ = {isa = PBXFileReference; lastKnownFileType = sourcecode.swift; path = SupplyCycleDosageTableViewCell.swift; sourceTree = "<group>"; };
		62603ADD27278E1E00467E2D /* SupplyReminderCellTableViewCell.swift */ = {isa = PBXFileReference; lastKnownFileType = sourcecode.swift; path = SupplyReminderCellTableViewCell.swift; sourceTree = "<group>"; };
		62603ADF27279A4600467E2D /* CubeCollectionViewCell.swift */ = {isa = PBXFileReference; lastKnownFileType = sourcecode.swift; path = CubeCollectionViewCell.swift; sourceTree = "<group>"; };
		62603AE027279A4600467E2D /* CubeCollectionViewCell.xib */ = {isa = PBXFileReference; lastKnownFileType = file.xib; path = CubeCollectionViewCell.xib; sourceTree = "<group>"; };
		62603AE32727B64F00467E2D /* AddNewItemTableViewCell.swift */ = {isa = PBXFileReference; lastKnownFileType = sourcecode.swift; path = AddNewItemTableViewCell.swift; sourceTree = "<group>"; };
		62603AE42727B64F00467E2D /* AddNewItemTableViewCell.xib */ = {isa = PBXFileReference; lastKnownFileType = file.xib; path = AddNewItemTableViewCell.xib; sourceTree = "<group>"; };
		62603AE72727E73D00467E2D /* BFF.entitlements */ = {isa = PBXFileReference; lastKnownFileType = text.plist.entitlements; path = BFF.entitlements; sourceTree = "<group>"; };
		627648A7271D6B840026C3C3 /* FirebaseManager.swift */ = {isa = PBXFileReference; lastKnownFileType = sourcecode.swift; path = FirebaseManager.swift; sourceTree = "<group>"; };
		627ADBC2272A3370000D0457 /* FillSupplyAlertView.swift */ = {isa = PBXFileReference; fileEncoding = 4; lastKnownFileType = sourcecode.swift; path = FillSupplyAlertView.swift; sourceTree = "<group>"; };
		6285C796271DD08D006E13EC /* DiaryViewController.swift */ = {isa = PBXFileReference; lastKnownFileType = sourcecode.swift; path = DiaryViewController.swift; sourceTree = "<group>"; };
		6285C798271DD519006E13EC /* DairyPhotoCell.swift */ = {isa = PBXFileReference; lastKnownFileType = sourcecode.swift; path = DairyPhotoCell.swift; sourceTree = "<group>"; };
		6285C799271DD519006E13EC /* DairyPhotoCell.xib */ = {isa = PBXFileReference; lastKnownFileType = file.xib; path = DairyPhotoCell.xib; sourceTree = "<group>"; };
		6285C79C271DE49A006E13EC /* SelectedPetsCollectionViewCell.swift */ = {isa = PBXFileReference; lastKnownFileType = sourcecode.swift; path = SelectedPetsCollectionViewCell.swift; sourceTree = "<group>"; };
		6285C79D271DE49A006E13EC /* SelectedPetsCollectionViewCell.xib */ = {isa = PBXFileReference; lastKnownFileType = file.xib; path = SelectedPetsCollectionViewCell.xib; sourceTree = "<group>"; };
		628B4855272F01C700F20CC7 /* SideMenuViewController.swift */ = {isa = PBXFileReference; lastKnownFileType = sourcecode.swift; path = SideMenuViewController.swift; sourceTree = "<group>"; };
		62930BDA272C2DCA00BC1908 /* UserData.xcdatamodel */ = {isa = PBXFileReference; lastKnownFileType = wrapper.xcdatamodel; path = UserData.xcdatamodel; sourceTree = "<group>"; };
		62930C11272D0C6800BC1908 /* PicMO+CoreDataClass.swift */ = {isa = PBXFileReference; lastKnownFileType = sourcecode.swift; path = "PicMO+CoreDataClass.swift"; sourceTree = "<group>"; };
		62930C12272D0C6800BC1908 /* PicMO+CoreDataProperties.swift */ = {isa = PBXFileReference; lastKnownFileType = sourcecode.swift; path = "PicMO+CoreDataProperties.swift"; sourceTree = "<group>"; };
		62930C19272D0E2B00BC1908 /* PetMO+CoreDataClass.swift */ = {isa = PBXFileReference; lastKnownFileType = sourcecode.swift; path = "PetMO+CoreDataClass.swift"; sourceTree = "<group>"; };
		62930C1A272D0E2B00BC1908 /* PetMO+CoreDataProperties.swift */ = {isa = PBXFileReference; lastKnownFileType = sourcecode.swift; path = "PetMO+CoreDataProperties.swift"; sourceTree = "<group>"; };
		62930C29272D24F700BC1908 /* UserMO+CoreDataClass.swift */ = {isa = PBXFileReference; lastKnownFileType = sourcecode.swift; path = "UserMO+CoreDataClass.swift"; sourceTree = SOURCE_ROOT; };
		62930C2A272D24F700BC1908 /* UserMO+CoreDataProperties.swift */ = {isa = PBXFileReference; lastKnownFileType = sourcecode.swift; path = "UserMO+CoreDataProperties.swift"; sourceTree = SOURCE_ROOT; };
		62979257271E64D800B68E86 /* Diary.swift */ = {isa = PBXFileReference; lastKnownFileType = sourcecode.swift; path = Diary.swift; sourceTree = "<group>"; };
		62979259271E8A8800B68E86 /* Diary.storyboard */ = {isa = PBXFileReference; lastKnownFileType = file.storyboard; path = Diary.storyboard; sourceTree = "<group>"; };
		6297925B271E947C00B68E86 /* CreatDiaryViewController.swift */ = {isa = PBXFileReference; lastKnownFileType = sourcecode.swift; path = CreatDiaryViewController.swift; sourceTree = "<group>"; };
		6297925D271EAD8900B68E86 /* CreatDiaryVC+UpLoadImage.swift */ = {isa = PBXFileReference; lastKnownFileType = sourcecode.swift; path = "CreatDiaryVC+UpLoadImage.swift"; sourceTree = "<group>"; };
		629FF5B3271D3F8300C7C94A /* WellcomeCollectionViewCell.swift */ = {isa = PBXFileReference; lastKnownFileType = sourcecode.swift; path = WellcomeCollectionViewCell.swift; sourceTree = "<group>"; };
		629FF5B5271D40A400C7C94A /* CatalogCollectionViewCell.swift */ = {isa = PBXFileReference; lastKnownFileType = sourcecode.swift; path = CatalogCollectionViewCell.swift; sourceTree = "<group>"; };
		629FF5B7271D413C00C7C94A /* PetNotificationCollectionViewCell.swift */ = {isa = PBXFileReference; lastKnownFileType = sourcecode.swift; path = PetNotificationCollectionViewCell.swift; sourceTree = "<group>"; };
		629FF5B9271D416B00C7C94A /* PetCollectionViewCell.swift */ = {isa = PBXFileReference; lastKnownFileType = sourcecode.swift; path = PetCollectionViewCell.swift; sourceTree = "<group>"; };
		629FF5BC271D5A0800C7C94A /* KingfisherWrapper.swift */ = {isa = PBXFileReference; lastKnownFileType = sourcecode.swift; path = KingfisherWrapper.swift; sourceTree = "<group>"; };
		629FF5C0271D5DFF00C7C94A /* User.swift */ = {isa = PBXFileReference; lastKnownFileType = sourcecode.swift; path = User.swift; sourceTree = "<group>"; };
		629FF5C2271D5F4200C7C94A /* Pet.swift */ = {isa = PBXFileReference; lastKnownFileType = sourcecode.swift; path = Pet.swift; sourceTree = "<group>"; };
		629FF5C4271D5FCF00C7C94A /* Goal.swift */ = {isa = PBXFileReference; lastKnownFileType = sourcecode.swift; path = Goal.swift; sourceTree = "<group>"; };
		629FF5C6271D614D00C7C94A /* Notification.swift */ = {isa = PBXFileReference; lastKnownFileType = sourcecode.swift; path = Notification.swift; sourceTree = "<group>"; };
		629FF5C8271D623F00C7C94A /* Supply.swift */ = {isa = PBXFileReference; lastKnownFileType = sourcecode.swift; path = Supply.swift; sourceTree = "<group>"; };
		62AB33F727205D5000C8E582 /* NoteViewController.swift */ = {isa = PBXFileReference; lastKnownFileType = sourcecode.swift; path = NoteViewController.swift; sourceTree = "<group>"; };
		62AB33F927205D6E00C8E582 /* Pet.storyboard */ = {isa = PBXFileReference; lastKnownFileType = file.storyboard; path = Pet.storyboard; sourceTree = "<group>"; };
		62BA00FE272E7B7C00A19478 /* PetsListTableViewController.swift */ = {isa = PBXFileReference; lastKnownFileType = sourcecode.swift; path = PetsListTableViewController.swift; sourceTree = "<group>"; };
		62BA0100272E7DF400A19478 /* PetHealthCardListTableViewCell.swift */ = {isa = PBXFileReference; lastKnownFileType = sourcecode.swift; path = PetHealthCardListTableViewCell.swift; sourceTree = "<group>"; };
		62BA0102272E7EBE00A19478 /* PetHealthCellViewModel.swift */ = {isa = PBXFileReference; lastKnownFileType = sourcecode.swift; path = PetHealthCellViewModel.swift; sourceTree = "<group>"; };
		62BF3FB9272A7D6600F6DFB5 /* FillSupplyAlertView.xib */ = {isa = PBXFileReference; fileEncoding = 4; lastKnownFileType = file.xib; path = FillSupplyAlertView.xib; sourceTree = "<group>"; };
		62C38D8A272EB154008DEE8B /* AddPet.json */ = {isa = PBXFileReference; fileEncoding = 4; lastKnownFileType = text.json; path = AddPet.json; sourceTree = "<group>"; };
		62C38D8C272EDC0D008DEE8B /* Goal.storyboard */ = {isa = PBXFileReference; lastKnownFileType = file.storyboard; path = Goal.storyboard; sourceTree = "<group>"; };
		62C38D8E272EE631008DEE8B /* GoalViewController.swift */ = {isa = PBXFileReference; lastKnownFileType = sourcecode.swift; path = GoalViewController.swift; sourceTree = "<group>"; };
		62C38D90272EE89D008DEE8B /* GoalCollectionViewCellA.swift */ = {isa = PBXFileReference; lastKnownFileType = sourcecode.swift; path = GoalCollectionViewCellA.swift; sourceTree = "<group>"; };
		62C38D92272EEA96008DEE8B /* GoalCollectionViewCellB.swift */ = {isa = PBXFileReference; lastKnownFileType = sourcecode.swift; path = GoalCollectionViewCellB.swift; sourceTree = "<group>"; };
		62C38D94272EEAA6008DEE8B /* GoalCollectionViewCellC.swift */ = {isa = PBXFileReference; lastKnownFileType = sourcecode.swift; path = GoalCollectionViewCellC.swift; sourceTree = "<group>"; };
		62C38D96272EEAB4008DEE8B /* GoalCollectionViewCellD.swift */ = {isa = PBXFileReference; lastKnownFileType = sourcecode.swift; path = GoalCollectionViewCellD.swift; sourceTree = "<group>"; };
		62C6E5E7272F93750097AEE1 /* SocialViewController.swift */ = {isa = PBXFileReference; lastKnownFileType = sourcecode.swift; path = SocialViewController.swift; sourceTree = "<group>"; };
		62C6E5E9272F94110097AEE1 /* SocialVC-Extention.swift */ = {isa = PBXFileReference; lastKnownFileType = sourcecode.swift; path = "SocialVC-Extention.swift"; sourceTree = "<group>"; };
		62C80D152720115B00EE2FB1 /* CreatPetsVC+UploadImge.swift */ = {isa = PBXFileReference; fileEncoding = 4; lastKnownFileType = sourcecode.swift; path = "CreatPetsVC+UploadImge.swift"; sourceTree = "<group>"; };
		62C80D162720115B00EE2FB1 /* CreatPetViewController.swift */ = {isa = PBXFileReference; fileEncoding = 4; lastKnownFileType = sourcecode.swift; path = CreatPetViewController.swift; sourceTree = "<group>"; };
		62C80D192720117800EE2FB1 /* PetInfoTableTableViewCell.xib */ = {isa = PBXFileReference; fileEncoding = 4; lastKnownFileType = file.xib; path = PetInfoTableTableViewCell.xib; sourceTree = "<group>"; };
		62C80D1A2720117800EE2FB1 /* PetInfoTableTableViewCell.swift */ = {isa = PBXFileReference; fileEncoding = 4; lastKnownFileType = sourcecode.swift; path = PetInfoTableTableViewCell.swift; sourceTree = "<group>"; };
		62CF7A97271EEF68003A25C4 /* DiaryDetailViewController.swift */ = {isa = PBXFileReference; lastKnownFileType = sourcecode.swift; path = DiaryDetailViewController.swift; sourceTree = "<group>"; };
		62D454B727267CF2009DF0FF /* Supplies.storyboard */ = {isa = PBXFileReference; lastKnownFileType = file.storyboard; path = Supplies.storyboard; sourceTree = "<group>"; };
		62D454B927267D49009DF0FF /* ListTableViewController.swift */ = {isa = PBXFileReference; lastKnownFileType = sourcecode.swift; path = ListTableViewController.swift; sourceTree = "<group>"; };
		62D454BB27267D82009DF0FF /* SupplyListTableViewCell.swift */ = {isa = PBXFileReference; lastKnownFileType = sourcecode.swift; path = SupplyListTableViewCell.swift; sourceTree = "<group>"; };
		62D454BC27267D82009DF0FF /* SupplyListTableViewCell.xib */ = {isa = PBXFileReference; lastKnownFileType = file.xib; path = SupplyListTableViewCell.xib; sourceTree = "<group>"; };
		62D454BF27268522009DF0FF /* SupplyCellViewMdoel.swift */ = {isa = PBXFileReference; lastKnownFileType = sourcecode.swift; path = SupplyCellViewMdoel.swift; sourceTree = "<group>"; };
		62D454C127268CB6009DF0FF /* SuppliesViewMdoel.swift */ = {isa = PBXFileReference; lastKnownFileType = sourcecode.swift; path = SuppliesViewMdoel.swift; sourceTree = "<group>"; };
		62EF088D2723BCAF006C7D62 /* File.swift */ = {isa = PBXFileReference; lastKnownFileType = sourcecode.swift; path = File.swift; sourceTree = "<group>"; };
		62FC61902725839F00292710 /* TabBar.storyboard */ = {isa = PBXFileReference; lastKnownFileType = file.storyboard; name = TabBar.storyboard; path = /Users/yulin/Desktop/AppWorksSchool/BFF/BFF/BFF/TabBar.storyboard; sourceTree = "<absolute>"; };
		62FC6191272586FD00292710 /* Home.storyboard */ = {isa = PBXFileReference; fileEncoding = 4; lastKnownFileType = file.storyboard; path = Home.storyboard; sourceTree = "<group>"; };
		62FC6193272588F200292710 /* TabBarViewController.swift */ = {isa = PBXFileReference; lastKnownFileType = sourcecode.swift; path = TabBarViewController.swift; sourceTree = "<group>"; };
		62FC619527258B2300292710 /* UIStoryboard+Extension.swift */ = {isa = PBXFileReference; lastKnownFileType = sourcecode.swift; path = "UIStoryboard+Extension.swift"; sourceTree = "<group>"; };
		62FC619727258C3B00292710 /* UIImage+Extension.swift */ = {isa = PBXFileReference; lastKnownFileType = sourcecode.swift; path = "UIImage+Extension.swift"; sourceTree = "<group>"; };
		62FC619927258DF900292710 /* Soical.storyboard */ = {isa = PBXFileReference; lastKnownFileType = file.storyboard; path = Soical.storyboard; sourceTree = "<group>"; };
		62FC619D27258E2100292710 /* Message.storyboard */ = {isa = PBXFileReference; lastKnownFileType = file.storyboard; path = Message.storyboard; sourceTree = "<group>"; };
		62FC619F27258E3400292710 /* Menu.storyboard */ = {isa = PBXFileReference; lastKnownFileType = file.storyboard; path = Menu.storyboard; sourceTree = "<group>"; };
		B4D199ED89E9ED7DFC5E8A35 /* Pods-BFF.debug.xcconfig */ = {isa = PBXFileReference; includeInIndex = 1; lastKnownFileType = text.xcconfig; name = "Pods-BFF.debug.xcconfig"; path = "Target Support Files/Pods-BFF/Pods-BFF.debug.xcconfig"; sourceTree = "<group>"; };
/* End PBXFileReference section */

/* Begin PBXFrameworksBuildPhase section */
		623340CD271C3B19002B2429 /* Frameworks */ = {
			isa = PBXFrameworksBuildPhase;
			buildActionMask = 2147483647;
			files = (
				6F556AA47000C71AFD333BA4 /* Pods_BFF.framework in Frameworks */,
			);
			runOnlyForDeploymentPostprocessing = 0;
		};
/* End PBXFrameworksBuildPhase section */

/* Begin PBXGroup section */
		1EE2AE606C96718EABB00AA2 /* Pods */ = {
			isa = PBXGroup;
			children = (
				B4D199ED89E9ED7DFC5E8A35 /* Pods-BFF.debug.xcconfig */,
				560E57137BD3932E8DA0D583 /* Pods-BFF.release.xcconfig */,
			);
			path = Pods;
			sourceTree = "<group>";
		};
		621FCEAB271E5B7E0049F42C /* ViewModel */ = {
			isa = PBXGroup;
			children = (
				621FCEAC271E5B990049F42C /* PhotoCellViewlModel.swift */,
				62540416271F187D004F49DC /* DetialViewModel.swift */,
				6254041A271F219B004F49DC /* DiaryWallViewModel.swift */,
				624C8E072720473F00646C71 /* CreatPetViewModel.swift */,
				6249617C2720F16E0079B244 /* HomePageViewModel.swift */,
				62D454BF27268522009DF0FF /* SupplyCellViewMdoel.swift */,
				62D454C127268CB6009DF0FF /* SuppliesViewMdoel.swift */,
				62BA0102272E7EBE00A19478 /* PetHealthCellViewModel.swift */,
			);
			path = ViewModel;
			sourceTree = "<group>";
		};
		623340C7271C3B19002B2429 = {
			isa = PBXGroup;
			children = (
				623340D2271C3B19002B2429 /* BFF */,
				623340D1271C3B19002B2429 /* Products */,
				1EE2AE606C96718EABB00AA2 /* Pods */,
				CFE417F39DBB4CFF519A8800 /* Frameworks */,
			);
			sourceTree = "<group>";
		};
		623340D1271C3B19002B2429 /* Products */ = {
			isa = PBXGroup;
			children = (
				623340D0271C3B19002B2429 /* BFF.app */,
			);
			name = Products;
			sourceTree = "<group>";
		};
		623340D2271C3B19002B2429 /* BFF */ = {
			isa = PBXGroup;
			children = (
				62930BDC272D005C00BC1908 /* CoreData */,
				62603AE72727E73D00467E2D /* BFF.entitlements */,
				62F483EC27280B2900D5A649 /* Unit */,
				62F483EB27280B0C00D5A649 /* Extension */,
				629FF5BB271D59E700C7C94A /* Third Party Wrapper */,
				6285C795271DD059006E13EC /* Controller */,
				621FCEAB271E5B7E0049F42C /* ViewModel */,
				627648A6271D6B680026C3C3 /* Network */,
				629FF5BF271D5DDD00C7C94A /* Model */,
				629FF5B2271D3C2900C7C94A /* View */,
				623340E8271C3F82002B2429 /* GoogleService-Info.plist */,
				623340D3271C3B19002B2429 /* AppDelegate.swift */,
				623340D5271C3B19002B2429 /* SceneDelegate.swift */,
				62979259271E8A8800B68E86 /* Diary.storyboard */,
				62C38D8A272EB154008DEE8B /* AddPet.json */,
				623340DC271C3B1B002B2429 /* Assets.xcassets */,
				623340DE271C3B1B002B2429 /* LaunchScreen.storyboard */,
				623340E1271C3B1B002B2429 /* Info.plist */,
				62930BD9272C2DCA00BC1908 /* UserData.xcdatamodeld */,
				62AB33F927205D6E00C8E582 /* Pet.storyboard */,
				62FC619F27258E3400292710 /* Menu.storyboard */,
				62FC619D27258E2100292710 /* Message.storyboard */,
				62D454B727267CF2009DF0FF /* Supplies.storyboard */,
				62FC61902725839F00292710 /* TabBar.storyboard */,
				62FC619927258DF900292710 /* Soical.storyboard */,
				62C38D8C272EDC0D008DEE8B /* Goal.storyboard */,
				62FC6191272586FD00292710 /* Home.storyboard */,
				624D5C462730CD4A00602125 /* Libary.storyboard */,
			);
			path = BFF;
			sourceTree = "<group>";
		};
		627648A6271D6B680026C3C3 /* Network */ = {
			isa = PBXGroup;
			children = (
				627648A7271D6B840026C3C3 /* FirebaseManager.swift */,
				624CFD732729389B00D77CCA /* NotificationManger.swift */,
			);
			path = Network;
			sourceTree = "<group>";
		};
		6285C795271DD059006E13EC /* Controller */ = {
			isa = PBXGroup;
			children = (
				623340D7271C3B19002B2429 /* HomePageViewController.swift */,
				6285C796271DD08D006E13EC /* DiaryViewController.swift */,
				6200C5FA272296970074DB64 /* DiaryVC+DiffDataSource.swift */,
				62C6E5E9272F94110097AEE1 /* SocialVC-Extention.swift */,
				6297925B271E947C00B68E86 /* CreatDiaryViewController.swift */,
				6297925D271EAD8900B68E86 /* CreatDiaryVC+UpLoadImage.swift */,
				62C80D152720115B00EE2FB1 /* CreatPetsVC+UploadImge.swift */,
				62C80D162720115B00EE2FB1 /* CreatPetViewController.swift */,
				62CF7A97271EEF68003A25C4 /* DiaryDetailViewController.swift */,
				62AB33F727205D5000C8E582 /* NoteViewController.swift */,
				62FC6193272588F200292710 /* TabBarViewController.swift */,
				62D454B927267D49009DF0FF /* ListTableViewController.swift */,
				62603AD127278BDC00467E2D /* SupplyDetailViewController.swift */,
				62BA00FE272E7B7C00A19478 /* PetsListTableViewController.swift */,
				62C38D8E272EE631008DEE8B /* GoalViewController.swift */,
				628B4855272F01C700F20CC7 /* SideMenuViewController.swift */,
				62C6E5E7272F93750097AEE1 /* SocialViewController.swift */,
				624D5C482730CD7D00602125 /* LibraryViewController.swift */,
			);
			path = Controller;
			sourceTree = "<group>";
		};
		62930BDC272D005C00BC1908 /* CoreData */ = {
			isa = PBXGroup;
			children = (
				62930C29272D24F700BC1908 /* UserMO+CoreDataClass.swift */,
				62930C2A272D24F700BC1908 /* UserMO+CoreDataProperties.swift */,
				62930C19272D0E2B00BC1908 /* PetMO+CoreDataClass.swift */,
				62930C1A272D0E2B00BC1908 /* PetMO+CoreDataProperties.swift */,
				62930C11272D0C6800BC1908 /* PicMO+CoreDataClass.swift */,
				62930C12272D0C6800BC1908 /* PicMO+CoreDataProperties.swift */,
			);
			path = CoreData;
			sourceTree = "<group>";
		};
		629FF5B2271D3C2900C7C94A /* View */ = {
			isa = PBXGroup;
			children = (
				627ADBC2272A3370000D0457 /* FillSupplyAlertView.swift */,
				62C80D1A2720117800EE2FB1 /* PetInfoTableTableViewCell.swift */,
				62BF3FB9272A7D6600F6DFB5 /* FillSupplyAlertView.xib */,
				62C80D192720117800EE2FB1 /* PetInfoTableTableViewCell.xib */,
				629FF5B3271D3F8300C7C94A /* WellcomeCollectionViewCell.swift */,
				629FF5B5271D40A400C7C94A /* CatalogCollectionViewCell.swift */,
				629FF5B7271D413C00C7C94A /* PetNotificationCollectionViewCell.swift */,
				629FF5B9271D416B00C7C94A /* PetCollectionViewCell.swift */,
				6285C798271DD519006E13EC /* DairyPhotoCell.swift */,
				6285C799271DD519006E13EC /* DairyPhotoCell.xib */,
				6285C79C271DE49A006E13EC /* SelectedPetsCollectionViewCell.swift */,
				6285C79D271DE49A006E13EC /* SelectedPetsCollectionViewCell.xib */,
				62D454BB27267D82009DF0FF /* SupplyListTableViewCell.swift */,
				62D454BC27267D82009DF0FF /* SupplyListTableViewCell.xib */,
				62603AD327278D6100467E2D /* SupplyIconCellTableViewCell.swift */,
				62603AD527278D8300467E2D /* SupplyNameTableViewCell.swift */,
				62603AD727278D9F00467E2D /* SupplyInventoryTableViewCell.swift */,
				62603AD927278DCB00467E2D /* SupplyPetsTableViewCell.swift */,
				62603ADB27278DDE00467E2D /* SupplyCycleDosageTableViewCell.swift */,
				62603ADD27278E1E00467E2D /* SupplyReminderCellTableViewCell.swift */,
				62603ADF27279A4600467E2D /* CubeCollectionViewCell.swift */,
				62603AE027279A4600467E2D /* CubeCollectionViewCell.xib */,
				62603AE32727B64F00467E2D /* AddNewItemTableViewCell.swift */,
				62C38D90272EE89D008DEE8B /* GoalCollectionViewCellA.swift */,
				62603AE42727B64F00467E2D /* AddNewItemTableViewCell.xib */,
				62BA0100272E7DF400A19478 /* PetHealthCardListTableViewCell.swift */,
				62C38D92272EEA96008DEE8B /* GoalCollectionViewCellB.swift */,
				62C38D94272EEAA6008DEE8B /* GoalCollectionViewCellC.swift */,
				62C38D96272EEAB4008DEE8B /* GoalCollectionViewCellD.swift */,
				624D5C4A2731321700602125 /* MapMarkerWindowView.xib */,
				624D5C4C273132D900602125 /* MapMarkerWindow.swift */,
			);
			path = View;
			sourceTree = "<group>";
		};
		629FF5BB271D59E700C7C94A /* Third Party Wrapper */ = {
			isa = PBXGroup;
			children = (
				629FF5BC271D5A0800C7C94A /* KingfisherWrapper.swift */,
				62EF088D2723BCAF006C7D62 /* File.swift */,
			);
			path = "Third Party Wrapper";
			sourceTree = "<group>";
		};
		629FF5BF271D5DDD00C7C94A /* Model */ = {
			isa = PBXGroup;
			children = (
				629FF5C0271D5DFF00C7C94A /* User.swift */,
				629FF5C2271D5F4200C7C94A /* Pet.swift */,
				629FF5C4271D5FCF00C7C94A /* Goal.swift */,
				629FF5C6271D614D00C7C94A /* Notification.swift */,
				629FF5C8271D623F00C7C94A /* Supply.swift */,
				62979257271E64D800B68E86 /* Diary.swift */,
			);
			path = Model;
			sourceTree = "<group>";
		};
		62F483EB27280B0C00D5A649 /* Extension */ = {
			isa = PBXGroup;
			children = (
				62FC619527258B2300292710 /* UIStoryboard+Extension.swift */,
				62FC619727258C3B00292710 /* UIImage+Extension.swift */,
				62548772272F80C90007B080 /* Date+Extension.swift */,
			);
			path = Extension;
			sourceTree = "<group>";
		};
		62F483EC27280B2900D5A649 /* Unit */ = {
			isa = PBXGroup;
			children = (
				6254041C271F23DD004F49DC /* Box.swift */,
			);
			path = Unit;
			sourceTree = "<group>";
		};
		CFE417F39DBB4CFF519A8800 /* Frameworks */ = {
			isa = PBXGroup;
			children = (
				4DF47BE281594C125C9DF5FB /* Pods_BFF.framework */,
			);
			name = Frameworks;
			sourceTree = "<group>";
		};
/* End PBXGroup section */

/* Begin PBXNativeTarget section */
		623340CF271C3B19002B2429 /* BFF */ = {
			isa = PBXNativeTarget;
			buildConfigurationList = 623340E4271C3B1B002B2429 /* Build configuration list for PBXNativeTarget "BFF" */;
			buildPhases = (
				6C19DD6D257AECC8846ED232 /* [CP] Check Pods Manifest.lock */,
				623340CC271C3B19002B2429 /* Sources */,
				623340CD271C3B19002B2429 /* Frameworks */,
				623340CE271C3B19002B2429 /* Resources */,
				623340E7271C3C12002B2429 /* ShellScript */,
				5E12E02F9784568B8C1A8085 /* [CP] Embed Pods Frameworks */,
				774F8B0F2E4F6419DEE9D9F0 /* [CP] Copy Pods Resources */,
			);
			buildRules = (
			);
			dependencies = (
			);
			name = BFF;
			productName = BFF;
			productReference = 623340D0271C3B19002B2429 /* BFF.app */;
			productType = "com.apple.product-type.application";
		};
/* End PBXNativeTarget section */

/* Begin PBXProject section */
		623340C8271C3B19002B2429 /* Project object */ = {
			isa = PBXProject;
			attributes = {
				BuildIndependentTargetsInParallel = 1;
				LastSwiftUpdateCheck = 1300;
				LastUpgradeCheck = 1300;
				TargetAttributes = {
					623340CF271C3B19002B2429 = {
						CreatedOnToolsVersion = 13.0;
					};
				};
			};
			buildConfigurationList = 623340CB271C3B19002B2429 /* Build configuration list for PBXProject "BFF" */;
			compatibilityVersion = "Xcode 13.0";
			developmentRegion = en;
			hasScannedForEncodings = 0;
			knownRegions = (
				en,
				Base,
			);
			mainGroup = 623340C7271C3B19002B2429;
			productRefGroup = 623340D1271C3B19002B2429 /* Products */;
			projectDirPath = "";
			projectRoot = "";
			targets = (
				623340CF271C3B19002B2429 /* BFF */,
			);
		};
/* End PBXProject section */

/* Begin PBXResourcesBuildPhase section */
		623340CE271C3B19002B2429 /* Resources */ = {
			isa = PBXResourcesBuildPhase;
			buildActionMask = 2147483647;
			files = (
				62603AE227279A4600467E2D /* CubeCollectionViewCell.xib in Resources */,
				6297925A271E8A8800B68E86 /* Diary.storyboard in Resources */,
				624D5C4B2731321700602125 /* MapMarkerWindowView.xib in Resources */,
				62FC61A027258E3400292710 /* Menu.storyboard in Resources */,
				62FC6192272586FD00292710 /* Home.storyboard in Resources */,
				623340E0271C3B1B002B2429 /* LaunchScreen.storyboard in Resources */,
				62D454BE27267D82009DF0FF /* SupplyListTableViewCell.xib in Resources */,
				623340E9271C3F82002B2429 /* GoogleService-Info.plist in Resources */,
				623340DD271C3B1B002B2429 /* Assets.xcassets in Resources */,
				62FC619A27258DF900292710 /* Soical.storyboard in Resources */,
				6285C79F271DE49A006E13EC /* SelectedPetsCollectionViewCell.xib in Resources */,
				62603AE62727B64F00467E2D /* AddNewItemTableViewCell.xib in Resources */,
				62D454B827267CF2009DF0FF /* Supplies.storyboard in Resources */,
				62BF3FBA272A7D6600F6DFB5 /* FillSupplyAlertView.xib in Resources */,
				62C80D1B2720117800EE2FB1 /* PetInfoTableTableViewCell.xib in Resources */,
				6285C79B271DD519006E13EC /* DairyPhotoCell.xib in Resources */,
				62FC619E27258E2100292710 /* Message.storyboard in Resources */,
				62C38D8D272EDC0D008DEE8B /* Goal.storyboard in Resources */,
				62AB33FA27205D6E00C8E582 /* Pet.storyboard in Resources */,
				62C38D8B272EB154008DEE8B /* AddPet.json in Resources */,
				624D5C472730CD4A00602125 /* Libary.storyboard in Resources */,
			);
			runOnlyForDeploymentPostprocessing = 0;
		};
/* End PBXResourcesBuildPhase section */

/* Begin PBXShellScriptBuildPhase section */
		5E12E02F9784568B8C1A8085 /* [CP] Embed Pods Frameworks */ = {
			isa = PBXShellScriptBuildPhase;
			buildActionMask = 2147483647;
			files = (
			);
			inputFileListPaths = (
				"${PODS_ROOT}/Target Support Files/Pods-BFF/Pods-BFF-frameworks-${CONFIGURATION}-input-files.xcfilelist",
			);
			name = "[CP] Embed Pods Frameworks";
			outputFileListPaths = (
				"${PODS_ROOT}/Target Support Files/Pods-BFF/Pods-BFF-frameworks-${CONFIGURATION}-output-files.xcfilelist",
			);
			runOnlyForDeploymentPostprocessing = 0;
			shellPath = /bin/sh;
			shellScript = "\"${PODS_ROOT}/Target Support Files/Pods-BFF/Pods-BFF-frameworks.sh\"\n";
			showEnvVarsInLog = 0;
		};
		623340E7271C3C12002B2429 /* ShellScript */ = {
			isa = PBXShellScriptBuildPhase;
			buildActionMask = 2147483647;
			files = (
			);
			inputFileListPaths = (
			);
			inputPaths = (
			);
			outputFileListPaths = (
			);
			outputPaths = (
			);
			runOnlyForDeploymentPostprocessing = 0;
			shellPath = /bin/sh;
			shellScript = "\"${PODS_ROOT}/SwiftLint/swiftlint\"\n";
		};
		6C19DD6D257AECC8846ED232 /* [CP] Check Pods Manifest.lock */ = {
			isa = PBXShellScriptBuildPhase;
			buildActionMask = 2147483647;
			files = (
			);
			inputFileListPaths = (
			);
			inputPaths = (
				"${PODS_PODFILE_DIR_PATH}/Podfile.lock",
				"${PODS_ROOT}/Manifest.lock",
			);
			name = "[CP] Check Pods Manifest.lock";
			outputFileListPaths = (
			);
			outputPaths = (
				"$(DERIVED_FILE_DIR)/Pods-BFF-checkManifestLockResult.txt",
			);
			runOnlyForDeploymentPostprocessing = 0;
			shellPath = /bin/sh;
			shellScript = "diff \"${PODS_PODFILE_DIR_PATH}/Podfile.lock\" \"${PODS_ROOT}/Manifest.lock\" > /dev/null\nif [ $? != 0 ] ; then\n    # print error to STDERR\n    echo \"error: The sandbox is not in sync with the Podfile.lock. Run 'pod install' or update your CocoaPods installation.\" >&2\n    exit 1\nfi\n# This output is used by Xcode 'outputs' to avoid re-running this script phase.\necho \"SUCCESS\" > \"${SCRIPT_OUTPUT_FILE_0}\"\n";
			showEnvVarsInLog = 0;
		};
		774F8B0F2E4F6419DEE9D9F0 /* [CP] Copy Pods Resources */ = {
			isa = PBXShellScriptBuildPhase;
			buildActionMask = 2147483647;
			files = (
			);
			inputFileListPaths = (
				"${PODS_ROOT}/Target Support Files/Pods-BFF/Pods-BFF-resources-${CONFIGURATION}-input-files.xcfilelist",
			);
			name = "[CP] Copy Pods Resources";
			outputFileListPaths = (
				"${PODS_ROOT}/Target Support Files/Pods-BFF/Pods-BFF-resources-${CONFIGURATION}-output-files.xcfilelist",
			);
			runOnlyForDeploymentPostprocessing = 0;
			shellPath = /bin/sh;
			shellScript = "\"${PODS_ROOT}/Target Support Files/Pods-BFF/Pods-BFF-resources.sh\"\n";
			showEnvVarsInLog = 0;
		};
/* End PBXShellScriptBuildPhase section */

/* Begin PBXSourcesBuildPhase section */
		623340CC271C3B19002B2429 /* Sources */ = {
			isa = PBXSourcesBuildPhase;
			buildActionMask = 2147483647;
			files = (
				629FF5B4271D3F8300C7C94A /* WellcomeCollectionViewCell.swift in Sources */,
				62CF7A98271EEF68003A25C4 /* DiaryDetailViewController.swift in Sources */,
				62C6E5EA272F94110097AEE1 /* SocialVC-Extention.swift in Sources */,
				62D454BD27267D82009DF0FF /* SupplyListTableViewCell.swift in Sources */,
				62BA0103272E7EBE00A19478 /* PetHealthCellViewModel.swift in Sources */,
				62C38D97272EEAB4008DEE8B /* GoalCollectionViewCellD.swift in Sources */,
				624CFD742729389B00D77CCA /* NotificationManger.swift in Sources */,
				62603AD627278D8300467E2D /* SupplyNameTableViewCell.swift in Sources */,
				62540417271F187D004F49DC /* DetialViewModel.swift in Sources */,
				62FC619827258C3B00292710 /* UIImage+Extension.swift in Sources */,
				62548773272F80C90007B080 /* Date+Extension.swift in Sources */,
				62930C2C272D24F700BC1908 /* UserMO+CoreDataProperties.swift in Sources */,
				62C6E5E8272F93750097AEE1 /* SocialViewController.swift in Sources */,
				6285C797271DD08D006E13EC /* DiaryViewController.swift in Sources */,
				62930C18272D0C6800BC1908 /* PicMO+CoreDataProperties.swift in Sources */,
				62603AD827278D9F00467E2D /* SupplyInventoryTableViewCell.swift in Sources */,
				62930C1C272D0E2B00BC1908 /* PetMO+CoreDataProperties.swift in Sources */,
				623340D8271C3B19002B2429 /* HomePageViewController.swift in Sources */,
				62930BDB272C2DCA00BC1908 /* UserData.xcdatamodeld in Sources */,
				62D454C027268522009DF0FF /* SupplyCellViewMdoel.swift in Sources */,
				627648A8271D6B840026C3C3 /* FirebaseManager.swift in Sources */,
				629FF5B6271D40A400C7C94A /* CatalogCollectionViewCell.swift in Sources */,
				62603ADC27278DDE00467E2D /* SupplyCycleDosageTableViewCell.swift in Sources */,
				628B4856272F01C700F20CC7 /* SideMenuViewController.swift in Sources */,
				62C38D8F272EE631008DEE8B /* GoalViewController.swift in Sources */,
				62603AD227278BDC00467E2D /* SupplyDetailViewController.swift in Sources */,
				62BA0101272E7DF400A19478 /* PetHealthCardListTableViewCell.swift in Sources */,
				62979258271E64D800B68E86 /* Diary.swift in Sources */,
				6249617D2720F16E0079B244 /* HomePageViewModel.swift in Sources */,
				624D5C492730CD7D00602125 /* LibraryViewController.swift in Sources */,
				6254041B271F219B004F49DC /* DiaryWallViewModel.swift in Sources */,
				62EF088E2723BCAF006C7D62 /* File.swift in Sources */,
				623340D4271C3B19002B2429 /* AppDelegate.swift in Sources */,
				623340D6271C3B19002B2429 /* SceneDelegate.swift in Sources */,
				62930C17272D0C6800BC1908 /* PicMO+CoreDataClass.swift in Sources */,
				62603ADE27278E1E00467E2D /* SupplyReminderCellTableViewCell.swift in Sources */,
				624C8E082720473F00646C71 /* CreatPetViewModel.swift in Sources */,
				6297925C271E947C00B68E86 /* CreatDiaryViewController.swift in Sources */,
				629FF5C3271D5F4200C7C94A /* Pet.swift in Sources */,
				629FF5C1271D5DFF00C7C94A /* User.swift in Sources */,
				6254041D271F23DD004F49DC /* Box.swift in Sources */,
				629FF5BD271D5A0800C7C94A /* KingfisherWrapper.swift in Sources */,
				62C38D93272EEA96008DEE8B /* GoalCollectionViewCellB.swift in Sources */,
				6285C79A271DD519006E13EC /* DairyPhotoCell.swift in Sources */,
				629FF5C9271D623F00C7C94A /* Supply.swift in Sources */,
				62603AE127279A4600467E2D /* CubeCollectionViewCell.swift in Sources */,
				62603ADA27278DCB00467E2D /* SupplyPetsTableViewCell.swift in Sources */,
				629FF5C7271D614D00C7C94A /* Notification.swift in Sources */,
				624D5C4D273132D900602125 /* MapMarkerWindow.swift in Sources */,
				62D454C227268CB6009DF0FF /* SuppliesViewMdoel.swift in Sources */,
				62BA00FF272E7B7C00A19478 /* PetsListTableViewController.swift in Sources */,
				629FF5BA271D416B00C7C94A /* PetCollectionViewCell.swift in Sources */,
				6285C79E271DE49A006E13EC /* SelectedPetsCollectionViewCell.swift in Sources */,
				629FF5C5271D5FCF00C7C94A /* Goal.swift in Sources */,
				62930C1B272D0E2B00BC1908 /* PetMO+CoreDataClass.swift in Sources */,
				6200C5FB272296970074DB64 /* DiaryVC+DiffDataSource.swift in Sources */,
				62FC6194272588F200292710 /* TabBarViewController.swift in Sources */,
				629FF5B8271D413C00C7C94A /* PetNotificationCollectionViewCell.swift in Sources */,
				62C38D95272EEAA6008DEE8B /* GoalCollectionViewCellC.swift in Sources */,
				62603AD427278D6100467E2D /* SupplyIconCellTableViewCell.swift in Sources */,
				621FCEAD271E5B990049F42C /* PhotoCellViewlModel.swift in Sources */,
				6297925E271EAD8900B68E86 /* CreatDiaryVC+UpLoadImage.swift in Sources */,
				62603AE52727B64F00467E2D /* AddNewItemTableViewCell.swift in Sources */,
				62C80D182720115B00EE2FB1 /* CreatPetViewController.swift in Sources */,
				62C80D1C2720117800EE2FB1 /* PetInfoTableTableViewCell.swift in Sources */,
				62AB33F827205D5000C8E582 /* NoteViewController.swift in Sources */,
				62C80D172720115B00EE2FB1 /* CreatPetsVC+UploadImge.swift in Sources */,
				62C38D91272EE89D008DEE8B /* GoalCollectionViewCellA.swift in Sources */,
				62930C2B272D24F700BC1908 /* UserMO+CoreDataClass.swift in Sources */,
				62FC619627258B2300292710 /* UIStoryboard+Extension.swift in Sources */,
				62D454BA27267D49009DF0FF /* ListTableViewController.swift in Sources */,
				627ADBCB272A7876000D0457 /* FillSupplyAlertView.swift in Sources */,
			);
			runOnlyForDeploymentPostprocessing = 0;
		};
/* End PBXSourcesBuildPhase section */

/* Begin PBXVariantGroup section */
		623340DE271C3B1B002B2429 /* LaunchScreen.storyboard */ = {
			isa = PBXVariantGroup;
			children = (
				623340DF271C3B1B002B2429 /* Base */,
			);
			name = LaunchScreen.storyboard;
			sourceTree = "<group>";
		};
/* End PBXVariantGroup section */

/* Begin XCBuildConfiguration section */
		623340E2271C3B1B002B2429 /* Debug */ = {
			isa = XCBuildConfiguration;
			buildSettings = {
				ALWAYS_SEARCH_USER_PATHS = NO;
				CLANG_ANALYZER_NONNULL = YES;
				CLANG_ANALYZER_NUMBER_OBJECT_CONVERSION = YES_AGGRESSIVE;
				CLANG_CXX_LANGUAGE_STANDARD = "gnu++17";
				CLANG_CXX_LIBRARY = "libc++";
				CLANG_ENABLE_MODULES = YES;
				CLANG_ENABLE_OBJC_ARC = YES;
				CLANG_ENABLE_OBJC_WEAK = YES;
				CLANG_WARN_BLOCK_CAPTURE_AUTORELEASING = YES;
				CLANG_WARN_BOOL_CONVERSION = YES;
				CLANG_WARN_COMMA = YES;
				CLANG_WARN_CONSTANT_CONVERSION = YES;
				CLANG_WARN_DEPRECATED_OBJC_IMPLEMENTATIONS = YES;
				CLANG_WARN_DIRECT_OBJC_ISA_USAGE = YES_ERROR;
				CLANG_WARN_DOCUMENTATION_COMMENTS = YES;
				CLANG_WARN_EMPTY_BODY = YES;
				CLANG_WARN_ENUM_CONVERSION = YES;
				CLANG_WARN_INFINITE_RECURSION = YES;
				CLANG_WARN_INT_CONVERSION = YES;
				CLANG_WARN_NON_LITERAL_NULL_CONVERSION = YES;
				CLANG_WARN_OBJC_IMPLICIT_RETAIN_SELF = YES;
				CLANG_WARN_OBJC_LITERAL_CONVERSION = YES;
				CLANG_WARN_OBJC_ROOT_CLASS = YES_ERROR;
				CLANG_WARN_QUOTED_INCLUDE_IN_FRAMEWORK_HEADER = YES;
				CLANG_WARN_RANGE_LOOP_ANALYSIS = YES;
				CLANG_WARN_STRICT_PROTOTYPES = YES;
				CLANG_WARN_SUSPICIOUS_MOVE = YES;
				CLANG_WARN_UNGUARDED_AVAILABILITY = YES_AGGRESSIVE;
				CLANG_WARN_UNREACHABLE_CODE = YES;
				CLANG_WARN__DUPLICATE_METHOD_MATCH = YES;
				COPY_PHASE_STRIP = NO;
				DEBUG_INFORMATION_FORMAT = dwarf;
				ENABLE_STRICT_OBJC_MSGSEND = YES;
				ENABLE_TESTABILITY = YES;
				GCC_C_LANGUAGE_STANDARD = gnu11;
				GCC_DYNAMIC_NO_PIC = NO;
				GCC_NO_COMMON_BLOCKS = YES;
				GCC_OPTIMIZATION_LEVEL = 0;
				GCC_PREPROCESSOR_DEFINITIONS = (
					"DEBUG=1",
					"$(inherited)",
				);
				GCC_WARN_64_TO_32_BIT_CONVERSION = YES;
				GCC_WARN_ABOUT_RETURN_TYPE = YES_ERROR;
				GCC_WARN_UNDECLARED_SELECTOR = YES;
				GCC_WARN_UNINITIALIZED_AUTOS = YES_AGGRESSIVE;
				GCC_WARN_UNUSED_FUNCTION = YES;
				GCC_WARN_UNUSED_VARIABLE = YES;
				IPHONEOS_DEPLOYMENT_TARGET = 15.0;
				MTL_ENABLE_DEBUG_INFO = INCLUDE_SOURCE;
				MTL_FAST_MATH = YES;
				ONLY_ACTIVE_ARCH = YES;
				SDKROOT = iphoneos;
				SWIFT_ACTIVE_COMPILATION_CONDITIONS = DEBUG;
				SWIFT_OPTIMIZATION_LEVEL = "-Onone";
			};
			name = Debug;
		};
		623340E3271C3B1B002B2429 /* Release */ = {
			isa = XCBuildConfiguration;
			buildSettings = {
				ALWAYS_SEARCH_USER_PATHS = NO;
				CLANG_ANALYZER_NONNULL = YES;
				CLANG_ANALYZER_NUMBER_OBJECT_CONVERSION = YES_AGGRESSIVE;
				CLANG_CXX_LANGUAGE_STANDARD = "gnu++17";
				CLANG_CXX_LIBRARY = "libc++";
				CLANG_ENABLE_MODULES = YES;
				CLANG_ENABLE_OBJC_ARC = YES;
				CLANG_ENABLE_OBJC_WEAK = YES;
				CLANG_WARN_BLOCK_CAPTURE_AUTORELEASING = YES;
				CLANG_WARN_BOOL_CONVERSION = YES;
				CLANG_WARN_COMMA = YES;
				CLANG_WARN_CONSTANT_CONVERSION = YES;
				CLANG_WARN_DEPRECATED_OBJC_IMPLEMENTATIONS = YES;
				CLANG_WARN_DIRECT_OBJC_ISA_USAGE = YES_ERROR;
				CLANG_WARN_DOCUMENTATION_COMMENTS = YES;
				CLANG_WARN_EMPTY_BODY = YES;
				CLANG_WARN_ENUM_CONVERSION = YES;
				CLANG_WARN_INFINITE_RECURSION = YES;
				CLANG_WARN_INT_CONVERSION = YES;
				CLANG_WARN_NON_LITERAL_NULL_CONVERSION = YES;
				CLANG_WARN_OBJC_IMPLICIT_RETAIN_SELF = YES;
				CLANG_WARN_OBJC_LITERAL_CONVERSION = YES;
				CLANG_WARN_OBJC_ROOT_CLASS = YES_ERROR;
				CLANG_WARN_QUOTED_INCLUDE_IN_FRAMEWORK_HEADER = YES;
				CLANG_WARN_RANGE_LOOP_ANALYSIS = YES;
				CLANG_WARN_STRICT_PROTOTYPES = YES;
				CLANG_WARN_SUSPICIOUS_MOVE = YES;
				CLANG_WARN_UNGUARDED_AVAILABILITY = YES_AGGRESSIVE;
				CLANG_WARN_UNREACHABLE_CODE = YES;
				CLANG_WARN__DUPLICATE_METHOD_MATCH = YES;
				COPY_PHASE_STRIP = NO;
				DEBUG_INFORMATION_FORMAT = "dwarf-with-dsym";
				ENABLE_NS_ASSERTIONS = NO;
				ENABLE_STRICT_OBJC_MSGSEND = YES;
				GCC_C_LANGUAGE_STANDARD = gnu11;
				GCC_NO_COMMON_BLOCKS = YES;
				GCC_WARN_64_TO_32_BIT_CONVERSION = YES;
				GCC_WARN_ABOUT_RETURN_TYPE = YES_ERROR;
				GCC_WARN_UNDECLARED_SELECTOR = YES;
				GCC_WARN_UNINITIALIZED_AUTOS = YES_AGGRESSIVE;
				GCC_WARN_UNUSED_FUNCTION = YES;
				GCC_WARN_UNUSED_VARIABLE = YES;
				IPHONEOS_DEPLOYMENT_TARGET = 15.0;
				MTL_ENABLE_DEBUG_INFO = NO;
				MTL_FAST_MATH = YES;
				SDKROOT = iphoneos;
				SWIFT_COMPILATION_MODE = wholemodule;
				SWIFT_OPTIMIZATION_LEVEL = "-O";
				VALIDATE_PRODUCT = YES;
			};
			name = Release;
		};
		623340E5271C3B1B002B2429 /* Debug */ = {
			isa = XCBuildConfiguration;
			baseConfigurationReference = B4D199ED89E9ED7DFC5E8A35 /* Pods-BFF.debug.xcconfig */;
			buildSettings = {
				ASSETCATALOG_COMPILER_APPICON_NAME = AppIcon;
				ASSETCATALOG_COMPILER_GLOBAL_ACCENT_COLOR_NAME = AccentColor;
				CODE_SIGN_ENTITLEMENTS = BFF/BFF.entitlements;
				CODE_SIGN_STYLE = Automatic;
				CURRENT_PROJECT_VERSION = 4;
				DEVELOPMENT_TEAM = 94F23Z62YB;
				GENERATE_INFOPLIST_FILE = YES;
				INFOPLIST_FILE = BFF/Info.plist;
				INFOPLIST_KEY_UIApplicationSupportsIndirectInputEvents = YES;
				INFOPLIST_KEY_UILaunchStoryboardName = LaunchScreen;
				INFOPLIST_KEY_UISupportedInterfaceOrientations_iPad = "UIInterfaceOrientationPortrait UIInterfaceOrientationPortraitUpsideDown UIInterfaceOrientationLandscapeLeft UIInterfaceOrientationLandscapeRight";
				INFOPLIST_KEY_UISupportedInterfaceOrientations_iPhone = "UIInterfaceOrientationPortrait UIInterfaceOrientationLandscapeLeft UIInterfaceOrientationLandscapeRight";
				INFOPLIST_KEY_UIUserInterfaceStyle = Light;
				IPHONEOS_DEPLOYMENT_TARGET = 13.0;
				LD_RUNPATH_SEARCH_PATHS = (
					"$(inherited)",
					"@executable_path/Frameworks",
				);
				MARKETING_VERSION = 0.1.0;
				PRODUCT_BUNDLE_IDENTIFIER = yulin.BFF;
				PRODUCT_NAME = "$(TARGET_NAME)";
				SWIFT_EMIT_LOC_STRINGS = YES;
				SWIFT_VERSION = 5.0;
				TARGETED_DEVICE_FAMILY = "1,2";
			};
			name = Debug;
		};
		623340E6271C3B1B002B2429 /* Release */ = {
			isa = XCBuildConfiguration;
			baseConfigurationReference = 560E57137BD3932E8DA0D583 /* Pods-BFF.release.xcconfig */;
			buildSettings = {
				ASSETCATALOG_COMPILER_APPICON_NAME = AppIcon;
				ASSETCATALOG_COMPILER_GLOBAL_ACCENT_COLOR_NAME = AccentColor;
				CODE_SIGN_ENTITLEMENTS = BFF/BFF.entitlements;
				CODE_SIGN_STYLE = Automatic;
				CURRENT_PROJECT_VERSION = 4;
				DEVELOPMENT_TEAM = 94F23Z62YB;
				GENERATE_INFOPLIST_FILE = YES;
				INFOPLIST_FILE = BFF/Info.plist;
				INFOPLIST_KEY_UIApplicationSupportsIndirectInputEvents = YES;
				INFOPLIST_KEY_UILaunchStoryboardName = LaunchScreen;
				INFOPLIST_KEY_UISupportedInterfaceOrientations_iPad = "UIInterfaceOrientationPortrait UIInterfaceOrientationPortraitUpsideDown UIInterfaceOrientationLandscapeLeft UIInterfaceOrientationLandscapeRight";
				INFOPLIST_KEY_UISupportedInterfaceOrientations_iPhone = "UIInterfaceOrientationPortrait UIInterfaceOrientationLandscapeLeft UIInterfaceOrientationLandscapeRight";
				INFOPLIST_KEY_UIUserInterfaceStyle = Light;
				IPHONEOS_DEPLOYMENT_TARGET = 13.0;
				LD_RUNPATH_SEARCH_PATHS = (
					"$(inherited)",
					"@executable_path/Frameworks",
				);
				MARKETING_VERSION = 0.1.0;
				PRODUCT_BUNDLE_IDENTIFIER = yulin.BFF;
				PRODUCT_NAME = "$(TARGET_NAME)";
				SWIFT_EMIT_LOC_STRINGS = YES;
				SWIFT_VERSION = 5.0;
				TARGETED_DEVICE_FAMILY = "1,2";
			};
			name = Release;
		};
/* End XCBuildConfiguration section */

/* Begin XCConfigurationList section */
		623340CB271C3B19002B2429 /* Build configuration list for PBXProject "BFF" */ = {
			isa = XCConfigurationList;
			buildConfigurations = (
				623340E2271C3B1B002B2429 /* Debug */,
				623340E3271C3B1B002B2429 /* Release */,
			);
			defaultConfigurationIsVisible = 0;
			defaultConfigurationName = Release;
		};
		623340E4271C3B1B002B2429 /* Build configuration list for PBXNativeTarget "BFF" */ = {
			isa = XCConfigurationList;
			buildConfigurations = (
				623340E5271C3B1B002B2429 /* Debug */,
				623340E6271C3B1B002B2429 /* Release */,
			);
			defaultConfigurationIsVisible = 0;
			defaultConfigurationName = Release;
		};
/* End XCConfigurationList section */

/* Begin XCVersionGroup section */
		62930BD9272C2DCA00BC1908 /* UserData.xcdatamodeld */ = {
			isa = XCVersionGroup;
			children = (
				62930BDA272C2DCA00BC1908 /* UserData.xcdatamodel */,
			);
			currentVersion = 62930BDA272C2DCA00BC1908 /* UserData.xcdatamodel */;
			path = UserData.xcdatamodeld;
			sourceTree = "<group>";
			usesTabs = 0;
			versionGroupType = wrapper.xcdatamodel;
		};
/* End XCVersionGroup section */
	};
	rootObject = 623340C8271C3B19002B2429 /* Project object */;
}
