// !$*UTF8*$!
{
	archiveVersion = 1;
	classes = {
	};
	objectVersion = 55;
	objects = {

/* Begin PBXBuildFile section */
		45558D494B32B41E1D9584E8 /* Pods_BFFTests.framework in Frameworks */ = {isa = PBXBuildFile; fileRef = 894DB1F4DE51572883F27B0D /* Pods_BFFTests.framework */; };
		6200C5FB272296970074DB64 /* UserDiariesVC+DiffDataSource.swift in Sources */ = {isa = PBXBuildFile; fileRef = 6200C5FA272296970074DB64 /* UserDiariesVC+DiffDataSource.swift */; };
		6202522F2750B0EB00E8CABD /* UIColorExtension.swift in Sources */ = {isa = PBXBuildFile; fileRef = 6202522E2750B0EB00E8CABD /* UIColorExtension.swift */; };
		62119A09274F4188006A3D4E /* FirebaseManger+Diary.swift in Sources */ = {isa = PBXBuildFile; fileRef = 62119A08274F4188006A3D4E /* FirebaseManger+Diary.swift */; };
		62119A0B274F47A8006A3D4E /* FirebaseManger+User.swift in Sources */ = {isa = PBXBuildFile; fileRef = 62119A0A274F47A8006A3D4E /* FirebaseManger+User.swift */; };
		62119A0D274F4865006A3D4E /* FirebaseManger+Pet.swift in Sources */ = {isa = PBXBuildFile; fileRef = 62119A0C274F4865006A3D4E /* FirebaseManger+Pet.swift */; };
		62119A12274F7139006A3D4E /* NavgationBar.swift in Sources */ = {isa = PBXBuildFile; fileRef = 62119A11274F7139006A3D4E /* NavgationBar.swift */; };
		62119A1A274FA718006A3D4E /* BFFTests.swift in Sources */ = {isa = PBXBuildFile; fileRef = 62119A19274FA718006A3D4E /* BFFTests.swift */; };
		621FCEAD271E5B990049F42C /* PhotoCellViewModel.swift in Sources */ = {isa = PBXBuildFile; fileRef = 621FCEAC271E5B990049F42C /* PhotoCellViewModel.swift */; };
		622A47262750DF0A00D006C1 /* UIFontExtension.swift in Sources */ = {isa = PBXBuildFile; fileRef = 622A47252750DF0A00D006C1 /* UIFontExtension.swift */; };
		623340D4271C3B19002B2429 /* AppDelegate.swift in Sources */ = {isa = PBXBuildFile; fileRef = 623340D3271C3B19002B2429 /* AppDelegate.swift */; };
		623340D6271C3B19002B2429 /* SceneDelegate.swift in Sources */ = {isa = PBXBuildFile; fileRef = 623340D5271C3B19002B2429 /* SceneDelegate.swift */; };
		623340D8271C3B19002B2429 /* HomePageViewController.swift in Sources */ = {isa = PBXBuildFile; fileRef = 623340D7271C3B19002B2429 /* HomePageViewController.swift */; };
		623340DD271C3B1B002B2429 /* Assets.xcassets in Resources */ = {isa = PBXBuildFile; fileRef = 623340DC271C3B1B002B2429 /* Assets.xcassets */; };
		623340E0271C3B1B002B2429 /* LaunchScreen.storyboard in Resources */ = {isa = PBXBuildFile; fileRef = 623340DE271C3B1B002B2429 /* LaunchScreen.storyboard */; };
		623340E9271C3F82002B2429 /* GoogleService-Info.plist in Resources */ = {isa = PBXBuildFile; fileRef = 623340E8271C3F82002B2429 /* GoogleService-Info.plist */; };
		62345509276C3D33000253CF /* DiaryViewCell.swift in Sources */ = {isa = PBXBuildFile; fileRef = 62345508276C3D33000253CF /* DiaryViewCell.swift */; };
		6234550B276C3D96000253CF /* UITableViewDelegate+Extension.swift in Sources */ = {isa = PBXBuildFile; fileRef = 6234550A276C3D96000253CF /* UITableViewDelegate+Extension.swift */; };
		6249617D2720F16E0079B244 /* HomePageViewModel.swift in Sources */ = {isa = PBXBuildFile; fileRef = 6249617C2720F16E0079B244 /* HomePageViewModel.swift */; };
		624C8E082720473F00646C71 /* CreatePetViewModel.swift in Sources */ = {isa = PBXBuildFile; fileRef = 624C8E072720473F00646C71 /* CreatePetViewModel.swift */; };
		624CFD742729389B00D77CCA /* NotificationManger.swift in Sources */ = {isa = PBXBuildFile; fileRef = 624CFD732729389B00D77CCA /* NotificationManger.swift */; };
		624D5C472730CD4A00602125 /* Library.storyboard in Resources */ = {isa = PBXBuildFile; fileRef = 624D5C462730CD4A00602125 /* Library.storyboard */; };
		624D5C492730CD7D00602125 /* MapViewController.swift in Sources */ = {isa = PBXBuildFile; fileRef = 624D5C482730CD7D00602125 /* MapViewController.swift */; };
		624D5C4B2731321700602125 /* MapMarkerWindowView.xib in Resources */ = {isa = PBXBuildFile; fileRef = 624D5C4A2731321700602125 /* MapMarkerWindowView.xib */; };
		624D5C4D273132D900602125 /* MapMarkerWindow.swift in Sources */ = {isa = PBXBuildFile; fileRef = 624D5C4C273132D900602125 /* MapMarkerWindow.swift */; };
		62540417271F187D004F49DC /* DetailViewModel.swift in Sources */ = {isa = PBXBuildFile; fileRef = 62540416271F187D004F49DC /* DetailViewModel.swift */; };
		6254041B271F219B004F49DC /* SocialDiaryWallViewModel.swift in Sources */ = {isa = PBXBuildFile; fileRef = 6254041A271F219B004F49DC /* SocialDiaryWallViewModel.swift */; };
		6254041D271F23DD004F49DC /* Box.swift in Sources */ = {isa = PBXBuildFile; fileRef = 6254041C271F23DD004F49DC /* Box.swift */; };
		62548773272F80C90007B080 /* Date+Extension.swift in Sources */ = {isa = PBXBuildFile; fileRef = 62548772272F80C90007B080 /* Date+Extension.swift */; };
		62603AD227278BDC00467E2D /* SupplyDetailViewController.swift in Sources */ = {isa = PBXBuildFile; fileRef = 62603AD127278BDC00467E2D /* SupplyDetailViewController.swift */; };
		62603AD427278D6100467E2D /* SupplyIconCellTableViewCell.swift in Sources */ = {isa = PBXBuildFile; fileRef = 62603AD327278D6100467E2D /* SupplyIconCellTableViewCell.swift */; };
		62603AD627278D8300467E2D /* SupplyNameTableViewCell.swift in Sources */ = {isa = PBXBuildFile; fileRef = 62603AD527278D8300467E2D /* SupplyNameTableViewCell.swift */; };
		62603AD827278D9F00467E2D /* SupplyInventoryTableViewCell.swift in Sources */ = {isa = PBXBuildFile; fileRef = 62603AD727278D9F00467E2D /* SupplyInventoryTableViewCell.swift */; };
		62603ADA27278DCB00467E2D /* SupplyPetsTableViewCell.swift in Sources */ = {isa = PBXBuildFile; fileRef = 62603AD927278DCB00467E2D /* SupplyPetsTableViewCell.swift */; };
		62603ADC27278DDE00467E2D /* SupplyCycleDosageTableViewCell.swift in Sources */ = {isa = PBXBuildFile; fileRef = 62603ADB27278DDE00467E2D /* SupplyCycleDosageTableViewCell.swift */; };
		62603ADE27278E1E00467E2D /* SupplyReminderCellTableViewCell.swift in Sources */ = {isa = PBXBuildFile; fileRef = 62603ADD27278E1E00467E2D /* SupplyReminderCellTableViewCell.swift */; };
		62603AE127279A4600467E2D /* CubeCollectionViewCell.swift in Sources */ = {isa = PBXBuildFile; fileRef = 62603ADF27279A4600467E2D /* CubeCollectionViewCell.swift */; };
		62603AE227279A4600467E2D /* CubeCollectionViewCell.xib in Resources */ = {isa = PBXBuildFile; fileRef = 62603AE027279A4600467E2D /* CubeCollectionViewCell.xib */; };
		62603AE52727B64F00467E2D /* AddNewItemTableViewCell.swift in Sources */ = {isa = PBXBuildFile; fileRef = 62603AE32727B64F00467E2D /* AddNewItemTableViewCell.swift */; };
		62603AE62727B64F00467E2D /* AddNewItemTableViewCell.xib in Resources */ = {isa = PBXBuildFile; fileRef = 62603AE42727B64F00467E2D /* AddNewItemTableViewCell.xib */; };
		62617495273DF552006F3635 /* BlockPetsListTableViewController.swift in Sources */ = {isa = PBXBuildFile; fileRef = 62617494273DF552006F3635 /* BlockPetsListTableViewController.swift */; };
		62617497273DF5FD006F3635 /* BlocksVeiwModels.swift in Sources */ = {isa = PBXBuildFile; fileRef = 62617496273DF5FD006F3635 /* BlocksVeiwModels.swift */; };
		6264A85A2736BA6200FACF97 /* ChatListTableViewController.swift in Sources */ = {isa = PBXBuildFile; fileRef = 6264A8592736BA6200FACF97 /* ChatListTableViewController.swift */; };
		6267CDED2733BBD600CFA28D /* ExploreDiariesViewController.swift in Sources */ = {isa = PBXBuildFile; fileRef = 6267CDEC2733BBD600CFA28D /* ExploreDiariesViewController.swift */; };
		627648A8271D6B840026C3C3 /* FirebaseManager.swift in Sources */ = {isa = PBXBuildFile; fileRef = 627648A7271D6B840026C3C3 /* FirebaseManager.swift */; };
		627ADBCB272A7876000D0457 /* FillSupplyAlertView.swift in Sources */ = {isa = PBXBuildFile; fileRef = 627ADBC2272A3370000D0457 /* FillSupplyAlertView.swift */; };
		627FC66B27478B9000E4453B /* NChatListViewModel.swift in Sources */ = {isa = PBXBuildFile; fileRef = 627FC66A27478B8F00E4453B /* NChatListViewModel.swift */; };
		6285C797271DD08D006E13EC /* UserDiariesViewController.swift in Sources */ = {isa = PBXBuildFile; fileRef = 6285C796271DD08D006E13EC /* UserDiariesViewController.swift */; };
		6285C79A271DD519006E13EC /* DairyPhotoCell.swift in Sources */ = {isa = PBXBuildFile; fileRef = 6285C798271DD519006E13EC /* DairyPhotoCell.swift */; };
		6285C79B271DD519006E13EC /* DairyPhotoCell.xib in Resources */ = {isa = PBXBuildFile; fileRef = 6285C799271DD519006E13EC /* DairyPhotoCell.xib */; };
		6285C79E271DE49A006E13EC /* SelectedPetsCollectionViewCell.swift in Sources */ = {isa = PBXBuildFile; fileRef = 6285C79C271DE49A006E13EC /* SelectedPetsCollectionViewCell.swift */; };
		6285C79F271DE49A006E13EC /* SelectedPetsCollectionViewCell.xib in Resources */ = {isa = PBXBuildFile; fileRef = 6285C79D271DE49A006E13EC /* SelectedPetsCollectionViewCell.xib */; };
		62892FDE27320D4C001A7B32 /* LibaryViewController.swift in Sources */ = {isa = PBXBuildFile; fileRef = 62892FDD27320D4C001A7B32 /* LibaryViewController.swift */; };
		62892FE027321046001A7B32 /* BookCollectionViewCell.swift in Sources */ = {isa = PBXBuildFile; fileRef = 62892FDF27321046001A7B32 /* BookCollectionViewCell.swift */; };
		62892FE2273210F3001A7B32 /* bookViewModel.swift in Sources */ = {isa = PBXBuildFile; fileRef = 62892FE1273210F3001A7B32 /* bookViewModel.swift */; };
		62892FE42732376D001A7B32 /* SignInViewController.swift in Sources */ = {isa = PBXBuildFile; fileRef = 62892FE32732376D001A7B32 /* SignInViewController.swift */; };
		62892FEB2732B1A4001A7B32 /* Keys.plist in Resources */ = {isa = PBXBuildFile; fileRef = 62892FEA2732B1A4001A7B32 /* Keys.plist */; };
		62892FED2732D092001A7B32 /* ImageSliderView.swift in Sources */ = {isa = PBXBuildFile; fileRef = 62892FEC2732D092001A7B32 /* ImageSliderView.swift */; };
		62892FFD2732F749001A7B32 /* GenJyuuGothic-Medium.ttf in Resources */ = {isa = PBXBuildFile; fileRef = 62892FF62732F746001A7B32 /* GenJyuuGothic-Medium.ttf */; };
		62892FFE2732F749001A7B32 /* GenJyuuGothic-ExtraLight.ttf in Resources */ = {isa = PBXBuildFile; fileRef = 62892FF72732F747001A7B32 /* GenJyuuGothic-ExtraLight.ttf */; };
		62892FFF2732F749001A7B32 /* GenJyuuGothic-Bold.ttf in Resources */ = {isa = PBXBuildFile; fileRef = 62892FF82732F747001A7B32 /* GenJyuuGothic-Bold.ttf */; };
		628930002732F749001A7B32 /* GenJyuuGothic-Regular.ttf in Resources */ = {isa = PBXBuildFile; fileRef = 62892FF92732F748001A7B32 /* GenJyuuGothic-Regular.ttf */; };
		628930012732F749001A7B32 /* GenJyuuGothic-Heavy.ttf in Resources */ = {isa = PBXBuildFile; fileRef = 62892FFA2732F748001A7B32 /* GenJyuuGothic-Heavy.ttf */; };
		628930022732F749001A7B32 /* GenJyuuGothic-Normal.ttf in Resources */ = {isa = PBXBuildFile; fileRef = 62892FFB2732F749001A7B32 /* GenJyuuGothic-Normal.ttf */; };
		628930032732F749001A7B32 /* GenJyuuGothic-Light.ttf in Resources */ = {isa = PBXBuildFile; fileRef = 62892FFC2732F749001A7B32 /* GenJyuuGothic-Light.ttf */; };
		62930BDB272C2DCA00BC1908 /* UserData.xcdatamodeld in Sources */ = {isa = PBXBuildFile; fileRef = 62930BD9272C2DCA00BC1908 /* UserData.xcdatamodeld */; };
		62930C17272D0C6800BC1908 /* PicMO+CoreDataClass.swift in Sources */ = {isa = PBXBuildFile; fileRef = 62930C11272D0C6800BC1908 /* PicMO+CoreDataClass.swift */; };
		62930C18272D0C6800BC1908 /* PicMO+CoreDataProperties.swift in Sources */ = {isa = PBXBuildFile; fileRef = 62930C12272D0C6800BC1908 /* PicMO+CoreDataProperties.swift */; };
		62930C1B272D0E2B00BC1908 /* PetMO+CoreDataClass.swift in Sources */ = {isa = PBXBuildFile; fileRef = 62930C19272D0E2B00BC1908 /* PetMO+CoreDataClass.swift */; };
		62930C1C272D0E2B00BC1908 /* PetMO+CoreDataProperties.swift in Sources */ = {isa = PBXBuildFile; fileRef = 62930C1A272D0E2B00BC1908 /* PetMO+CoreDataProperties.swift */; };
		62930C2B272D24F700BC1908 /* UserMO+CoreDataClass.swift in Sources */ = {isa = PBXBuildFile; fileRef = 62930C29272D24F700BC1908 /* UserMO+CoreDataClass.swift */; };
		62930C2C272D24F700BC1908 /* UserMO+CoreDataProperties.swift in Sources */ = {isa = PBXBuildFile; fileRef = 62930C2A272D24F700BC1908 /* UserMO+CoreDataProperties.swift */; };
		62979258271E64D800B68E86 /* Diary.swift in Sources */ = {isa = PBXBuildFile; fileRef = 62979257271E64D800B68E86 /* Diary.swift */; };
		6297925A271E8A8800B68E86 /* Diary.storyboard in Resources */ = {isa = PBXBuildFile; fileRef = 62979259271E8A8800B68E86 /* Diary.storyboard */; };
		6297925C271E947C00B68E86 /* CreateDiaryViewController.swift in Sources */ = {isa = PBXBuildFile; fileRef = 6297925B271E947C00B68E86 /* CreateDiaryViewController.swift */; };
		6297925E271EAD8900B68E86 /* CreatDiaryVC+UpLoadImage.swift in Sources */ = {isa = PBXBuildFile; fileRef = 6297925D271EAD8900B68E86 /* CreatDiaryVC+UpLoadImage.swift */; };
		629FF5B4271D3F8300C7C94A /* WellcomeCollectionViewCell.swift in Sources */ = {isa = PBXBuildFile; fileRef = 629FF5B3271D3F8300C7C94A /* WellcomeCollectionViewCell.swift */; };
		629FF5B6271D40A400C7C94A /* CatalogCollectionViewCell.swift in Sources */ = {isa = PBXBuildFile; fileRef = 629FF5B5271D40A400C7C94A /* CatalogCollectionViewCell.swift */; };
		629FF5B8271D413C00C7C94A /* PetNotificationCollectionViewCell.swift in Sources */ = {isa = PBXBuildFile; fileRef = 629FF5B7271D413C00C7C94A /* PetNotificationCollectionViewCell.swift */; };
		629FF5BA271D416B00C7C94A /* PetCollectionViewCell.swift in Sources */ = {isa = PBXBuildFile; fileRef = 629FF5B9271D416B00C7C94A /* PetCollectionViewCell.swift */; };
		629FF5BD271D5A0800C7C94A /* KingfisherWrapper.swift in Sources */ = {isa = PBXBuildFile; fileRef = 629FF5BC271D5A0800C7C94A /* KingfisherWrapper.swift */; };
		629FF5C1271D5DFF00C7C94A /* User.swift in Sources */ = {isa = PBXBuildFile; fileRef = 629FF5C0271D5DFF00C7C94A /* User.swift */; };
		629FF5C3271D5F4200C7C94A /* Pet.swift in Sources */ = {isa = PBXBuildFile; fileRef = 629FF5C2271D5F4200C7C94A /* Pet.swift */; };
		629FF5C5271D5FCF00C7C94A /* Goal.swift in Sources */ = {isa = PBXBuildFile; fileRef = 629FF5C4271D5FCF00C7C94A /* Goal.swift */; };
		629FF5C7271D614D00C7C94A /* Notification.swift in Sources */ = {isa = PBXBuildFile; fileRef = 629FF5C6271D614D00C7C94A /* Notification.swift */; };
		629FF5C9271D623F00C7C94A /* Supply.swift in Sources */ = {isa = PBXBuildFile; fileRef = 629FF5C8271D623F00C7C94A /* Supply.swift */; };
		62AB33F827205D5000C8E582 /* NoteViewController.swift in Sources */ = {isa = PBXBuildFile; fileRef = 62AB33F727205D5000C8E582 /* NoteViewController.swift */; };
		62AB33FA27205D6E00C8E582 /* Pet.storyboard in Resources */ = {isa = PBXBuildFile; fileRef = 62AB33F927205D6E00C8E582 /* Pet.storyboard */; };
		62AC841C2745212F00249E62 /* TabBar.storyboard in Resources */ = {isa = PBXBuildFile; fileRef = 62AC841B2745212F00249E62 /* TabBar.storyboard */; };
		62B609E5273912F5007FB169 /* PetsProfileViewController.swift in Sources */ = {isa = PBXBuildFile; fileRef = 62B609E4273912F5007FB169 /* PetsProfileViewController.swift */; };
		62B609E9273A26AE007FB169 /* MenuTableViewCell.swift in Sources */ = {isa = PBXBuildFile; fileRef = 62B609E8273A26AE007FB169 /* MenuTableViewCell.swift */; };
		62B609EB273A52E5007FB169 /* UserAccountViewController.swift in Sources */ = {isa = PBXBuildFile; fileRef = 62B609EA273A52E5007FB169 /* UserAccountViewController.swift */; };
		62B617D1273534D70062BBE5 /* UILabel+Extension.swift in Sources */ = {isa = PBXBuildFile; fileRef = 62B617D0273534D70062BBE5 /* UILabel+Extension.swift */; };
		62B617D327365DF20062BBE5 /* CommentTableViewController.swift in Sources */ = {isa = PBXBuildFile; fileRef = 62B617D227365DF20062BBE5 /* CommentTableViewController.swift */; };
		62B617D527365EA50062BBE5 /* CommentViewModel.swift in Sources */ = {isa = PBXBuildFile; fileRef = 62B617D427365EA50062BBE5 /* CommentViewModel.swift */; };
		62B617D727365FFE0062BBE5 /* Comment.swift in Sources */ = {isa = PBXBuildFile; fileRef = 62B617D627365FFE0062BBE5 /* Comment.swift */; };
		62B617D9273682B30062BBE5 /* CoreDataManger.swift in Sources */ = {isa = PBXBuildFile; fileRef = 62B617D8273682B30062BBE5 /* CoreDataManger.swift */; };
		62B617DB2736A5D60062BBE5 /* Message.swift in Sources */ = {isa = PBXBuildFile; fileRef = 62B617DA2736A5D60062BBE5 /* Message.swift */; };
		62B617DE2736B0FF0062BBE5 /* MyChatTableViewCell.swift in Sources */ = {isa = PBXBuildFile; fileRef = 62B617DC2736B0FF0062BBE5 /* MyChatTableViewCell.swift */; };
		62B617DF2736B0FF0062BBE5 /* MyChatTableViewCell.xib in Resources */ = {isa = PBXBuildFile; fileRef = 62B617DD2736B0FF0062BBE5 /* MyChatTableViewCell.xib */; };
		62B617E12736B1C20062BBE5 /* ChatViewController.swift in Sources */ = {isa = PBXBuildFile; fileRef = 62B617E02736B1C20062BBE5 /* ChatViewController.swift */; };
		62B617E42736B3890062BBE5 /* OtherChatTableViewCell.xib in Resources */ = {isa = PBXBuildFile; fileRef = 62B617E22736B3890062BBE5 /* OtherChatTableViewCell.xib */; };
		62B617E52736B3890062BBE5 /* OtherChatTableViewCell.swift in Sources */ = {isa = PBXBuildFile; fileRef = 62B617E32736B3890062BBE5 /* OtherChatTableViewCell.swift */; };
		62BA00FF272E7B7C00A19478 /* PetsListTableViewController.swift in Sources */ = {isa = PBXBuildFile; fileRef = 62BA00FE272E7B7C00A19478 /* PetsListTableViewController.swift */; };
		62BA0101272E7DF400A19478 /* PetHealthCardListTableViewCell.swift in Sources */ = {isa = PBXBuildFile; fileRef = 62BA0100272E7DF400A19478 /* PetHealthCardListTableViewCell.swift */; };
		62BA0103272E7EBE00A19478 /* PetHealthCellViewModel.swift in Sources */ = {isa = PBXBuildFile; fileRef = 62BA0102272E7EBE00A19478 /* PetHealthCellViewModel.swift */; };
		62BF3FBA272A7D6600F6DFB5 /* FillSupplyAlertView.xib in Resources */ = {isa = PBXBuildFile; fileRef = 62BF3FB9272A7D6600F6DFB5 /* FillSupplyAlertView.xib */; };
		62C38D8B272EB154008DEE8B /* AddPet.json in Resources */ = {isa = PBXBuildFile; fileRef = 62C38D8A272EB154008DEE8B /* AddPet.json */; };
		62C38D8D272EDC0D008DEE8B /* Goal.storyboard in Resources */ = {isa = PBXBuildFile; fileRef = 62C38D8C272EDC0D008DEE8B /* Goal.storyboard */; };
		62C38D8F272EE631008DEE8B /* GoalViewController.swift in Sources */ = {isa = PBXBuildFile; fileRef = 62C38D8E272EE631008DEE8B /* GoalViewController.swift */; };
		62C38D91272EE89D008DEE8B /* GoalCollectionViewCellA.swift in Sources */ = {isa = PBXBuildFile; fileRef = 62C38D90272EE89D008DEE8B /* GoalCollectionViewCellA.swift */; };
		62C38D93272EEA96008DEE8B /* GoalCollectionViewCellB.swift in Sources */ = {isa = PBXBuildFile; fileRef = 62C38D92272EEA96008DEE8B /* GoalCollectionViewCellB.swift */; };
		62C38D95272EEAA6008DEE8B /* GoalCollectionViewCellC.swift in Sources */ = {isa = PBXBuildFile; fileRef = 62C38D94272EEAA6008DEE8B /* GoalCollectionViewCellC.swift */; };
		62C38D97272EEAB4008DEE8B /* GoalCollectionViewCellD.swift in Sources */ = {isa = PBXBuildFile; fileRef = 62C38D96272EEAB4008DEE8B /* GoalCollectionViewCellD.swift */; };
		62C80D172720115B00EE2FB1 /* CreatPetsVC+UploadImge.swift in Sources */ = {isa = PBXBuildFile; fileRef = 62C80D152720115B00EE2FB1 /* CreatPetsVC+UploadImge.swift */; };
		62C80D182720115B00EE2FB1 /* CreatePetViewController.swift in Sources */ = {isa = PBXBuildFile; fileRef = 62C80D162720115B00EE2FB1 /* CreatePetViewController.swift */; };
		62C80D1B2720117800EE2FB1 /* PetInfoTableTableViewCell.xib in Resources */ = {isa = PBXBuildFile; fileRef = 62C80D192720117800EE2FB1 /* PetInfoTableTableViewCell.xib */; };
		62C80D1C2720117800EE2FB1 /* PetInfoTableTableViewCell.swift in Sources */ = {isa = PBXBuildFile; fileRef = 62C80D1A2720117800EE2FB1 /* PetInfoTableTableViewCell.swift */; };
		62CF7A98271EEF68003A25C4 /* DiaryDetailViewController.swift in Sources */ = {isa = PBXBuildFile; fileRef = 62CF7A97271EEF68003A25C4 /* DiaryDetailViewController.swift */; };
		62D454B827267CF2009DF0FF /* Supplies.storyboard in Resources */ = {isa = PBXBuildFile; fileRef = 62D454B727267CF2009DF0FF /* Supplies.storyboard */; };
		62D454BA27267D49009DF0FF /* ListTableViewController.swift in Sources */ = {isa = PBXBuildFile; fileRef = 62D454B927267D49009DF0FF /* ListTableViewController.swift */; };
		62D454BD27267D82009DF0FF /* SupplyListTableViewCell.swift in Sources */ = {isa = PBXBuildFile; fileRef = 62D454BB27267D82009DF0FF /* SupplyListTableViewCell.swift */; };
		62D454BE27267D82009DF0FF /* SupplyListTableViewCell.xib in Resources */ = {isa = PBXBuildFile; fileRef = 62D454BC27267D82009DF0FF /* SupplyListTableViewCell.xib */; };
		62D454C027268522009DF0FF /* SupplyCellViewMdoel.swift in Sources */ = {isa = PBXBuildFile; fileRef = 62D454BF27268522009DF0FF /* SupplyCellViewMdoel.swift */; };
		62D454C227268CB6009DF0FF /* SuppliesViewModel.swift in Sources */ = {isa = PBXBuildFile; fileRef = 62D454C127268CB6009DF0FF /* SuppliesViewModel.swift */; };
		62D72CA32759FB7F00DAC577 /* UserDiaryWallViewModel.swift in Sources */ = {isa = PBXBuildFile; fileRef = 62D72CA22759FB7F00DAC577 /* UserDiaryWallViewModel.swift */; };
		62DC920E27473AFE001BB69F /* NetStatusManger.swift in Sources */ = {isa = PBXBuildFile; fileRef = 62DC920D27473AFE001BB69F /* NetStatusManger.swift */; };
		62EF088E2723BCAF006C7D62 /* File.swift in Sources */ = {isa = PBXBuildFile; fileRef = 62EF088D2723BCAF006C7D62 /* File.swift */; };
		62FC6192272586FD00292710 /* Home.storyboard in Resources */ = {isa = PBXBuildFile; fileRef = 62FC6191272586FD00292710 /* Home.storyboard */; };
		62FC6194272588F200292710 /* TabBarViewController.swift in Sources */ = {isa = PBXBuildFile; fileRef = 62FC6193272588F200292710 /* TabBarViewController.swift */; };
		62FC619627258B2300292710 /* UIStoryboard+Extension.swift in Sources */ = {isa = PBXBuildFile; fileRef = 62FC619527258B2300292710 /* UIStoryboard+Extension.swift */; };
		62FC619827258C3B00292710 /* UIImage+Extension.swift in Sources */ = {isa = PBXBuildFile; fileRef = 62FC619727258C3B00292710 /* UIImage+Extension.swift */; };
		62FC619A27258DF900292710 /* Social.storyboard in Resources */ = {isa = PBXBuildFile; fileRef = 62FC619927258DF900292710 /* Social.storyboard */; };
		62FC619E27258E2100292710 /* Message.storyboard in Resources */ = {isa = PBXBuildFile; fileRef = 62FC619D27258E2100292710 /* Message.storyboard */; };
		62FC61A027258E3400292710 /* User.storyboard in Resources */ = {isa = PBXBuildFile; fileRef = 62FC619F27258E3400292710 /* User.storyboard */; };
		6F556AA47000C71AFD333BA4 /* Pods_BFF.framework in Frameworks */ = {isa = PBXBuildFile; fileRef = 4DF47BE281594C125C9DF5FB /* Pods_BFF.framework */; };
/* End PBXBuildFile section */

/* Begin PBXContainerItemProxy section */
		62119A1B274FA718006A3D4E /* PBXContainerItemProxy */ = {
			isa = PBXContainerItemProxy;
			containerPortal = 623340C8271C3B19002B2429 /* Project object */;
			proxyType = 1;
			remoteGlobalIDString = 623340CF271C3B19002B2429;
			remoteInfo = BFF;
		};
/* End PBXContainerItemProxy section */

/* Begin PBXFileReference section */
		4DF47BE281594C125C9DF5FB /* Pods_BFF.framework */ = {isa = PBXFileReference; explicitFileType = wrapper.framework; includeInIndex = 0; path = Pods_BFF.framework; sourceTree = BUILT_PRODUCTS_DIR; };
		560E57137BD3932E8DA0D583 /* Pods-BFF.release.xcconfig */ = {isa = PBXFileReference; includeInIndex = 1; lastKnownFileType = text.xcconfig; name = "Pods-BFF.release.xcconfig"; path = "Target Support Files/Pods-BFF/Pods-BFF.release.xcconfig"; sourceTree = "<group>"; };
		6200C5FA272296970074DB64 /* UserDiariesVC+DiffDataSource.swift */ = {isa = PBXFileReference; lastKnownFileType = sourcecode.swift; path = "UserDiariesVC+DiffDataSource.swift"; sourceTree = "<group>"; };
		6202522E2750B0EB00E8CABD /* UIColorExtension.swift */ = {isa = PBXFileReference; lastKnownFileType = sourcecode.swift; path = UIColorExtension.swift; sourceTree = "<group>"; };
		62119A08274F4188006A3D4E /* FirebaseManger+Diary.swift */ = {isa = PBXFileReference; lastKnownFileType = sourcecode.swift; path = "FirebaseManger+Diary.swift"; sourceTree = "<group>"; };
		62119A0A274F47A8006A3D4E /* FirebaseManger+User.swift */ = {isa = PBXFileReference; lastKnownFileType = sourcecode.swift; path = "FirebaseManger+User.swift"; sourceTree = "<group>"; };
		62119A0C274F4865006A3D4E /* FirebaseManger+Pet.swift */ = {isa = PBXFileReference; lastKnownFileType = sourcecode.swift; path = "FirebaseManger+Pet.swift"; sourceTree = "<group>"; };
		62119A11274F7139006A3D4E /* NavgationBar.swift */ = {isa = PBXFileReference; lastKnownFileType = sourcecode.swift; path = NavgationBar.swift; sourceTree = "<group>"; };
		62119A17274FA718006A3D4E /* BFFTests.xctest */ = {isa = PBXFileReference; explicitFileType = wrapper.cfbundle; includeInIndex = 0; path = BFFTests.xctest; sourceTree = BUILT_PRODUCTS_DIR; };
		62119A19274FA718006A3D4E /* BFFTests.swift */ = {isa = PBXFileReference; lastKnownFileType = sourcecode.swift; path = BFFTests.swift; sourceTree = "<group>"; };
		621FCEAC271E5B990049F42C /* PhotoCellViewModel.swift */ = {isa = PBXFileReference; lastKnownFileType = sourcecode.swift; path = PhotoCellViewModel.swift; sourceTree = "<group>"; };
		622A47252750DF0A00D006C1 /* UIFontExtension.swift */ = {isa = PBXFileReference; lastKnownFileType = sourcecode.swift; path = UIFontExtension.swift; sourceTree = "<group>"; };
		623340D0271C3B19002B2429 /* BFF.app */ = {isa = PBXFileReference; explicitFileType = wrapper.application; includeInIndex = 0; path = BFF.app; sourceTree = BUILT_PRODUCTS_DIR; };
		623340D3271C3B19002B2429 /* AppDelegate.swift */ = {isa = PBXFileReference; lastKnownFileType = sourcecode.swift; path = AppDelegate.swift; sourceTree = "<group>"; };
		623340D5271C3B19002B2429 /* SceneDelegate.swift */ = {isa = PBXFileReference; lastKnownFileType = sourcecode.swift; path = SceneDelegate.swift; sourceTree = "<group>"; };
		623340D7271C3B19002B2429 /* HomePageViewController.swift */ = {isa = PBXFileReference; lastKnownFileType = sourcecode.swift; path = HomePageViewController.swift; sourceTree = "<group>"; };
		623340DC271C3B1B002B2429 /* Assets.xcassets */ = {isa = PBXFileReference; lastKnownFileType = folder.assetcatalog; path = Assets.xcassets; sourceTree = "<group>"; };
		623340DF271C3B1B002B2429 /* Base */ = {isa = PBXFileReference; lastKnownFileType = file.storyboard; name = Base; path = Base.lproj/LaunchScreen.storyboard; sourceTree = "<group>"; };
		623340E1271C3B1B002B2429 /* Info.plist */ = {isa = PBXFileReference; lastKnownFileType = text.plist.xml; path = Info.plist; sourceTree = "<group>"; };
		623340E8271C3F82002B2429 /* GoogleService-Info.plist */ = {isa = PBXFileReference; fileEncoding = 4; lastKnownFileType = text.plist.xml; path = "GoogleService-Info.plist"; sourceTree = "<group>"; };
		62345508276C3D33000253CF /* DiaryViewCell.swift */ = {isa = PBXFileReference; fileEncoding = 4; lastKnownFileType = sourcecode.swift; path = DiaryViewCell.swift; sourceTree = "<group>"; };
		6234550A276C3D96000253CF /* UITableViewDelegate+Extension.swift */ = {isa = PBXFileReference; fileEncoding = 4; lastKnownFileType = sourcecode.swift; path = "UITableViewDelegate+Extension.swift"; sourceTree = "<group>"; };
		6249617C2720F16E0079B244 /* HomePageViewModel.swift */ = {isa = PBXFileReference; lastKnownFileType = sourcecode.swift; path = HomePageViewModel.swift; sourceTree = "<group>"; };
		624C8E072720473F00646C71 /* CreatePetViewModel.swift */ = {isa = PBXFileReference; lastKnownFileType = sourcecode.swift; path = CreatePetViewModel.swift; sourceTree = "<group>"; };
		624CFD732729389B00D77CCA /* NotificationManger.swift */ = {isa = PBXFileReference; lastKnownFileType = sourcecode.swift; path = NotificationManger.swift; sourceTree = "<group>"; };
		624D5C462730CD4A00602125 /* Library.storyboard */ = {isa = PBXFileReference; lastKnownFileType = file.storyboard; path = Library.storyboard; sourceTree = "<group>"; };
		624D5C482730CD7D00602125 /* MapViewController.swift */ = {isa = PBXFileReference; lastKnownFileType = sourcecode.swift; path = MapViewController.swift; sourceTree = "<group>"; };
		624D5C4A2731321700602125 /* MapMarkerWindowView.xib */ = {isa = PBXFileReference; lastKnownFileType = file.xib; path = MapMarkerWindowView.xib; sourceTree = "<group>"; };
		624D5C4C273132D900602125 /* MapMarkerWindow.swift */ = {isa = PBXFileReference; lastKnownFileType = sourcecode.swift; path = MapMarkerWindow.swift; sourceTree = "<group>"; };
		62540416271F187D004F49DC /* DetailViewModel.swift */ = {isa = PBXFileReference; lastKnownFileType = sourcecode.swift; path = DetailViewModel.swift; sourceTree = "<group>"; };
		6254041A271F219B004F49DC /* SocialDiaryWallViewModel.swift */ = {isa = PBXFileReference; lastKnownFileType = sourcecode.swift; path = SocialDiaryWallViewModel.swift; sourceTree = "<group>"; };
		6254041C271F23DD004F49DC /* Box.swift */ = {isa = PBXFileReference; lastKnownFileType = sourcecode.swift; path = Box.swift; sourceTree = "<group>"; };
		62548772272F80C90007B080 /* Date+Extension.swift */ = {isa = PBXFileReference; lastKnownFileType = sourcecode.swift; path = "Date+Extension.swift"; sourceTree = "<group>"; };
		62603AD127278BDC00467E2D /* SupplyDetailViewController.swift */ = {isa = PBXFileReference; lastKnownFileType = sourcecode.swift; path = SupplyDetailViewController.swift; sourceTree = "<group>"; };
		62603AD327278D6100467E2D /* SupplyIconCellTableViewCell.swift */ = {isa = PBXFileReference; lastKnownFileType = sourcecode.swift; path = SupplyIconCellTableViewCell.swift; sourceTree = "<group>"; };
		62603AD527278D8300467E2D /* SupplyNameTableViewCell.swift */ = {isa = PBXFileReference; lastKnownFileType = sourcecode.swift; path = SupplyNameTableViewCell.swift; sourceTree = "<group>"; };
		62603AD727278D9F00467E2D /* SupplyInventoryTableViewCell.swift */ = {isa = PBXFileReference; lastKnownFileType = sourcecode.swift; path = SupplyInventoryTableViewCell.swift; sourceTree = "<group>"; };
		62603AD927278DCB00467E2D /* SupplyPetsTableViewCell.swift */ = {isa = PBXFileReference; lastKnownFileType = sourcecode.swift; path = SupplyPetsTableViewCell.swift; sourceTree = "<group>"; };
		62603ADB27278DDE00467E2D /* SupplyCycleDosageTableViewCell.swift */ = {isa = PBXFileReference; lastKnownFileType = sourcecode.swift; path = SupplyCycleDosageTableViewCell.swift; sourceTree = "<group>"; };
		62603ADD27278E1E00467E2D /* SupplyReminderCellTableViewCell.swift */ = {isa = PBXFileReference; lastKnownFileType = sourcecode.swift; path = SupplyReminderCellTableViewCell.swift; sourceTree = "<group>"; };
		62603ADF27279A4600467E2D /* CubeCollectionViewCell.swift */ = {isa = PBXFileReference; lastKnownFileType = sourcecode.swift; path = CubeCollectionViewCell.swift; sourceTree = "<group>"; };
		62603AE027279A4600467E2D /* CubeCollectionViewCell.xib */ = {isa = PBXFileReference; lastKnownFileType = file.xib; path = CubeCollectionViewCell.xib; sourceTree = "<group>"; };
		62603AE32727B64F00467E2D /* AddNewItemTableViewCell.swift */ = {isa = PBXFileReference; lastKnownFileType = sourcecode.swift; path = AddNewItemTableViewCell.swift; sourceTree = "<group>"; };
		62603AE42727B64F00467E2D /* AddNewItemTableViewCell.xib */ = {isa = PBXFileReference; lastKnownFileType = file.xib; path = AddNewItemTableViewCell.xib; sourceTree = "<group>"; };
		62603AE72727E73D00467E2D /* BFF.entitlements */ = {isa = PBXFileReference; lastKnownFileType = text.plist.entitlements; path = BFF.entitlements; sourceTree = "<group>"; };
		62617494273DF552006F3635 /* BlockPetsListTableViewController.swift */ = {isa = PBXFileReference; lastKnownFileType = sourcecode.swift; path = BlockPetsListTableViewController.swift; sourceTree = "<group>"; };
		62617496273DF5FD006F3635 /* BlocksVeiwModels.swift */ = {isa = PBXFileReference; lastKnownFileType = sourcecode.swift; path = BlocksVeiwModels.swift; sourceTree = "<group>"; };
		6264A8592736BA6200FACF97 /* ChatListTableViewController.swift */ = {isa = PBXFileReference; lastKnownFileType = sourcecode.swift; path = ChatListTableViewController.swift; sourceTree = "<group>"; };
		6267CDEC2733BBD600CFA28D /* ExploreDiariesViewController.swift */ = {isa = PBXFileReference; lastKnownFileType = sourcecode.swift; path = ExploreDiariesViewController.swift; sourceTree = "<group>"; };
		627648A7271D6B840026C3C3 /* FirebaseManager.swift */ = {isa = PBXFileReference; lastKnownFileType = sourcecode.swift; path = FirebaseManager.swift; sourceTree = "<group>"; };
		627ADBC2272A3370000D0457 /* FillSupplyAlertView.swift */ = {isa = PBXFileReference; fileEncoding = 4; lastKnownFileType = sourcecode.swift; path = FillSupplyAlertView.swift; sourceTree = "<group>"; };
		627FC66A27478B8F00E4453B /* NChatListViewModel.swift */ = {isa = PBXFileReference; lastKnownFileType = sourcecode.swift; path = NChatListViewModel.swift; sourceTree = "<group>"; };
		6285C796271DD08D006E13EC /* UserDiariesViewController.swift */ = {isa = PBXFileReference; lastKnownFileType = sourcecode.swift; path = UserDiariesViewController.swift; sourceTree = "<group>"; };
		6285C798271DD519006E13EC /* DairyPhotoCell.swift */ = {isa = PBXFileReference; lastKnownFileType = sourcecode.swift; path = DairyPhotoCell.swift; sourceTree = "<group>"; };
		6285C799271DD519006E13EC /* DairyPhotoCell.xib */ = {isa = PBXFileReference; lastKnownFileType = file.xib; path = DairyPhotoCell.xib; sourceTree = "<group>"; };
		6285C79C271DE49A006E13EC /* SelectedPetsCollectionViewCell.swift */ = {isa = PBXFileReference; lastKnownFileType = sourcecode.swift; path = SelectedPetsCollectionViewCell.swift; sourceTree = "<group>"; };
		6285C79D271DE49A006E13EC /* SelectedPetsCollectionViewCell.xib */ = {isa = PBXFileReference; lastKnownFileType = file.xib; path = SelectedPetsCollectionViewCell.xib; sourceTree = "<group>"; };
		62892FDD27320D4C001A7B32 /* LibaryViewController.swift */ = {isa = PBXFileReference; lastKnownFileType = sourcecode.swift; path = LibaryViewController.swift; sourceTree = "<group>"; };
		62892FDF27321046001A7B32 /* BookCollectionViewCell.swift */ = {isa = PBXFileReference; lastKnownFileType = sourcecode.swift; path = BookCollectionViewCell.swift; sourceTree = "<group>"; };
		62892FE1273210F3001A7B32 /* bookViewModel.swift */ = {isa = PBXFileReference; lastKnownFileType = sourcecode.swift; path = bookViewModel.swift; sourceTree = "<group>"; };
		62892FE32732376D001A7B32 /* SignInViewController.swift */ = {isa = PBXFileReference; lastKnownFileType = sourcecode.swift; path = SignInViewController.swift; sourceTree = "<group>"; };
		62892FEA2732B1A4001A7B32 /* Keys.plist */ = {isa = PBXFileReference; fileEncoding = 4; lastKnownFileType = text.plist.xml; path = Keys.plist; sourceTree = "<group>"; };
		62892FEC2732D092001A7B32 /* ImageSliderView.swift */ = {isa = PBXFileReference; fileEncoding = 4; lastKnownFileType = sourcecode.swift; path = ImageSliderView.swift; sourceTree = "<group>"; };
		62892FF62732F746001A7B32 /* GenJyuuGothic-Medium.ttf */ = {isa = PBXFileReference; lastKnownFileType = file; path = "GenJyuuGothic-Medium.ttf"; sourceTree = "<group>"; };
		62892FF72732F747001A7B32 /* GenJyuuGothic-ExtraLight.ttf */ = {isa = PBXFileReference; lastKnownFileType = file; path = "GenJyuuGothic-ExtraLight.ttf"; sourceTree = "<group>"; };
		62892FF82732F747001A7B32 /* GenJyuuGothic-Bold.ttf */ = {isa = PBXFileReference; lastKnownFileType = file; path = "GenJyuuGothic-Bold.ttf"; sourceTree = "<group>"; };
		62892FF92732F748001A7B32 /* GenJyuuGothic-Regular.ttf */ = {isa = PBXFileReference; lastKnownFileType = file; path = "GenJyuuGothic-Regular.ttf"; sourceTree = "<group>"; };
		62892FFA2732F748001A7B32 /* GenJyuuGothic-Heavy.ttf */ = {isa = PBXFileReference; lastKnownFileType = file; path = "GenJyuuGothic-Heavy.ttf"; sourceTree = "<group>"; };
		62892FFB2732F749001A7B32 /* GenJyuuGothic-Normal.ttf */ = {isa = PBXFileReference; lastKnownFileType = file; path = "GenJyuuGothic-Normal.ttf"; sourceTree = "<group>"; };
		62892FFC2732F749001A7B32 /* GenJyuuGothic-Light.ttf */ = {isa = PBXFileReference; lastKnownFileType = file; path = "GenJyuuGothic-Light.ttf"; sourceTree = "<group>"; };
		62930BDA272C2DCA00BC1908 /* UserData.xcdatamodel */ = {isa = PBXFileReference; lastKnownFileType = wrapper.xcdatamodel; path = UserData.xcdatamodel; sourceTree = "<group>"; };
		62930C11272D0C6800BC1908 /* PicMO+CoreDataClass.swift */ = {isa = PBXFileReference; lastKnownFileType = sourcecode.swift; path = "PicMO+CoreDataClass.swift"; sourceTree = "<group>"; };
		62930C12272D0C6800BC1908 /* PicMO+CoreDataProperties.swift */ = {isa = PBXFileReference; lastKnownFileType = sourcecode.swift; path = "PicMO+CoreDataProperties.swift"; sourceTree = "<group>"; };
		62930C19272D0E2B00BC1908 /* PetMO+CoreDataClass.swift */ = {isa = PBXFileReference; lastKnownFileType = sourcecode.swift; path = "PetMO+CoreDataClass.swift"; sourceTree = "<group>"; };
		62930C1A272D0E2B00BC1908 /* PetMO+CoreDataProperties.swift */ = {isa = PBXFileReference; lastKnownFileType = sourcecode.swift; path = "PetMO+CoreDataProperties.swift"; sourceTree = "<group>"; };
		62930C29272D24F700BC1908 /* UserMO+CoreDataClass.swift */ = {isa = PBXFileReference; lastKnownFileType = sourcecode.swift; path = "UserMO+CoreDataClass.swift"; sourceTree = SOURCE_ROOT; };
		62930C2A272D24F700BC1908 /* UserMO+CoreDataProperties.swift */ = {isa = PBXFileReference; lastKnownFileType = sourcecode.swift; path = "UserMO+CoreDataProperties.swift"; sourceTree = SOURCE_ROOT; };
		62979257271E64D800B68E86 /* Diary.swift */ = {isa = PBXFileReference; lastKnownFileType = sourcecode.swift; path = Diary.swift; sourceTree = "<group>"; };
		62979259271E8A8800B68E86 /* Diary.storyboard */ = {isa = PBXFileReference; lastKnownFileType = file.storyboard; path = Diary.storyboard; sourceTree = "<group>"; };
		6297925B271E947C00B68E86 /* CreateDiaryViewController.swift */ = {isa = PBXFileReference; lastKnownFileType = sourcecode.swift; path = CreateDiaryViewController.swift; sourceTree = "<group>"; };
		6297925D271EAD8900B68E86 /* CreatDiaryVC+UpLoadImage.swift */ = {isa = PBXFileReference; lastKnownFileType = sourcecode.swift; path = "CreatDiaryVC+UpLoadImage.swift"; sourceTree = "<group>"; };
		629FF5B3271D3F8300C7C94A /* WellcomeCollectionViewCell.swift */ = {isa = PBXFileReference; lastKnownFileType = sourcecode.swift; path = WellcomeCollectionViewCell.swift; sourceTree = "<group>"; };
		629FF5B5271D40A400C7C94A /* CatalogCollectionViewCell.swift */ = {isa = PBXFileReference; lastKnownFileType = sourcecode.swift; path = CatalogCollectionViewCell.swift; sourceTree = "<group>"; };
		629FF5B7271D413C00C7C94A /* PetNotificationCollectionViewCell.swift */ = {isa = PBXFileReference; lastKnownFileType = sourcecode.swift; path = PetNotificationCollectionViewCell.swift; sourceTree = "<group>"; };
		629FF5B9271D416B00C7C94A /* PetCollectionViewCell.swift */ = {isa = PBXFileReference; lastKnownFileType = sourcecode.swift; path = PetCollectionViewCell.swift; sourceTree = "<group>"; };
		629FF5BC271D5A0800C7C94A /* KingfisherWrapper.swift */ = {isa = PBXFileReference; lastKnownFileType = sourcecode.swift; path = KingfisherWrapper.swift; sourceTree = "<group>"; };
		629FF5C0271D5DFF00C7C94A /* User.swift */ = {isa = PBXFileReference; lastKnownFileType = sourcecode.swift; path = User.swift; sourceTree = "<group>"; };
		629FF5C2271D5F4200C7C94A /* Pet.swift */ = {isa = PBXFileReference; lastKnownFileType = sourcecode.swift; path = Pet.swift; sourceTree = "<group>"; };
		629FF5C4271D5FCF00C7C94A /* Goal.swift */ = {isa = PBXFileReference; lastKnownFileType = sourcecode.swift; path = Goal.swift; sourceTree = "<group>"; };
		629FF5C6271D614D00C7C94A /* Notification.swift */ = {isa = PBXFileReference; lastKnownFileType = sourcecode.swift; path = Notification.swift; sourceTree = "<group>"; };
		629FF5C8271D623F00C7C94A /* Supply.swift */ = {isa = PBXFileReference; lastKnownFileType = sourcecode.swift; path = Supply.swift; sourceTree = "<group>"; };
		62AB33F727205D5000C8E582 /* NoteViewController.swift */ = {isa = PBXFileReference; lastKnownFileType = sourcecode.swift; path = NoteViewController.swift; sourceTree = "<group>"; };
		62AB33F927205D6E00C8E582 /* Pet.storyboard */ = {isa = PBXFileReference; lastKnownFileType = file.storyboard; path = Pet.storyboard; sourceTree = "<group>"; };
		62AC841B2745212F00249E62 /* TabBar.storyboard */ = {isa = PBXFileReference; fileEncoding = 4; lastKnownFileType = file.storyboard; path = TabBar.storyboard; sourceTree = "<group>"; };
		62B609E4273912F5007FB169 /* PetsProfileViewController.swift */ = {isa = PBXFileReference; lastKnownFileType = sourcecode.swift; path = PetsProfileViewController.swift; sourceTree = "<group>"; };
		62B609E8273A26AE007FB169 /* MenuTableViewCell.swift */ = {isa = PBXFileReference; lastKnownFileType = sourcecode.swift; path = MenuTableViewCell.swift; sourceTree = "<group>"; };
		62B609EA273A52E5007FB169 /* UserAccountViewController.swift */ = {isa = PBXFileReference; lastKnownFileType = sourcecode.swift; path = UserAccountViewController.swift; sourceTree = "<group>"; };
		62B617D0273534D70062BBE5 /* UILabel+Extension.swift */ = {isa = PBXFileReference; lastKnownFileType = sourcecode.swift; path = "UILabel+Extension.swift"; sourceTree = "<group>"; };
		62B617D227365DF20062BBE5 /* CommentTableViewController.swift */ = {isa = PBXFileReference; lastKnownFileType = sourcecode.swift; path = CommentTableViewController.swift; sourceTree = "<group>"; };
		62B617D427365EA50062BBE5 /* CommentViewModel.swift */ = {isa = PBXFileReference; lastKnownFileType = sourcecode.swift; path = CommentViewModel.swift; sourceTree = "<group>"; };
		62B617D627365FFE0062BBE5 /* Comment.swift */ = {isa = PBXFileReference; lastKnownFileType = sourcecode.swift; path = Comment.swift; sourceTree = "<group>"; };
		62B617D8273682B30062BBE5 /* CoreDataManger.swift */ = {isa = PBXFileReference; lastKnownFileType = sourcecode.swift; path = CoreDataManger.swift; sourceTree = "<group>"; };
		62B617DA2736A5D60062BBE5 /* Message.swift */ = {isa = PBXFileReference; lastKnownFileType = sourcecode.swift; path = Message.swift; sourceTree = "<group>"; };
		62B617DC2736B0FF0062BBE5 /* MyChatTableViewCell.swift */ = {isa = PBXFileReference; fileEncoding = 4; lastKnownFileType = sourcecode.swift; path = MyChatTableViewCell.swift; sourceTree = "<group>"; };
		62B617DD2736B0FF0062BBE5 /* MyChatTableViewCell.xib */ = {isa = PBXFileReference; fileEncoding = 4; lastKnownFileType = file.xib; path = MyChatTableViewCell.xib; sourceTree = "<group>"; };
		62B617E02736B1C20062BBE5 /* ChatViewController.swift */ = {isa = PBXFileReference; fileEncoding = 4; lastKnownFileType = sourcecode.swift; path = ChatViewController.swift; sourceTree = "<group>"; };
		62B617E22736B3890062BBE5 /* OtherChatTableViewCell.xib */ = {isa = PBXFileReference; fileEncoding = 4; lastKnownFileType = file.xib; path = OtherChatTableViewCell.xib; sourceTree = "<group>"; };
		62B617E32736B3890062BBE5 /* OtherChatTableViewCell.swift */ = {isa = PBXFileReference; fileEncoding = 4; lastKnownFileType = sourcecode.swift; path = OtherChatTableViewCell.swift; sourceTree = "<group>"; };
		62BA00FE272E7B7C00A19478 /* PetsListTableViewController.swift */ = {isa = PBXFileReference; lastKnownFileType = sourcecode.swift; path = PetsListTableViewController.swift; sourceTree = "<group>"; };
		62BA0100272E7DF400A19478 /* PetHealthCardListTableViewCell.swift */ = {isa = PBXFileReference; lastKnownFileType = sourcecode.swift; path = PetHealthCardListTableViewCell.swift; sourceTree = "<group>"; };
		62BA0102272E7EBE00A19478 /* PetHealthCellViewModel.swift */ = {isa = PBXFileReference; lastKnownFileType = sourcecode.swift; path = PetHealthCellViewModel.swift; sourceTree = "<group>"; };
		62BF3FB9272A7D6600F6DFB5 /* FillSupplyAlertView.xib */ = {isa = PBXFileReference; fileEncoding = 4; lastKnownFileType = file.xib; path = FillSupplyAlertView.xib; sourceTree = "<group>"; };
		62C38D8A272EB154008DEE8B /* AddPet.json */ = {isa = PBXFileReference; fileEncoding = 4; lastKnownFileType = text.json; path = AddPet.json; sourceTree = "<group>"; };
		62C38D8C272EDC0D008DEE8B /* Goal.storyboard */ = {isa = PBXFileReference; lastKnownFileType = file.storyboard; path = Goal.storyboard; sourceTree = "<group>"; };
		62C38D8E272EE631008DEE8B /* GoalViewController.swift */ = {isa = PBXFileReference; lastKnownFileType = sourcecode.swift; path = GoalViewController.swift; sourceTree = "<group>"; };
		62C38D90272EE89D008DEE8B /* GoalCollectionViewCellA.swift */ = {isa = PBXFileReference; lastKnownFileType = sourcecode.swift; path = GoalCollectionViewCellA.swift; sourceTree = "<group>"; };
		62C38D92272EEA96008DEE8B /* GoalCollectionViewCellB.swift */ = {isa = PBXFileReference; lastKnownFileType = sourcecode.swift; path = GoalCollectionViewCellB.swift; sourceTree = "<group>"; };
		62C38D94272EEAA6008DEE8B /* GoalCollectionViewCellC.swift */ = {isa = PBXFileReference; lastKnownFileType = sourcecode.swift; path = GoalCollectionViewCellC.swift; sourceTree = "<group>"; };
		62C38D96272EEAB4008DEE8B /* GoalCollectionViewCellD.swift */ = {isa = PBXFileReference; lastKnownFileType = sourcecode.swift; path = GoalCollectionViewCellD.swift; sourceTree = "<group>"; };
		62C80D152720115B00EE2FB1 /* CreatPetsVC+UploadImge.swift */ = {isa = PBXFileReference; fileEncoding = 4; lastKnownFileType = sourcecode.swift; path = "CreatPetsVC+UploadImge.swift"; sourceTree = "<group>"; };
		62C80D162720115B00EE2FB1 /* CreatePetViewController.swift */ = {isa = PBXFileReference; fileEncoding = 4; lastKnownFileType = sourcecode.swift; path = CreatePetViewController.swift; sourceTree = "<group>"; };
		62C80D192720117800EE2FB1 /* PetInfoTableTableViewCell.xib */ = {isa = PBXFileReference; fileEncoding = 4; lastKnownFileType = file.xib; path = PetInfoTableTableViewCell.xib; sourceTree = "<group>"; };
		62C80D1A2720117800EE2FB1 /* PetInfoTableTableViewCell.swift */ = {isa = PBXFileReference; fileEncoding = 4; lastKnownFileType = sourcecode.swift; path = PetInfoTableTableViewCell.swift; sourceTree = "<group>"; };
		62CF7A97271EEF68003A25C4 /* DiaryDetailViewController.swift */ = {isa = PBXFileReference; lastKnownFileType = sourcecode.swift; path = DiaryDetailViewController.swift; sourceTree = "<group>"; };
		62D454B727267CF2009DF0FF /* Supplies.storyboard */ = {isa = PBXFileReference; lastKnownFileType = file.storyboard; path = Supplies.storyboard; sourceTree = "<group>"; };
		62D454B927267D49009DF0FF /* ListTableViewController.swift */ = {isa = PBXFileReference; lastKnownFileType = sourcecode.swift; path = ListTableViewController.swift; sourceTree = "<group>"; };
		62D454BB27267D82009DF0FF /* SupplyListTableViewCell.swift */ = {isa = PBXFileReference; lastKnownFileType = sourcecode.swift; path = SupplyListTableViewCell.swift; sourceTree = "<group>"; };
		62D454BC27267D82009DF0FF /* SupplyListTableViewCell.xib */ = {isa = PBXFileReference; lastKnownFileType = file.xib; path = SupplyListTableViewCell.xib; sourceTree = "<group>"; };
		62D454BF27268522009DF0FF /* SupplyCellViewMdoel.swift */ = {isa = PBXFileReference; lastKnownFileType = sourcecode.swift; path = SupplyCellViewMdoel.swift; sourceTree = "<group>"; };
		62D454C127268CB6009DF0FF /* SuppliesViewModel.swift */ = {isa = PBXFileReference; lastKnownFileType = sourcecode.swift; path = SuppliesViewModel.swift; sourceTree = "<group>"; };
		62D72CA22759FB7F00DAC577 /* UserDiaryWallViewModel.swift */ = {isa = PBXFileReference; lastKnownFileType = sourcecode.swift; path = UserDiaryWallViewModel.swift; sourceTree = "<group>"; };
		62DC920D27473AFE001BB69F /* NetStatusManger.swift */ = {isa = PBXFileReference; lastKnownFileType = sourcecode.swift; path = NetStatusManger.swift; sourceTree = "<group>"; };
		62EF088D2723BCAF006C7D62 /* File.swift */ = {isa = PBXFileReference; lastKnownFileType = sourcecode.swift; path = File.swift; sourceTree = "<group>"; };
		62FC6191272586FD00292710 /* Home.storyboard */ = {isa = PBXFileReference; fileEncoding = 4; lastKnownFileType = file.storyboard; path = Home.storyboard; sourceTree = "<group>"; };
		62FC6193272588F200292710 /* TabBarViewController.swift */ = {isa = PBXFileReference; lastKnownFileType = sourcecode.swift; path = TabBarViewController.swift; sourceTree = "<group>"; };
		62FC619527258B2300292710 /* UIStoryboard+Extension.swift */ = {isa = PBXFileReference; lastKnownFileType = sourcecode.swift; path = "UIStoryboard+Extension.swift"; sourceTree = "<group>"; };
		62FC619727258C3B00292710 /* UIImage+Extension.swift */ = {isa = PBXFileReference; lastKnownFileType = sourcecode.swift; path = "UIImage+Extension.swift"; sourceTree = "<group>"; };
		62FC619927258DF900292710 /* Social.storyboard */ = {isa = PBXFileReference; lastKnownFileType = file.storyboard; path = Social.storyboard; sourceTree = "<group>"; };
		62FC619D27258E2100292710 /* Message.storyboard */ = {isa = PBXFileReference; lastKnownFileType = file.storyboard; path = Message.storyboard; sourceTree = "<group>"; };
		62FC619F27258E3400292710 /* User.storyboard */ = {isa = PBXFileReference; lastKnownFileType = file.storyboard; path = User.storyboard; sourceTree = "<group>"; };
		6F0D1407C85A5AF3F0B1C3CE /* Pods-BFFTests.release.xcconfig */ = {isa = PBXFileReference; includeInIndex = 1; lastKnownFileType = text.xcconfig; name = "Pods-BFFTests.release.xcconfig"; path = "Target Support Files/Pods-BFFTests/Pods-BFFTests.release.xcconfig"; sourceTree = "<group>"; };
		894DB1F4DE51572883F27B0D /* Pods_BFFTests.framework */ = {isa = PBXFileReference; explicitFileType = wrapper.framework; includeInIndex = 0; path = Pods_BFFTests.framework; sourceTree = BUILT_PRODUCTS_DIR; };
		B4D199ED89E9ED7DFC5E8A35 /* Pods-BFF.debug.xcconfig */ = {isa = PBXFileReference; includeInIndex = 1; lastKnownFileType = text.xcconfig; name = "Pods-BFF.debug.xcconfig"; path = "Target Support Files/Pods-BFF/Pods-BFF.debug.xcconfig"; sourceTree = "<group>"; };
		E19E8777D46872D8A0EE2661 /* Pods-BFFTests.debug.xcconfig */ = {isa = PBXFileReference; includeInIndex = 1; lastKnownFileType = text.xcconfig; name = "Pods-BFFTests.debug.xcconfig"; path = "Target Support Files/Pods-BFFTests/Pods-BFFTests.debug.xcconfig"; sourceTree = "<group>"; };
/* End PBXFileReference section */

/* Begin PBXFrameworksBuildPhase section */
		62119A14274FA718006A3D4E /* Frameworks */ = {
			isa = PBXFrameworksBuildPhase;
			buildActionMask = 2147483647;
			files = (
				45558D494B32B41E1D9584E8 /* Pods_BFFTests.framework in Frameworks */,
			);
			runOnlyForDeploymentPostprocessing = 0;
		};
		623340CD271C3B19002B2429 /* Frameworks */ = {
			isa = PBXFrameworksBuildPhase;
			buildActionMask = 2147483647;
			files = (
				6F556AA47000C71AFD333BA4 /* Pods_BFF.framework in Frameworks */,
			);
			runOnlyForDeploymentPostprocessing = 0;
		};
/* End PBXFrameworksBuildPhase section */

/* Begin PBXGroup section */
		1EE2AE606C96718EABB00AA2 /* Pods */ = {
			isa = PBXGroup;
			children = (
				B4D199ED89E9ED7DFC5E8A35 /* Pods-BFF.debug.xcconfig */,
				560E57137BD3932E8DA0D583 /* Pods-BFF.release.xcconfig */,
				E19E8777D46872D8A0EE2661 /* Pods-BFFTests.debug.xcconfig */,
				6F0D1407C85A5AF3F0B1C3CE /* Pods-BFFTests.release.xcconfig */,
			);
			path = Pods;
			sourceTree = "<group>";
		};
		6202522D2750AF8100E8CABD /* Color */ = {
			isa = PBXGroup;
			children = (
				6202522E2750B0EB00E8CABD /* UIColorExtension.swift */,
			);
			path = Color;
			sourceTree = "<group>";
		};
		62119A18274FA718006A3D4E /* BFFTests */ = {
			isa = PBXGroup;
			children = (
				62119A19274FA718006A3D4E /* BFFTests.swift */,
			);
			path = BFFTests;
			sourceTree = "<group>";
		};
		621FCEAB271E5B7E0049F42C /* ViewModel */ = {
			isa = PBXGroup;
			children = (
				62B617D427365EA50062BBE5 /* CommentViewModel.swift */,
				621FCEAC271E5B990049F42C /* PhotoCellViewModel.swift */,
				62540416271F187D004F49DC /* DetailViewModel.swift */,
				6254041A271F219B004F49DC /* SocialDiaryWallViewModel.swift */,
				62D72CA22759FB7F00DAC577 /* UserDiaryWallViewModel.swift */,
				624C8E072720473F00646C71 /* CreatePetViewModel.swift */,
				6249617C2720F16E0079B244 /* HomePageViewModel.swift */,
				62D454BF27268522009DF0FF /* SupplyCellViewMdoel.swift */,
				62D454C127268CB6009DF0FF /* SuppliesViewModel.swift */,
				62BA0102272E7EBE00A19478 /* PetHealthCellViewModel.swift */,
				62892FE1273210F3001A7B32 /* bookViewModel.swift */,
				62617496273DF5FD006F3635 /* BlocksVeiwModels.swift */,
				627FC66A27478B8F00E4453B /* NChatListViewModel.swift */,
			);
			path = ViewModel;
			sourceTree = "<group>";
		};
		623340C7271C3B19002B2429 = {
			isa = PBXGroup;
			children = (
				623340D2271C3B19002B2429 /* BFF */,
				62119A18274FA718006A3D4E /* BFFTests */,
				623340D1271C3B19002B2429 /* Products */,
				1EE2AE606C96718EABB00AA2 /* Pods */,
				CFE417F39DBB4CFF519A8800 /* Frameworks */,
			);
			sourceTree = "<group>";
		};
		623340D1271C3B19002B2429 /* Products */ = {
			isa = PBXGroup;
			children = (
				623340D0271C3B19002B2429 /* BFF.app */,
				62119A17274FA718006A3D4E /* BFFTests.xctest */,
			);
			name = Products;
			sourceTree = "<group>";
		};
		623340D2271C3B19002B2429 /* BFF */ = {
			isa = PBXGroup;
			children = (
				6202522D2750AF8100E8CABD /* Color */,
				62892FF52732F499001A7B32 /* Font */,
				62930BDC272D005C00BC1908 /* CoreData */,
				62603AE72727E73D00467E2D /* BFF.entitlements */,
				62F483EC27280B2900D5A649 /* Unit */,
				62F483EB27280B0C00D5A649 /* Extension */,
				629FF5BB271D59E700C7C94A /* Third Party Wrapper */,
				6285C795271DD059006E13EC /* Controller */,
				62DB93EA2741ED1800D884E3 /* Goal */,
				621FCEAB271E5B7E0049F42C /* ViewModel */,
				627648A6271D6B680026C3C3 /* Network */,
				629FF5BF271D5DDD00C7C94A /* Model */,
				629FF5B2271D3C2900C7C94A /* View */,
				62DB93F52741F00C00D884E3 /* Storyboard */,
				62DB93F62741F02900D884E3 /* Source */,
				623340D3271C3B19002B2429 /* AppDelegate.swift */,
				623340D5271C3B19002B2429 /* SceneDelegate.swift */,
				623340E8271C3F82002B2429 /* GoogleService-Info.plist */,
				62892FEA2732B1A4001A7B32 /* Keys.plist */,
				623340E1271C3B1B002B2429 /* Info.plist */,
			);
			path = BFF;
			sourceTree = "<group>";
		};
		627648A6271D6B680026C3C3 /* Network */ = {
			isa = PBXGroup;
			children = (
				627648A7271D6B840026C3C3 /* FirebaseManager.swift */,
				62119A08274F4188006A3D4E /* FirebaseManger+Diary.swift */,
				62119A0A274F47A8006A3D4E /* FirebaseManger+User.swift */,
				62119A0C274F4865006A3D4E /* FirebaseManger+Pet.swift */,
				624CFD732729389B00D77CCA /* NotificationManger.swift */,
				62B617D8273682B30062BBE5 /* CoreDataManger.swift */,
				62DC920D27473AFE001BB69F /* NetStatusManger.swift */,
			);
			path = Network;
			sourceTree = "<group>";
		};
		6285C795271DD059006E13EC /* Controller */ = {
			isa = PBXGroup;
			children = (
				62DB93E52741EC4C00D884E3 /* Home */,
				62DB93E92741ECCA00D884E3 /* Supply */,
				62DB93E82741ECAF00D884E3 /* Pets */,
				62DB93E72741EC8900D884E3 /* Social */,
				62DB93E62741EC6D00D884E3 /* Diary */,
				62DB93EB2741ED3D00D884E3 /* Libary */,
			);
			path = Controller;
			sourceTree = "<group>";
		};
		62892FF52732F499001A7B32 /* Font */ = {
			isa = PBXGroup;
			children = (
				62892FF82732F747001A7B32 /* GenJyuuGothic-Bold.ttf */,
				62892FF72732F747001A7B32 /* GenJyuuGothic-ExtraLight.ttf */,
				62892FFA2732F748001A7B32 /* GenJyuuGothic-Heavy.ttf */,
				62892FFC2732F749001A7B32 /* GenJyuuGothic-Light.ttf */,
				62892FF62732F746001A7B32 /* GenJyuuGothic-Medium.ttf */,
				62892FFB2732F749001A7B32 /* GenJyuuGothic-Normal.ttf */,
				62892FF92732F748001A7B32 /* GenJyuuGothic-Regular.ttf */,
				622A47252750DF0A00D006C1 /* UIFontExtension.swift */,
			);
			path = Font;
			sourceTree = "<group>";
		};
		62930BDC272D005C00BC1908 /* CoreData */ = {
			isa = PBXGroup;
			children = (
				62930C29272D24F700BC1908 /* UserMO+CoreDataClass.swift */,
				62930C2A272D24F700BC1908 /* UserMO+CoreDataProperties.swift */,
				62930C19272D0E2B00BC1908 /* PetMO+CoreDataClass.swift */,
				62930C1A272D0E2B00BC1908 /* PetMO+CoreDataProperties.swift */,
				62930C11272D0C6800BC1908 /* PicMO+CoreDataClass.swift */,
				62930C12272D0C6800BC1908 /* PicMO+CoreDataProperties.swift */,
			);
			path = CoreData;
			sourceTree = "<group>";
		};
		629FF5B2271D3C2900C7C94A /* View */ = {
			isa = PBXGroup;
			children = (
				62DB93F42741EFF100D884E3 /* Home */,
				62DB93EC2741EEB200D884E3 /* Social */,
				62DB93ED2741EEE300D884E3 /* Login */,
				62DB93EE2741EF3100D884E3 /* Supply */,
				62DB93EF2741EF4E00D884E3 /* Pet */,
				62D861BC27336A4B00668D25 /* HomePageView */,
				62DB93F02741EF8800D884E3 /* Diary */,
				62DB93F22741EFB100D884E3 /* Goal */,
				62DB93F32741EFCF00D884E3 /* Basic */,
				62DB93F12741EFA500D884E3 /* Libary */,
			);
			path = View;
			sourceTree = "<group>";
		};
		629FF5BB271D59E700C7C94A /* Third Party Wrapper */ = {
			isa = PBXGroup;
			children = (
				629FF5BC271D5A0800C7C94A /* KingfisherWrapper.swift */,
				62EF088D2723BCAF006C7D62 /* File.swift */,
			);
			path = "Third Party Wrapper";
			sourceTree = "<group>";
		};
		629FF5BF271D5DDD00C7C94A /* Model */ = {
			isa = PBXGroup;
			children = (
				629FF5C0271D5DFF00C7C94A /* User.swift */,
				629FF5C2271D5F4200C7C94A /* Pet.swift */,
				629FF5C4271D5FCF00C7C94A /* Goal.swift */,
				629FF5C6271D614D00C7C94A /* Notification.swift */,
				629FF5C8271D623F00C7C94A /* Supply.swift */,
				62979257271E64D800B68E86 /* Diary.swift */,
				62B617D627365FFE0062BBE5 /* Comment.swift */,
				62B617DA2736A5D60062BBE5 /* Message.swift */,
			);
			path = Model;
			sourceTree = "<group>";
		};
		62D861BC27336A4B00668D25 /* HomePageView */ = {
			isa = PBXGroup;
			children = (
				629FF5B3271D3F8300C7C94A /* WellcomeCollectionViewCell.swift */,
				629FF5B5271D40A400C7C94A /* CatalogCollectionViewCell.swift */,
				629FF5B7271D413C00C7C94A /* PetNotificationCollectionViewCell.swift */,
				629FF5B9271D416B00C7C94A /* PetCollectionViewCell.swift */,
			);
			path = HomePageView;
			sourceTree = "<group>";
		};
		62DB93E52741EC4C00D884E3 /* Home */ = {
			isa = PBXGroup;
			children = (
				623340D7271C3B19002B2429 /* HomePageViewController.swift */,
				62617494273DF552006F3635 /* BlockPetsListTableViewController.swift */,
				62892FE32732376D001A7B32 /* SignInViewController.swift */,
				62B609EA273A52E5007FB169 /* UserAccountViewController.swift */,
				62FC6193272588F200292710 /* TabBarViewController.swift */,
			);
			path = Home;
			sourceTree = "<group>";
		};
		62DB93E62741EC6D00D884E3 /* Diary */ = {
			isa = PBXGroup;
			children = (
				62CF7A97271EEF68003A25C4 /* DiaryDetailViewController.swift */,
				6200C5FA272296970074DB64 /* UserDiariesVC+DiffDataSource.swift */,
				6285C796271DD08D006E13EC /* UserDiariesViewController.swift */,
				6297925B271E947C00B68E86 /* CreateDiaryViewController.swift */,
				6297925D271EAD8900B68E86 /* CreatDiaryVC+UpLoadImage.swift */,
			);
			path = Diary;
			sourceTree = "<group>";
		};
		62DB93E72741EC8900D884E3 /* Social */ = {
			isa = PBXGroup;
			children = (
				62B617D227365DF20062BBE5 /* CommentTableViewController.swift */,
				6264A8592736BA6200FACF97 /* ChatListTableViewController.swift */,
				6267CDEC2733BBD600CFA28D /* ExploreDiariesViewController.swift */,
				62B617E02736B1C20062BBE5 /* ChatViewController.swift */,
			);
			path = Social;
			sourceTree = "<group>";
		};
		62DB93E82741ECAF00D884E3 /* Pets */ = {
			isa = PBXGroup;
			children = (
				62BA00FE272E7B7C00A19478 /* PetsListTableViewController.swift */,
				62B609E4273912F5007FB169 /* PetsProfileViewController.swift */,
				62AB33F727205D5000C8E582 /* NoteViewController.swift */,
				62C80D152720115B00EE2FB1 /* CreatPetsVC+UploadImge.swift */,
				62C80D162720115B00EE2FB1 /* CreatePetViewController.swift */,
			);
			path = Pets;
			sourceTree = "<group>";
		};
		62DB93E92741ECCA00D884E3 /* Supply */ = {
			isa = PBXGroup;
			children = (
				62D454B927267D49009DF0FF /* ListTableViewController.swift */,
				62603AD127278BDC00467E2D /* SupplyDetailViewController.swift */,
			);
			path = Supply;
			sourceTree = "<group>";
		};
		62DB93EA2741ED1800D884E3 /* Goal */ = {
			isa = PBXGroup;
			children = (
				62C38D8E272EE631008DEE8B /* GoalViewController.swift */,
			);
			path = Goal;
			sourceTree = "<group>";
		};
		62DB93EB2741ED3D00D884E3 /* Libary */ = {
			isa = PBXGroup;
			children = (
				624D5C482730CD7D00602125 /* MapViewController.swift */,
				62892FDD27320D4C001A7B32 /* LibaryViewController.swift */,
			);
			path = Libary;
			sourceTree = "<group>";
		};
		62DB93EC2741EEB200D884E3 /* Social */ = {
			isa = PBXGroup;
			children = (
				62345508276C3D33000253CF /* DiaryViewCell.swift */,
				62B617E32736B3890062BBE5 /* OtherChatTableViewCell.swift */,
				62B617E22736B3890062BBE5 /* OtherChatTableViewCell.xib */,
				62B617DC2736B0FF0062BBE5 /* MyChatTableViewCell.swift */,
				62B617DD2736B0FF0062BBE5 /* MyChatTableViewCell.xib */,
			);
			path = Social;
			sourceTree = "<group>";
		};
		62DB93ED2741EEE300D884E3 /* Login */ = {
			isa = PBXGroup;
			children = (
				62892FEC2732D092001A7B32 /* ImageSliderView.swift */,
			);
			path = Login;
			sourceTree = "<group>";
		};
		62DB93EE2741EF3100D884E3 /* Supply */ = {
			isa = PBXGroup;
			children = (
				627ADBC2272A3370000D0457 /* FillSupplyAlertView.swift */,
				62BF3FB9272A7D6600F6DFB5 /* FillSupplyAlertView.xib */,
				62603AE32727B64F00467E2D /* AddNewItemTableViewCell.swift */,
				62603AE42727B64F00467E2D /* AddNewItemTableViewCell.xib */,
				62D454BB27267D82009DF0FF /* SupplyListTableViewCell.swift */,
				62D454BC27267D82009DF0FF /* SupplyListTableViewCell.xib */,
				62603AD327278D6100467E2D /* SupplyIconCellTableViewCell.swift */,
				62603AD527278D8300467E2D /* SupplyNameTableViewCell.swift */,
				62603AD727278D9F00467E2D /* SupplyInventoryTableViewCell.swift */,
				62603AD927278DCB00467E2D /* SupplyPetsTableViewCell.swift */,
				62603ADB27278DDE00467E2D /* SupplyCycleDosageTableViewCell.swift */,
				62603ADD27278E1E00467E2D /* SupplyReminderCellTableViewCell.swift */,
			);
			path = Supply;
			sourceTree = "<group>";
		};
		62DB93EF2741EF4E00D884E3 /* Pet */ = {
			isa = PBXGroup;
			children = (
				6285C79C271DE49A006E13EC /* SelectedPetsCollectionViewCell.swift */,
				6285C79D271DE49A006E13EC /* SelectedPetsCollectionViewCell.xib */,
				62C80D1A2720117800EE2FB1 /* PetInfoTableTableViewCell.swift */,
				62C80D192720117800EE2FB1 /* PetInfoTableTableViewCell.xib */,
				62BA0100272E7DF400A19478 /* PetHealthCardListTableViewCell.swift */,
			);
			path = Pet;
			sourceTree = "<group>";
		};
		62DB93F02741EF8800D884E3 /* Diary */ = {
			isa = PBXGroup;
			children = (
				6285C798271DD519006E13EC /* DairyPhotoCell.swift */,
				6285C799271DD519006E13EC /* DairyPhotoCell.xib */,
			);
			path = Diary;
			sourceTree = "<group>";
		};
		62DB93F12741EFA500D884E3 /* Libary */ = {
			isa = PBXGroup;
			children = (
				624D5C4A2731321700602125 /* MapMarkerWindowView.xib */,
				624D5C4C273132D900602125 /* MapMarkerWindow.swift */,
				62892FDF27321046001A7B32 /* BookCollectionViewCell.swift */,
			);
			path = Libary;
			sourceTree = "<group>";
		};
		62DB93F22741EFB100D884E3 /* Goal */ = {
			isa = PBXGroup;
			children = (
				62C38D90272EE89D008DEE8B /* GoalCollectionViewCellA.swift */,
				62C38D92272EEA96008DEE8B /* GoalCollectionViewCellB.swift */,
				62C38D94272EEAA6008DEE8B /* GoalCollectionViewCellC.swift */,
				62C38D96272EEAB4008DEE8B /* GoalCollectionViewCellD.swift */,
			);
			path = Goal;
			sourceTree = "<group>";
		};
		62DB93F32741EFCF00D884E3 /* Basic */ = {
			isa = PBXGroup;
			children = (
				62603ADF27279A4600467E2D /* CubeCollectionViewCell.swift */,
				62603AE027279A4600467E2D /* CubeCollectionViewCell.xib */,
			);
			path = Basic;
			sourceTree = "<group>";
		};
		62DB93F42741EFF100D884E3 /* Home */ = {
			isa = PBXGroup;
			children = (
				62B609E8273A26AE007FB169 /* MenuTableViewCell.swift */,
			);
			path = Home;
			sourceTree = "<group>";
		};
		62DB93F52741F00C00D884E3 /* Storyboard */ = {
			isa = PBXGroup;
			children = (
				62979259271E8A8800B68E86 /* Diary.storyboard */,
				623340DE271C3B1B002B2429 /* LaunchScreen.storyboard */,
				62AB33F927205D6E00C8E582 /* Pet.storyboard */,
				62FC619F27258E3400292710 /* User.storyboard */,
				62AC841B2745212F00249E62 /* TabBar.storyboard */,
				62FC619D27258E2100292710 /* Message.storyboard */,
				62D454B727267CF2009DF0FF /* Supplies.storyboard */,
				62FC619927258DF900292710 /* Social.storyboard */,
				62C38D8C272EDC0D008DEE8B /* Goal.storyboard */,
				62FC6191272586FD00292710 /* Home.storyboard */,
				624D5C462730CD4A00602125 /* Library.storyboard */,
			);
			path = Storyboard;
			sourceTree = "<group>";
		};
		62DB93F62741F02900D884E3 /* Source */ = {
			isa = PBXGroup;
			children = (
				62C38D8A272EB154008DEE8B /* AddPet.json */,
				623340DC271C3B1B002B2429 /* Assets.xcassets */,
				62930BD9272C2DCA00BC1908 /* UserData.xcdatamodeld */,
			);
			path = Source;
			sourceTree = "<group>";
		};
		62F483EB27280B0C00D5A649 /* Extension */ = {
			isa = PBXGroup;
			children = (
				62FC619527258B2300292710 /* UIStoryboard+Extension.swift */,
				6234550A276C3D96000253CF /* UITableViewDelegate+Extension.swift */,
				62FC619727258C3B00292710 /* UIImage+Extension.swift */,
				62548772272F80C90007B080 /* Date+Extension.swift */,
				62B617D0273534D70062BBE5 /* UILabel+Extension.swift */,
			);
			path = Extension;
			sourceTree = "<group>";
		};
		62F483EC27280B2900D5A649 /* Unit */ = {
			isa = PBXGroup;
			children = (
				62119A11274F7139006A3D4E /* NavgationBar.swift */,
				6254041C271F23DD004F49DC /* Box.swift */,
			);
			path = Unit;
			sourceTree = "<group>";
		};
		CFE417F39DBB4CFF519A8800 /* Frameworks */ = {
			isa = PBXGroup;
			children = (
				4DF47BE281594C125C9DF5FB /* Pods_BFF.framework */,
				894DB1F4DE51572883F27B0D /* Pods_BFFTests.framework */,
			);
			name = Frameworks;
			sourceTree = "<group>";
		};
/* End PBXGroup section */

/* Begin PBXNativeTarget section */
		62119A16274FA718006A3D4E /* BFFTests */ = {
			isa = PBXNativeTarget;
			buildConfigurationList = 62119A1D274FA718006A3D4E /* Build configuration list for PBXNativeTarget "BFFTests" */;
			buildPhases = (
				4021CF209D4FEE27EDD7CD6A /* [CP] Check Pods Manifest.lock */,
				62119A13274FA718006A3D4E /* Sources */,
				62119A14274FA718006A3D4E /* Frameworks */,
				62119A15274FA718006A3D4E /* Resources */,
				931E613085C0B34030AC6A09 /* [CP] Embed Pods Frameworks */,
			);
			buildRules = (
			);
			dependencies = (
				62119A1C274FA718006A3D4E /* PBXTargetDependency */,
			);
			name = BFFTests;
			productName = BFFTests;
			productReference = 62119A17274FA718006A3D4E /* BFFTests.xctest */;
			productType = "com.apple.product-type.bundle.unit-test";
		};
		623340CF271C3B19002B2429 /* BFF */ = {
			isa = PBXNativeTarget;
			buildConfigurationList = 623340E4271C3B1B002B2429 /* Build configuration list for PBXNativeTarget "BFF" */;
			buildPhases = (
				6C19DD6D257AECC8846ED232 /* [CP] Check Pods Manifest.lock */,
				623340CC271C3B19002B2429 /* Sources */,
				623340CD271C3B19002B2429 /* Frameworks */,
				623340CE271C3B19002B2429 /* Resources */,
				623340E7271C3C12002B2429 /* ShellScript */,
				5E12E02F9784568B8C1A8085 /* [CP] Embed Pods Frameworks */,
				774F8B0F2E4F6419DEE9D9F0 /* [CP] Copy Pods Resources */,
				62AC841D27460B9600249E62 /* Run Script */,
			);
			buildRules = (
			);
			dependencies = (
			);
			name = BFF;
			productName = BFF;
			productReference = 623340D0271C3B19002B2429 /* BFF.app */;
			productType = "com.apple.product-type.application";
		};
/* End PBXNativeTarget section */

/* Begin PBXProject section */
		623340C8271C3B19002B2429 /* Project object */ = {
			isa = PBXProject;
			attributes = {
				BuildIndependentTargetsInParallel = 1;
				LastSwiftUpdateCheck = 1300;
				LastUpgradeCheck = 1300;
				TargetAttributes = {
					62119A16274FA718006A3D4E = {
						CreatedOnToolsVersion = 13.0;
						TestTargetID = 623340CF271C3B19002B2429;
					};
					623340CF271C3B19002B2429 = {
						CreatedOnToolsVersion = 13.0;
					};
				};
			};
			buildConfigurationList = 623340CB271C3B19002B2429 /* Build configuration list for PBXProject "BFF" */;
			compatibilityVersion = "Xcode 13.0";
			developmentRegion = en;
			hasScannedForEncodings = 0;
			knownRegions = (
				en,
				Base,
			);
			mainGroup = 623340C7271C3B19002B2429;
			productRefGroup = 623340D1271C3B19002B2429 /* Products */;
			projectDirPath = "";
			projectRoot = "";
			targets = (
				623340CF271C3B19002B2429 /* BFF */,
				62119A16274FA718006A3D4E /* BFFTests */,
			);
		};
/* End PBXProject section */

/* Begin PBXResourcesBuildPhase section */
		62119A15274FA718006A3D4E /* Resources */ = {
			isa = PBXResourcesBuildPhase;
			buildActionMask = 2147483647;
			files = (
			);
			runOnlyForDeploymentPostprocessing = 0;
		};
		623340CE271C3B19002B2429 /* Resources */ = {
			isa = PBXResourcesBuildPhase;
			buildActionMask = 2147483647;
			files = (
				62603AE227279A4600467E2D /* CubeCollectionViewCell.xib in Resources */,
				6297925A271E8A8800B68E86 /* Diary.storyboard in Resources */,
				62892FEB2732B1A4001A7B32 /* Keys.plist in Resources */,
				628930022732F749001A7B32 /* GenJyuuGothic-Normal.ttf in Resources */,
				628930002732F749001A7B32 /* GenJyuuGothic-Regular.ttf in Resources */,
				62B617DF2736B0FF0062BBE5 /* MyChatTableViewCell.xib in Resources */,
				624D5C4B2731321700602125 /* MapMarkerWindowView.xib in Resources */,
				62FC61A027258E3400292710 /* User.storyboard in Resources */,
				62FC6192272586FD00292710 /* Home.storyboard in Resources */,
				62892FFE2732F749001A7B32 /* GenJyuuGothic-ExtraLight.ttf in Resources */,
				62892FFD2732F749001A7B32 /* GenJyuuGothic-Medium.ttf in Resources */,
				628930032732F749001A7B32 /* GenJyuuGothic-Light.ttf in Resources */,
				623340E0271C3B1B002B2429 /* LaunchScreen.storyboard in Resources */,
				628930012732F749001A7B32 /* GenJyuuGothic-Heavy.ttf in Resources */,
				62D454BE27267D82009DF0FF /* SupplyListTableViewCell.xib in Resources */,
				62B617E42736B3890062BBE5 /* OtherChatTableViewCell.xib in Resources */,
				623340E9271C3F82002B2429 /* GoogleService-Info.plist in Resources */,
				623340DD271C3B1B002B2429 /* Assets.xcassets in Resources */,
				62FC619A27258DF900292710 /* Social.storyboard in Resources */,
				62892FFF2732F749001A7B32 /* GenJyuuGothic-Bold.ttf in Resources */,
				62AC841C2745212F00249E62 /* TabBar.storyboard in Resources */,
				6285C79F271DE49A006E13EC /* SelectedPetsCollectionViewCell.xib in Resources */,
				62603AE62727B64F00467E2D /* AddNewItemTableViewCell.xib in Resources */,
				62D454B827267CF2009DF0FF /* Supplies.storyboard in Resources */,
				62BF3FBA272A7D6600F6DFB5 /* FillSupplyAlertView.xib in Resources */,
				62C80D1B2720117800EE2FB1 /* PetInfoTableTableViewCell.xib in Resources */,
				6285C79B271DD519006E13EC /* DairyPhotoCell.xib in Resources */,
				62FC619E27258E2100292710 /* Message.storyboard in Resources */,
				62C38D8D272EDC0D008DEE8B /* Goal.storyboard in Resources */,
				62AB33FA27205D6E00C8E582 /* Pet.storyboard in Resources */,
				62C38D8B272EB154008DEE8B /* AddPet.json in Resources */,
				624D5C472730CD4A00602125 /* Library.storyboard in Resources */,
			);
			runOnlyForDeploymentPostprocessing = 0;
		};
/* End PBXResourcesBuildPhase section */

/* Begin PBXShellScriptBuildPhase section */
		4021CF209D4FEE27EDD7CD6A /* [CP] Check Pods Manifest.lock */ = {
			isa = PBXShellScriptBuildPhase;
			buildActionMask = 2147483647;
			files = (
			);
			inputFileListPaths = (
			);
			inputPaths = (
				"${PODS_PODFILE_DIR_PATH}/Podfile.lock",
				"${PODS_ROOT}/Manifest.lock",
			);
			name = "[CP] Check Pods Manifest.lock";
			outputFileListPaths = (
			);
			outputPaths = (
				"$(DERIVED_FILE_DIR)/Pods-BFFTests-checkManifestLockResult.txt",
			);
			runOnlyForDeploymentPostprocessing = 0;
			shellPath = /bin/sh;
			shellScript = "diff \"${PODS_PODFILE_DIR_PATH}/Podfile.lock\" \"${PODS_ROOT}/Manifest.lock\" > /dev/null\nif [ $? != 0 ] ; then\n    # print error to STDERR\n    echo \"error: The sandbox is not in sync with the Podfile.lock. Run 'pod install' or update your CocoaPods installation.\" >&2\n    exit 1\nfi\n# This output is used by Xcode 'outputs' to avoid re-running this script phase.\necho \"SUCCESS\" > \"${SCRIPT_OUTPUT_FILE_0}\"\n";
			showEnvVarsInLog = 0;
		};
		5E12E02F9784568B8C1A8085 /* [CP] Embed Pods Frameworks */ = {
			isa = PBXShellScriptBuildPhase;
			buildActionMask = 2147483647;
			files = (
			);
			inputFileListPaths = (
				"${PODS_ROOT}/Target Support Files/Pods-BFF/Pods-BFF-frameworks-${CONFIGURATION}-input-files.xcfilelist",
			);
			name = "[CP] Embed Pods Frameworks";
			outputFileListPaths = (
				"${PODS_ROOT}/Target Support Files/Pods-BFF/Pods-BFF-frameworks-${CONFIGURATION}-output-files.xcfilelist",
			);
			runOnlyForDeploymentPostprocessing = 0;
			shellPath = /bin/sh;
			shellScript = "\"${PODS_ROOT}/Target Support Files/Pods-BFF/Pods-BFF-frameworks.sh\"\n";
			showEnvVarsInLog = 0;
		};
		623340E7271C3C12002B2429 /* ShellScript */ = {
			isa = PBXShellScriptBuildPhase;
			buildActionMask = 2147483647;
			files = (
			);
			inputFileListPaths = (
			);
			inputPaths = (
			);
			outputFileListPaths = (
			);
			outputPaths = (
			);
			runOnlyForDeploymentPostprocessing = 0;
			shellPath = /bin/sh;
			shellScript = "\"${PODS_ROOT}/SwiftLint/swiftlint\"\n";
		};
		62AC841D27460B9600249E62 /* Run Script */ = {
			isa = PBXShellScriptBuildPhase;
			buildActionMask = 2147483647;
			files = (
			);
			inputFileListPaths = (
			);
			inputPaths = (
				"${DWARF_DSYM_FOLDER_PATH}/${DWARF_DSYM_FILE_NAME}/Contents/Resources/DWARF/${TARGET_NAME}",
				"$(SRCROOT)/$(BUILT_PRODUCTS_DIR)/$(INFOPLIST_PATH)",
			);
			name = "Run Script";
			outputFileListPaths = (
			);
			outputPaths = (
			);
			runOnlyForDeploymentPostprocessing = 0;
			shellPath = /bin/sh;
			shellScript = "\"${PODS_ROOT}/FirebaseCrashlytics/run\"\n";
		};
		6C19DD6D257AECC8846ED232 /* [CP] Check Pods Manifest.lock */ = {
			isa = PBXShellScriptBuildPhase;
			buildActionMask = 2147483647;
			files = (
			);
			inputFileListPaths = (
			);
			inputPaths = (
				"${PODS_PODFILE_DIR_PATH}/Podfile.lock",
				"${PODS_ROOT}/Manifest.lock",
			);
			name = "[CP] Check Pods Manifest.lock";
			outputFileListPaths = (
			);
			outputPaths = (
				"$(DERIVED_FILE_DIR)/Pods-BFF-checkManifestLockResult.txt",
			);
			runOnlyForDeploymentPostprocessing = 0;
			shellPath = /bin/sh;
			shellScript = "diff \"${PODS_PODFILE_DIR_PATH}/Podfile.lock\" \"${PODS_ROOT}/Manifest.lock\" > /dev/null\nif [ $? != 0 ] ; then\n    # print error to STDERR\n    echo \"error: The sandbox is not in sync with the Podfile.lock. Run 'pod install' or update your CocoaPods installation.\" >&2\n    exit 1\nfi\n# This output is used by Xcode 'outputs' to avoid re-running this script phase.\necho \"SUCCESS\" > \"${SCRIPT_OUTPUT_FILE_0}\"\n";
			showEnvVarsInLog = 0;
		};
		774F8B0F2E4F6419DEE9D9F0 /* [CP] Copy Pods Resources */ = {
			isa = PBXShellScriptBuildPhase;
			buildActionMask = 2147483647;
			files = (
			);
			inputFileListPaths = (
				"${PODS_ROOT}/Target Support Files/Pods-BFF/Pods-BFF-resources-${CONFIGURATION}-input-files.xcfilelist",
			);
			name = "[CP] Copy Pods Resources";
			outputFileListPaths = (
				"${PODS_ROOT}/Target Support Files/Pods-BFF/Pods-BFF-resources-${CONFIGURATION}-output-files.xcfilelist",
			);
			runOnlyForDeploymentPostprocessing = 0;
			shellPath = /bin/sh;
			shellScript = "\"${PODS_ROOT}/Target Support Files/Pods-BFF/Pods-BFF-resources.sh\"\n";
			showEnvVarsInLog = 0;
		};
		931E613085C0B34030AC6A09 /* [CP] Embed Pods Frameworks */ = {
			isa = PBXShellScriptBuildPhase;
			buildActionMask = 2147483647;
			files = (
			);
			inputFileListPaths = (
				"${PODS_ROOT}/Target Support Files/Pods-BFFTests/Pods-BFFTests-frameworks-${CONFIGURATION}-input-files.xcfilelist",
			);
			name = "[CP] Embed Pods Frameworks";
			outputFileListPaths = (
				"${PODS_ROOT}/Target Support Files/Pods-BFFTests/Pods-BFFTests-frameworks-${CONFIGURATION}-output-files.xcfilelist",
			);
			runOnlyForDeploymentPostprocessing = 0;
			shellPath = /bin/sh;
			shellScript = "\"${PODS_ROOT}/Target Support Files/Pods-BFFTests/Pods-BFFTests-frameworks.sh\"\n";
			showEnvVarsInLog = 0;
		};
/* End PBXShellScriptBuildPhase section */

/* Begin PBXSourcesBuildPhase section */
		62119A13274FA718006A3D4E /* Sources */ = {
			isa = PBXSourcesBuildPhase;
			buildActionMask = 2147483647;
			files = (
				62119A1A274FA718006A3D4E /* BFFTests.swift in Sources */,
			);
			runOnlyForDeploymentPostprocessing = 0;
		};
		623340CC271C3B19002B2429 /* Sources */ = {
			isa = PBXSourcesBuildPhase;
			buildActionMask = 2147483647;
			files = (
				629FF5B4271D3F8300C7C94A /* WellcomeCollectionViewCell.swift in Sources */,
				62CF7A98271EEF68003A25C4 /* DiaryDetailViewController.swift in Sources */,
				62D454BD27267D82009DF0FF /* SupplyListTableViewCell.swift in Sources */,
				62BA0103272E7EBE00A19478 /* PetHealthCellViewModel.swift in Sources */,
				62C38D97272EEAB4008DEE8B /* GoalCollectionViewCellD.swift in Sources */,
				624CFD742729389B00D77CCA /* NotificationManger.swift in Sources */,
				62603AD627278D8300467E2D /* SupplyNameTableViewCell.swift in Sources */,
				62540417271F187D004F49DC /* DetailViewModel.swift in Sources */,
				62FC619827258C3B00292710 /* UIImage+Extension.swift in Sources */,
				62B617E52736B3890062BBE5 /* OtherChatTableViewCell.swift in Sources */,
				62548773272F80C90007B080 /* Date+Extension.swift in Sources */,
				62930C2C272D24F700BC1908 /* UserMO+CoreDataProperties.swift in Sources */,
				6285C797271DD08D006E13EC /* UserDiariesViewController.swift in Sources */,
				62930C18272D0C6800BC1908 /* PicMO+CoreDataProperties.swift in Sources */,
				62603AD827278D9F00467E2D /* SupplyInventoryTableViewCell.swift in Sources */,
				62930C1C272D0E2B00BC1908 /* PetMO+CoreDataProperties.swift in Sources */,
				62892FE027321046001A7B32 /* BookCollectionViewCell.swift in Sources */,
				623340D8271C3B19002B2429 /* HomePageViewController.swift in Sources */,
				62930BDB272C2DCA00BC1908 /* UserData.xcdatamodeld in Sources */,
				62D454C027268522009DF0FF /* SupplyCellViewMdoel.swift in Sources */,
				627648A8271D6B840026C3C3 /* FirebaseManager.swift in Sources */,
				629FF5B6271D40A400C7C94A /* CatalogCollectionViewCell.swift in Sources */,
				62603ADC27278DDE00467E2D /* SupplyCycleDosageTableViewCell.swift in Sources */,
				62119A0B274F47A8006A3D4E /* FirebaseManger+User.swift in Sources */,
				62C38D8F272EE631008DEE8B /* GoalViewController.swift in Sources */,
				62603AD227278BDC00467E2D /* SupplyDetailViewController.swift in Sources */,
				62892FED2732D092001A7B32 /* ImageSliderView.swift in Sources */,
				62BA0101272E7DF400A19478 /* PetHealthCardListTableViewCell.swift in Sources */,
				62892FE42732376D001A7B32 /* SignInViewController.swift in Sources */,
				6267CDED2733BBD600CFA28D /* ExploreDiariesViewController.swift in Sources */,
				62979258271E64D800B68E86 /* Diary.swift in Sources */,
				6249617D2720F16E0079B244 /* HomePageViewModel.swift in Sources */,
				624D5C492730CD7D00602125 /* MapViewController.swift in Sources */,
				62892FE2273210F3001A7B32 /* bookViewModel.swift in Sources */,
				6254041B271F219B004F49DC /* SocialDiaryWallViewModel.swift in Sources */,
				62EF088E2723BCAF006C7D62 /* File.swift in Sources */,
				62119A0D274F4865006A3D4E /* FirebaseManger+Pet.swift in Sources */,
				62B617DB2736A5D60062BBE5 /* Message.swift in Sources */,
				6202522F2750B0EB00E8CABD /* UIColorExtension.swift in Sources */,
				623340D4271C3B19002B2429 /* AppDelegate.swift in Sources */,
				623340D6271C3B19002B2429 /* SceneDelegate.swift in Sources */,
				62930C17272D0C6800BC1908 /* PicMO+CoreDataClass.swift in Sources */,
				62B617D9273682B30062BBE5 /* CoreDataManger.swift in Sources */,
				62603ADE27278E1E00467E2D /* SupplyReminderCellTableViewCell.swift in Sources */,
				62892FDE27320D4C001A7B32 /* LibaryViewController.swift in Sources */,
				6264A85A2736BA6200FACF97 /* ChatListTableViewController.swift in Sources */,
				62B617D727365FFE0062BBE5 /* Comment.swift in Sources */,
				624C8E082720473F00646C71 /* CreatePetViewModel.swift in Sources */,
				62DC920E27473AFE001BB69F /* NetStatusManger.swift in Sources */,
				6297925C271E947C00B68E86 /* CreateDiaryViewController.swift in Sources */,
				629FF5C3271D5F4200C7C94A /* Pet.swift in Sources */,
				629FF5C1271D5DFF00C7C94A /* User.swift in Sources */,
				6254041D271F23DD004F49DC /* Box.swift in Sources */,
				62B617E12736B1C20062BBE5 /* ChatViewController.swift in Sources */,
				62B609EB273A52E5007FB169 /* UserAccountViewController.swift in Sources */,
				629FF5BD271D5A0800C7C94A /* KingfisherWrapper.swift in Sources */,
				62C38D93272EEA96008DEE8B /* GoalCollectionViewCellB.swift in Sources */,
				6285C79A271DD519006E13EC /* DairyPhotoCell.swift in Sources */,
				62B609E5273912F5007FB169 /* PetsProfileViewController.swift in Sources */,
				629FF5C9271D623F00C7C94A /* Supply.swift in Sources */,
				62603AE127279A4600467E2D /* CubeCollectionViewCell.swift in Sources */,
				62B617D327365DF20062BBE5 /* CommentTableViewController.swift in Sources */,
				62603ADA27278DCB00467E2D /* SupplyPetsTableViewCell.swift in Sources */,
				629FF5C7271D614D00C7C94A /* Notification.swift in Sources */,
				624D5C4D273132D900602125 /* MapMarkerWindow.swift in Sources */,
				62D454C227268CB6009DF0FF /* SuppliesViewModel.swift in Sources */,
				62617495273DF552006F3635 /* BlockPetsListTableViewController.swift in Sources */,
				62BA00FF272E7B7C00A19478 /* PetsListTableViewController.swift in Sources */,
				62B609E9273A26AE007FB169 /* MenuTableViewCell.swift in Sources */,
				629FF5BA271D416B00C7C94A /* PetCollectionViewCell.swift in Sources */,
				6285C79E271DE49A006E13EC /* SelectedPetsCollectionViewCell.swift in Sources */,
				629FF5C5271D5FCF00C7C94A /* Goal.swift in Sources */,
				62930C1B272D0E2B00BC1908 /* PetMO+CoreDataClass.swift in Sources */,
				6200C5FB272296970074DB64 /* UserDiariesVC+DiffDataSource.swift in Sources */,
				627FC66B27478B9000E4453B /* NChatListViewModel.swift in Sources */,
				62FC6194272588F200292710 /* TabBarViewController.swift in Sources */,
				629FF5B8271D413C00C7C94A /* PetNotificationCollectionViewCell.swift in Sources */,
				62C38D95272EEAA6008DEE8B /* GoalCollectionViewCellC.swift in Sources */,
				62345509276C3D33000253CF /* DiaryViewCell.swift in Sources */,
				622A47262750DF0A00D006C1 /* UIFontExtension.swift in Sources */,
				62603AD427278D6100467E2D /* SupplyIconCellTableViewCell.swift in Sources */,
				621FCEAD271E5B990049F42C /* PhotoCellViewModel.swift in Sources */,
				6297925E271EAD8900B68E86 /* CreatDiaryVC+UpLoadImage.swift in Sources */,
				62603AE52727B64F00467E2D /* AddNewItemTableViewCell.swift in Sources */,
				62119A12274F7139006A3D4E /* NavgationBar.swift in Sources */,
				62D72CA32759FB7F00DAC577 /* UserDiaryWallViewModel.swift in Sources */,
				62C80D182720115B00EE2FB1 /* CreatePetViewController.swift in Sources */,
				62C80D1C2720117800EE2FB1 /* PetInfoTableTableViewCell.swift in Sources */,
				62B617D1273534D70062BBE5 /* UILabel+Extension.swift in Sources */,
				62AB33F827205D5000C8E582 /* NoteViewController.swift in Sources */,
				62119A09274F4188006A3D4E /* FirebaseManger+Diary.swift in Sources */,
				62617497273DF5FD006F3635 /* BlocksVeiwModels.swift in Sources */,
				6234550B276C3D96000253CF /* UITableViewDelegate+Extension.swift in Sources */,
				62C80D172720115B00EE2FB1 /* CreatPetsVC+UploadImge.swift in Sources */,
				62C38D91272EE89D008DEE8B /* GoalCollectionViewCellA.swift in Sources */,
				62930C2B272D24F700BC1908 /* UserMO+CoreDataClass.swift in Sources */,
				62B617DE2736B0FF0062BBE5 /* MyChatTableViewCell.swift in Sources */,
				62FC619627258B2300292710 /* UIStoryboard+Extension.swift in Sources */,
				62D454BA27267D49009DF0FF /* ListTableViewController.swift in Sources */,
				62B617D527365EA50062BBE5 /* CommentViewModel.swift in Sources */,
				627ADBCB272A7876000D0457 /* FillSupplyAlertView.swift in Sources */,
			);
			runOnlyForDeploymentPostprocessing = 0;
		};
/* End PBXSourcesBuildPhase section */

/* Begin PBXTargetDependency section */
		62119A1C274FA718006A3D4E /* PBXTargetDependency */ = {
			isa = PBXTargetDependency;
			target = 623340CF271C3B19002B2429 /* BFF */;
			targetProxy = 62119A1B274FA718006A3D4E /* PBXContainerItemProxy */;
		};
/* End PBXTargetDependency section */

/* Begin PBXVariantGroup section */
		623340DE271C3B1B002B2429 /* LaunchScreen.storyboard */ = {
			isa = PBXVariantGroup;
			children = (
				623340DF271C3B1B002B2429 /* Base */,
			);
			name = LaunchScreen.storyboard;
			sourceTree = "<group>";
		};
/* End PBXVariantGroup section */

/* Begin XCBuildConfiguration section */
		62119A1E274FA718006A3D4E /* Debug */ = {
			isa = XCBuildConfiguration;
			baseConfigurationReference = E19E8777D46872D8A0EE2661 /* Pods-BFFTests.debug.xcconfig */;
			buildSettings = {
				BUNDLE_LOADER = "$(TEST_HOST)";
				CODE_SIGN_STYLE = Automatic;
				CURRENT_PROJECT_VERSION = 1;
				DEBUG_INFORMATION_FORMAT = dwarf;
				DEVELOPMENT_TEAM = 94F23Z62YB;
				GENERATE_INFOPLIST_FILE = YES;
				LD_RUNPATH_SEARCH_PATHS = (
					"$(inherited)",
					"@executable_path/Frameworks",
					"@loader_path/Frameworks",
				);
				MARKETING_VERSION = 1.0;
				PRODUCT_BUNDLE_IDENTIFIER = yulin.BFFTests;
				PRODUCT_NAME = "$(TARGET_NAME)";
				SWIFT_EMIT_LOC_STRINGS = NO;
				SWIFT_VERSION = 5.0;
				TARGETED_DEVICE_FAMILY = "1,2";
				TEST_HOST = "$(BUILT_PRODUCTS_DIR)/BFF.app/BFF";
			};
			name = Debug;
		};
		62119A1F274FA718006A3D4E /* Release */ = {
			isa = XCBuildConfiguration;
			baseConfigurationReference = 6F0D1407C85A5AF3F0B1C3CE /* Pods-BFFTests.release.xcconfig */;
			buildSettings = {
				BUNDLE_LOADER = "$(TEST_HOST)";
				CODE_SIGN_STYLE = Automatic;
				CURRENT_PROJECT_VERSION = 1;
				DEVELOPMENT_TEAM = 94F23Z62YB;
				GENERATE_INFOPLIST_FILE = YES;
				LD_RUNPATH_SEARCH_PATHS = (
					"$(inherited)",
					"@executable_path/Frameworks",
					"@loader_path/Frameworks",
				);
				MARKETING_VERSION = 1.0;
				PRODUCT_BUNDLE_IDENTIFIER = yulin.BFFTests;
				PRODUCT_NAME = "$(TARGET_NAME)";
				SWIFT_EMIT_LOC_STRINGS = NO;
				SWIFT_VERSION = 5.0;
				TARGETED_DEVICE_FAMILY = "1,2";
				TEST_HOST = "$(BUILT_PRODUCTS_DIR)/BFF.app/BFF";
			};
			name = Release;
		};
		623340E2271C3B1B002B2429 /* Debug */ = {
			isa = XCBuildConfiguration;
			buildSettings = {
				ALWAYS_SEARCH_USER_PATHS = NO;
				CLANG_ANALYZER_NONNULL = YES;
				CLANG_ANALYZER_NUMBER_OBJECT_CONVERSION = YES_AGGRESSIVE;
				CLANG_CXX_LANGUAGE_STANDARD = "gnu++17";
				CLANG_CXX_LIBRARY = "libc++";
				CLANG_ENABLE_MODULES = YES;
				CLANG_ENABLE_OBJC_ARC = YES;
				CLANG_ENABLE_OBJC_WEAK = YES;
				CLANG_WARN_BLOCK_CAPTURE_AUTORELEASING = YES;
				CLANG_WARN_BOOL_CONVERSION = YES;
				CLANG_WARN_COMMA = YES;
				CLANG_WARN_CONSTANT_CONVERSION = YES;
				CLANG_WARN_DEPRECATED_OBJC_IMPLEMENTATIONS = YES;
				CLANG_WARN_DIRECT_OBJC_ISA_USAGE = YES_ERROR;
				CLANG_WARN_DOCUMENTATION_COMMENTS = YES;
				CLANG_WARN_EMPTY_BODY = YES;
				CLANG_WARN_ENUM_CONVERSION = YES;
				CLANG_WARN_INFINITE_RECURSION = YES;
				CLANG_WARN_INT_CONVERSION = YES;
				CLANG_WARN_NON_LITERAL_NULL_CONVERSION = YES;
				CLANG_WARN_OBJC_IMPLICIT_RETAIN_SELF = YES;
				CLANG_WARN_OBJC_LITERAL_CONVERSION = YES;
				CLANG_WARN_OBJC_ROOT_CLASS = YES_ERROR;
				CLANG_WARN_QUOTED_INCLUDE_IN_FRAMEWORK_HEADER = YES;
				CLANG_WARN_RANGE_LOOP_ANALYSIS = YES;
				CLANG_WARN_STRICT_PROTOTYPES = YES;
				CLANG_WARN_SUSPICIOUS_MOVE = YES;
				CLANG_WARN_UNGUARDED_AVAILABILITY = YES_AGGRESSIVE;
				CLANG_WARN_UNREACHABLE_CODE = YES;
				CLANG_WARN__DUPLICATE_METHOD_MATCH = YES;
				COPY_PHASE_STRIP = NO;
				DEBUG_INFORMATION_FORMAT = "dwarf-with-dsym";
				ENABLE_STRICT_OBJC_MSGSEND = YES;
				ENABLE_TESTABILITY = YES;
				GCC_C_LANGUAGE_STANDARD = gnu11;
				GCC_DYNAMIC_NO_PIC = NO;
				GCC_NO_COMMON_BLOCKS = YES;
				GCC_OPTIMIZATION_LEVEL = 0;
				GCC_PREPROCESSOR_DEFINITIONS = (
					"DEBUG=1",
					"$(inherited)",
				);
				GCC_WARN_64_TO_32_BIT_CONVERSION = YES;
				GCC_WARN_ABOUT_RETURN_TYPE = YES_ERROR;
				GCC_WARN_UNDECLARED_SELECTOR = YES;
				GCC_WARN_UNINITIALIZED_AUTOS = YES_AGGRESSIVE;
				GCC_WARN_UNUSED_FUNCTION = YES;
				GCC_WARN_UNUSED_VARIABLE = YES;
				IPHONEOS_DEPLOYMENT_TARGET = 15.0;
				MTL_ENABLE_DEBUG_INFO = INCLUDE_SOURCE;
				MTL_FAST_MATH = YES;
				ONLY_ACTIVE_ARCH = YES;
				SDKROOT = iphoneos;
				SWIFT_ACTIVE_COMPILATION_CONDITIONS = DEBUG;
				SWIFT_OPTIMIZATION_LEVEL = "-Onone";
			};
			name = Debug;
		};
		623340E3271C3B1B002B2429 /* Release */ = {
			isa = XCBuildConfiguration;
			buildSettings = {
				ALWAYS_SEARCH_USER_PATHS = NO;
				CLANG_ANALYZER_NONNULL = YES;
				CLANG_ANALYZER_NUMBER_OBJECT_CONVERSION = YES_AGGRESSIVE;
				CLANG_CXX_LANGUAGE_STANDARD = "gnu++17";
				CLANG_CXX_LIBRARY = "libc++";
				CLANG_ENABLE_MODULES = YES;
				CLANG_ENABLE_OBJC_ARC = YES;
				CLANG_ENABLE_OBJC_WEAK = YES;
				CLANG_WARN_BLOCK_CAPTURE_AUTORELEASING = YES;
				CLANG_WARN_BOOL_CONVERSION = YES;
				CLANG_WARN_COMMA = YES;
				CLANG_WARN_CONSTANT_CONVERSION = YES;
				CLANG_WARN_DEPRECATED_OBJC_IMPLEMENTATIONS = YES;
				CLANG_WARN_DIRECT_OBJC_ISA_USAGE = YES_ERROR;
				CLANG_WARN_DOCUMENTATION_COMMENTS = YES;
				CLANG_WARN_EMPTY_BODY = YES;
				CLANG_WARN_ENUM_CONVERSION = YES;
				CLANG_WARN_INFINITE_RECURSION = YES;
				CLANG_WARN_INT_CONVERSION = YES;
				CLANG_WARN_NON_LITERAL_NULL_CONVERSION = YES;
				CLANG_WARN_OBJC_IMPLICIT_RETAIN_SELF = YES;
				CLANG_WARN_OBJC_LITERAL_CONVERSION = YES;
				CLANG_WARN_OBJC_ROOT_CLASS = YES_ERROR;
				CLANG_WARN_QUOTED_INCLUDE_IN_FRAMEWORK_HEADER = YES;
				CLANG_WARN_RANGE_LOOP_ANALYSIS = YES;
				CLANG_WARN_STRICT_PROTOTYPES = YES;
				CLANG_WARN_SUSPICIOUS_MOVE = YES;
				CLANG_WARN_UNGUARDED_AVAILABILITY = YES_AGGRESSIVE;
				CLANG_WARN_UNREACHABLE_CODE = YES;
				CLANG_WARN__DUPLICATE_METHOD_MATCH = YES;
				COPY_PHASE_STRIP = NO;
				DEBUG_INFORMATION_FORMAT = "dwarf-with-dsym";
				ENABLE_NS_ASSERTIONS = NO;
				ENABLE_STRICT_OBJC_MSGSEND = YES;
				GCC_C_LANGUAGE_STANDARD = gnu11;
				GCC_NO_COMMON_BLOCKS = YES;
				GCC_WARN_64_TO_32_BIT_CONVERSION = YES;
				GCC_WARN_ABOUT_RETURN_TYPE = YES_ERROR;
				GCC_WARN_UNDECLARED_SELECTOR = YES;
				GCC_WARN_UNINITIALIZED_AUTOS = YES_AGGRESSIVE;
				GCC_WARN_UNUSED_FUNCTION = YES;
				GCC_WARN_UNUSED_VARIABLE = YES;
				IPHONEOS_DEPLOYMENT_TARGET = 15.0;
				MTL_ENABLE_DEBUG_INFO = NO;
				MTL_FAST_MATH = YES;
				SDKROOT = iphoneos;
				SWIFT_COMPILATION_MODE = wholemodule;
				SWIFT_OPTIMIZATION_LEVEL = "-O";
				VALIDATE_PRODUCT = YES;
			};
			name = Release;
		};
		623340E5271C3B1B002B2429 /* Debug */ = {
			isa = XCBuildConfiguration;
			baseConfigurationReference = B4D199ED89E9ED7DFC5E8A35 /* Pods-BFF.debug.xcconfig */;
			buildSettings = {
				ASSETCATALOG_COMPILER_APPICON_NAME = AppIcon;
				ASSETCATALOG_COMPILER_GLOBAL_ACCENT_COLOR_NAME = AccentColor;
				CODE_SIGN_ENTITLEMENTS = BFF/BFF.entitlements;
				CODE_SIGN_STYLE = Automatic;
				CURRENT_PROJECT_VERSION = 1;
				DEVELOPMENT_TEAM = 94F23Z62YB;
				GENERATE_INFOPLIST_FILE = YES;
				INFOPLIST_FILE = BFF/Info.plist;
				INFOPLIST_KEY_CFBundleDisplayName = "BFF Diary";
				INFOPLIST_KEY_NSLocationAlwaysUsageDescription = "We need your current location to fetch nearby pet facilities";
				INFOPLIST_KEY_NSLocationUsageDescription = "We need your current location to fetch nearby pet facilities";
				INFOPLIST_KEY_NSLocationWhenInUseUsageDescription = "We need your current location to fetch nearby pet facilities";
				INFOPLIST_KEY_UIApplicationSupportsIndirectInputEvents = YES;
				INFOPLIST_KEY_UILaunchStoryboardName = LaunchScreen;
				INFOPLIST_KEY_UISupportedInterfaceOrientations = UIInterfaceOrientationPortrait;
				INFOPLIST_KEY_UISupportedInterfaceOrientations_iPad = "UIInterfaceOrientationPortrait UIInterfaceOrientationPortraitUpsideDown";
				INFOPLIST_KEY_UISupportedInterfaceOrientations_iPhone = UIInterfaceOrientationPortrait;
				INFOPLIST_KEY_UIUserInterfaceStyle = Light;
				IPHONEOS_DEPLOYMENT_TARGET = 13.0;
				LD_RUNPATH_SEARCH_PATHS = (
					"$(inherited)",
					"@executable_path/Frameworks",
				);
				MARKETING_VERSION = 1.0.4;
				PRODUCT_BUNDLE_IDENTIFIER = yulin.BFF;
				PRODUCT_NAME = "$(TARGET_NAME)";
				SWIFT_EMIT_LOC_STRINGS = YES;
				SWIFT_VERSION = 5.0;
				TARGETED_DEVICE_FAMILY = 1;
			};
			name = Debug;
		};
		623340E6271C3B1B002B2429 /* Release */ = {
			isa = XCBuildConfiguration;
			baseConfigurationReference = 560E57137BD3932E8DA0D583 /* Pods-BFF.release.xcconfig */;
			buildSettings = {
				ASSETCATALOG_COMPILER_APPICON_NAME = AppIcon;
				ASSETCATALOG_COMPILER_GLOBAL_ACCENT_COLOR_NAME = AccentColor;
				CODE_SIGN_ENTITLEMENTS = BFF/BFF.entitlements;
				CODE_SIGN_STYLE = Automatic;
				CURRENT_PROJECT_VERSION = 1;
				DEVELOPMENT_TEAM = 94F23Z62YB;
				GENERATE_INFOPLIST_FILE = YES;
				INFOPLIST_FILE = BFF/Info.plist;
				INFOPLIST_KEY_CFBundleDisplayName = "BFF Diary";
				INFOPLIST_KEY_NSLocationAlwaysUsageDescription = "We need your current location to fetch nearby pet facilities";
				INFOPLIST_KEY_NSLocationUsageDescription = "We need your current location to fetch nearby pet facilities";
				INFOPLIST_KEY_NSLocationWhenInUseUsageDescription = "We need your current location to fetch nearby pet facilities";
				INFOPLIST_KEY_UIApplicationSupportsIndirectInputEvents = YES;
				INFOPLIST_KEY_UILaunchStoryboardName = LaunchScreen;
				INFOPLIST_KEY_UISupportedInterfaceOrientations = UIInterfaceOrientationPortrait;
				INFOPLIST_KEY_UISupportedInterfaceOrientations_iPad = "UIInterfaceOrientationPortrait UIInterfaceOrientationPortraitUpsideDown";
				INFOPLIST_KEY_UISupportedInterfaceOrientations_iPhone = UIInterfaceOrientationPortrait;
				INFOPLIST_KEY_UIUserInterfaceStyle = Light;
				IPHONEOS_DEPLOYMENT_TARGET = 13.0;
				LD_RUNPATH_SEARCH_PATHS = (
					"$(inherited)",
					"@executable_path/Frameworks",
				);
				MARKETING_VERSION = 1.0.4;
				PRODUCT_BUNDLE_IDENTIFIER = yulin.BFF;
				PRODUCT_NAME = "$(TARGET_NAME)";
				SWIFT_EMIT_LOC_STRINGS = YES;
				SWIFT_VERSION = 5.0;
				TARGETED_DEVICE_FAMILY = 1;
			};
			name = Release;
		};
/* End XCBuildConfiguration section */

/* Begin XCConfigurationList section */
		62119A1D274FA718006A3D4E /* Build configuration list for PBXNativeTarget "BFFTests" */ = {
			isa = XCConfigurationList;
			buildConfigurations = (
				62119A1E274FA718006A3D4E /* Debug */,
				62119A1F274FA718006A3D4E /* Release */,
			);
			defaultConfigurationIsVisible = 0;
			defaultConfigurationName = Release;
		};
		623340CB271C3B19002B2429 /* Build configuration list for PBXProject "BFF" */ = {
			isa = XCConfigurationList;
			buildConfigurations = (
				623340E2271C3B1B002B2429 /* Debug */,
				623340E3271C3B1B002B2429 /* Release */,
			);
			defaultConfigurationIsVisible = 0;
			defaultConfigurationName = Release;
		};
		623340E4271C3B1B002B2429 /* Build configuration list for PBXNativeTarget "BFF" */ = {
			isa = XCConfigurationList;
			buildConfigurations = (
				623340E5271C3B1B002B2429 /* Debug */,
				623340E6271C3B1B002B2429 /* Release */,
			);
			defaultConfigurationIsVisible = 0;
			defaultConfigurationName = Release;
		};
/* End XCConfigurationList section */

/* Begin XCVersionGroup section */
		62930BD9272C2DCA00BC1908 /* UserData.xcdatamodeld */ = {
			isa = XCVersionGroup;
			children = (
				62930BDA272C2DCA00BC1908 /* UserData.xcdatamodel */,
			);
			currentVersion = 62930BDA272C2DCA00BC1908 /* UserData.xcdatamodel */;
			path = UserData.xcdatamodeld;
			sourceTree = "<group>";
			usesTabs = 0;
			versionGroupType = wrapper.xcdatamodel;
		};
/* End XCVersionGroup section */
	};
	rootObject = 623340C8271C3B19002B2429 /* Project object */;
}
